// !$*UTF8*$!
{
	archiveVersion = 1;
	classes = {
	};
	objectVersion = 56;
	objects = {

/* Begin PBXBuildFile section */
		F6078D742A21FBFC006B4879 /* ScheduleEventLocalRepositoryImple.swift in Sources */ = {isa = PBXBuildFile; fileRef = F6078D732A21FBFC006B4879 /* ScheduleEventLocalRepositoryImple.swift */; };
		F6078D782A21FC8B006B4879 /* ScheduleEventTable.swift in Sources */ = {isa = PBXBuildFile; fileRef = F6078D772A21FC8B006B4879 /* ScheduleEventTable.swift */; };
		F6078D7A2A21FC97006B4879 /* ScheduleEventLocalStorage.swift in Sources */ = {isa = PBXBuildFile; fileRef = F6078D792A21FC97006B4879 /* ScheduleEventLocalStorage.swift */; };
		F6078D7D2A2213FF006B4879 /* ScheduleEventLocalRepositoryImpleTests.swift in Sources */ = {isa = PBXBuildFile; fileRef = F6078D7C2A2213FF006B4879 /* ScheduleEventLocalRepositoryImpleTests.swift */; };
		F6957FC52A2313F40064E8BD /* EventTagTable.swift in Sources */ = {isa = PBXBuildFile; fileRef = F6957FC42A2313F40064E8BD /* EventTagTable.swift */; };
		F6957FC72A2315090064E8BD /* EventTagLocalStorage.swift in Sources */ = {isa = PBXBuildFile; fileRef = F6957FC62A2315090064E8BD /* EventTagLocalStorage.swift */; };
		F6957FC92A2317440064E8BD /* EventTagLocalRepositoryImple.swift in Sources */ = {isa = PBXBuildFile; fileRef = F6957FC82A2317440064E8BD /* EventTagLocalRepositoryImple.swift */; };
		F6957FCC2A231A390064E8BD /* EventTagLocalRepositoryImpleTests.swift in Sources */ = {isa = PBXBuildFile; fileRef = F6957FCB2A231A390064E8BD /* EventTagLocalRepositoryImpleTests.swift */; };
		F6C58CCA2A111A89002BA9B7 /* Repository.framework in Frameworks */ = {isa = PBXBuildFile; fileRef = F6C58CC12A111A89002BA9B7 /* Repository.framework */; };
		F6C58CCF2A111A89002BA9B7 /* RepositoryTests.swift in Sources */ = {isa = PBXBuildFile; fileRef = F6C58CCE2A111A89002BA9B7 /* RepositoryTests.swift */; };
		F6C58CD02A111A89002BA9B7 /* Repository.h in Headers */ = {isa = PBXBuildFile; fileRef = F6C58CC42A111A89002BA9B7 /* Repository.h */; settings = {ATTRIBUTES = (Public, ); }; };
		F6C58CDC2A111AF6002BA9B7 /* TodoLocalStorage.swift in Sources */ = {isa = PBXBuildFile; fileRef = F6C58CDB2A111AF6002BA9B7 /* TodoLocalStorage.swift */; };
		F6C58CE42A111C7E002BA9B7 /* Common3rdParty.framework in Frameworks */ = {isa = PBXBuildFile; fileRef = F6C58CE12A111C7E002BA9B7 /* Common3rdParty.framework */; };
		F6C58CE62A111C7E002BA9B7 /* Domain.framework in Frameworks */ = {isa = PBXBuildFile; fileRef = F6C58CE22A111C7E002BA9B7 /* Domain.framework */; };
		F6C58CE82A111C7E002BA9B7 /* Extensions.framework in Frameworks */ = {isa = PBXBuildFile; fileRef = F6C58CE32A111C7E002BA9B7 /* Extensions.framework */; };
		F6C58CEC2A111C9F002BA9B7 /* Common3rdParty.framework in Frameworks */ = {isa = PBXBuildFile; fileRef = F6C58CEB2A111C9F002BA9B7 /* Common3rdParty.framework */; };
		F6C58CEE2A111C9F002BA9B7 /* Extensions.framework in Frameworks */ = {isa = PBXBuildFile; fileRef = F6C58CED2A111C9F002BA9B7 /* Extensions.framework */; };
		F6C58CF02A111C9F002BA9B7 /* UnitTestHelpKit.framework in Frameworks */ = {isa = PBXBuildFile; fileRef = F6C58CEF2A111C9F002BA9B7 /* UnitTestHelpKit.framework */; };
		F6C58CF32A111CCE002BA9B7 /* TodoEventTable.swift in Sources */ = {isa = PBXBuildFile; fileRef = F6C58CF22A111CCE002BA9B7 /* TodoEventTable.swift */; };
		F6C58CF82A111D6E002BA9B7 /* EventTimeTable.swift in Sources */ = {isa = PBXBuildFile; fileRef = F6C58CF72A111D6E002BA9B7 /* EventTimeTable.swift */; };
		F6C58CFC2A112432002BA9B7 /* EventRepeatingOption+CodableMapper.swift in Sources */ = {isa = PBXBuildFile; fileRef = F6C58CFB2A112432002BA9B7 /* EventRepeatingOption+CodableMapper.swift */; };
		F6C58D002A189BFF002BA9B7 /* TodoLocalRepositoryImple.swift in Sources */ = {isa = PBXBuildFile; fileRef = F6C58CFF2A189BFF002BA9B7 /* TodoLocalRepositoryImple.swift */; };
		F6C58D022A19E640002BA9B7 /* DoneTodoEventTable.swift in Sources */ = {isa = PBXBuildFile; fileRef = F6C58D012A19E640002BA9B7 /* DoneTodoEventTable.swift */; };
		F6C58D042A19E88C002BA9B7 /* TodoLocalRepositoryImpleTests.swift in Sources */ = {isa = PBXBuildFile; fileRef = F6C58D032A19E88C002BA9B7 /* TodoLocalRepositoryImpleTests.swift */; };
		F6C58D072A19E8A6002BA9B7 /* BaseLocalTests.swift in Sources */ = {isa = PBXBuildFile; fileRef = F6C58D062A19E8A6002BA9B7 /* BaseLocalTests.swift */; };
		F6CD672C2A35A2EF007E4306 /* HolidayRepositoryImple.swift in Sources */ = {isa = PBXBuildFile; fileRef = F6CD672B2A35A2EF007E4306 /* HolidayRepositoryImple.swift */; };
		F6CD672E2A35A331007E4306 /* RemoteAPI.swift in Sources */ = {isa = PBXBuildFile; fileRef = F6CD672D2A35A331007E4306 /* RemoteAPI.swift */; };
		F6CD67352A35B13A007E4306 /* HolidayRepositoryImpleTests.swift in Sources */ = {isa = PBXBuildFile; fileRef = F6CD67342A35B13A007E4306 /* HolidayRepositoryImpleTests.swift */; };
		F6CD67372A35B175007E4306 /* StubRemoteAPI.swift in Sources */ = {isa = PBXBuildFile; fileRef = F6CD67362A35B175007E4306 /* StubRemoteAPI.swift */; };
		F6E35D5B2A2B8E5600BDA545 /* EnvironmentStorage.swift in Sources */ = {isa = PBXBuildFile; fileRef = F6E35D5A2A2B8E5600BDA545 /* EnvironmentStorage.swift */; };
		F6E35D5F2A2B914900BDA545 /* TimeZoneRepositoryImple.swift in Sources */ = {isa = PBXBuildFile; fileRef = F6E35D5E2A2B914900BDA545 /* TimeZoneRepositoryImple.swift */; };
		F6E35D632A2B927000BDA545 /* FakeEnvironmentStorage.swift in Sources */ = {isa = PBXBuildFile; fileRef = F6E35D622A2B927000BDA545 /* FakeEnvironmentStorage.swift */; };
		F6E35D652A2B92F700BDA545 /* TimeZoneRepositoryImpleTests.swift in Sources */ = {isa = PBXBuildFile; fileRef = F6E35D642A2B92F700BDA545 /* TimeZoneRepositoryImpleTests.swift */; };
/* End PBXBuildFile section */

/* Begin PBXContainerItemProxy section */
		F6C58CCB2A111A89002BA9B7 /* PBXContainerItemProxy */ = {
			isa = PBXContainerItemProxy;
			containerPortal = F6C58CB82A111A89002BA9B7 /* Project object */;
			proxyType = 1;
			remoteGlobalIDString = F6C58CC02A111A89002BA9B7;
			remoteInfo = Repository;
		};
/* End PBXContainerItemProxy section */

/* Begin PBXFileReference section */
		F6078D732A21FBFC006B4879 /* ScheduleEventLocalRepositoryImple.swift */ = {isa = PBXFileReference; lastKnownFileType = sourcecode.swift; path = ScheduleEventLocalRepositoryImple.swift; sourceTree = "<group>"; };
		F6078D772A21FC8B006B4879 /* ScheduleEventTable.swift */ = {isa = PBXFileReference; lastKnownFileType = sourcecode.swift; path = ScheduleEventTable.swift; sourceTree = "<group>"; };
		F6078D792A21FC97006B4879 /* ScheduleEventLocalStorage.swift */ = {isa = PBXFileReference; lastKnownFileType = sourcecode.swift; path = ScheduleEventLocalStorage.swift; sourceTree = "<group>"; };
		F6078D7C2A2213FF006B4879 /* ScheduleEventLocalRepositoryImpleTests.swift */ = {isa = PBXFileReference; lastKnownFileType = sourcecode.swift; path = ScheduleEventLocalRepositoryImpleTests.swift; sourceTree = "<group>"; };
		F6957FC42A2313F40064E8BD /* EventTagTable.swift */ = {isa = PBXFileReference; lastKnownFileType = sourcecode.swift; path = EventTagTable.swift; sourceTree = "<group>"; };
		F6957FC62A2315090064E8BD /* EventTagLocalStorage.swift */ = {isa = PBXFileReference; lastKnownFileType = sourcecode.swift; path = EventTagLocalStorage.swift; sourceTree = "<group>"; };
		F6957FC82A2317440064E8BD /* EventTagLocalRepositoryImple.swift */ = {isa = PBXFileReference; lastKnownFileType = sourcecode.swift; path = EventTagLocalRepositoryImple.swift; sourceTree = "<group>"; };
		F6957FCB2A231A390064E8BD /* EventTagLocalRepositoryImpleTests.swift */ = {isa = PBXFileReference; lastKnownFileType = sourcecode.swift; path = EventTagLocalRepositoryImpleTests.swift; sourceTree = "<group>"; };
		F6C58CC12A111A89002BA9B7 /* Repository.framework */ = {isa = PBXFileReference; explicitFileType = wrapper.framework; includeInIndex = 0; path = Repository.framework; sourceTree = BUILT_PRODUCTS_DIR; };
		F6C58CC42A111A89002BA9B7 /* Repository.h */ = {isa = PBXFileReference; lastKnownFileType = sourcecode.c.h; path = Repository.h; sourceTree = "<group>"; };
		F6C58CC92A111A89002BA9B7 /* RepositoryTests.xctest */ = {isa = PBXFileReference; explicitFileType = wrapper.cfbundle; includeInIndex = 0; path = RepositoryTests.xctest; sourceTree = BUILT_PRODUCTS_DIR; };
		F6C58CCE2A111A89002BA9B7 /* RepositoryTests.swift */ = {isa = PBXFileReference; lastKnownFileType = sourcecode.swift; path = RepositoryTests.swift; sourceTree = "<group>"; };
		F6C58CDB2A111AF6002BA9B7 /* TodoLocalStorage.swift */ = {isa = PBXFileReference; lastKnownFileType = sourcecode.swift; path = TodoLocalStorage.swift; sourceTree = "<group>"; };
		F6C58CE12A111C7E002BA9B7 /* Common3rdParty.framework */ = {isa = PBXFileReference; explicitFileType = wrapper.framework; path = Common3rdParty.framework; sourceTree = BUILT_PRODUCTS_DIR; };
		F6C58CE22A111C7E002BA9B7 /* Domain.framework */ = {isa = PBXFileReference; explicitFileType = wrapper.framework; path = Domain.framework; sourceTree = BUILT_PRODUCTS_DIR; };
		F6C58CE32A111C7E002BA9B7 /* Extensions.framework */ = {isa = PBXFileReference; explicitFileType = wrapper.framework; path = Extensions.framework; sourceTree = BUILT_PRODUCTS_DIR; };
		F6C58CEB2A111C9F002BA9B7 /* Common3rdParty.framework */ = {isa = PBXFileReference; explicitFileType = wrapper.framework; path = Common3rdParty.framework; sourceTree = BUILT_PRODUCTS_DIR; };
		F6C58CED2A111C9F002BA9B7 /* Extensions.framework */ = {isa = PBXFileReference; explicitFileType = wrapper.framework; path = Extensions.framework; sourceTree = BUILT_PRODUCTS_DIR; };
		F6C58CEF2A111C9F002BA9B7 /* UnitTestHelpKit.framework */ = {isa = PBXFileReference; explicitFileType = wrapper.framework; path = UnitTestHelpKit.framework; sourceTree = BUILT_PRODUCTS_DIR; };
		F6C58CF22A111CCE002BA9B7 /* TodoEventTable.swift */ = {isa = PBXFileReference; lastKnownFileType = sourcecode.swift; path = TodoEventTable.swift; sourceTree = "<group>"; };
		F6C58CF72A111D6E002BA9B7 /* EventTimeTable.swift */ = {isa = PBXFileReference; lastKnownFileType = sourcecode.swift; path = EventTimeTable.swift; sourceTree = "<group>"; };
		F6C58CFB2A112432002BA9B7 /* EventRepeatingOption+CodableMapper.swift */ = {isa = PBXFileReference; lastKnownFileType = sourcecode.swift; path = "EventRepeatingOption+CodableMapper.swift"; sourceTree = "<group>"; };
		F6C58CFF2A189BFF002BA9B7 /* TodoLocalRepositoryImple.swift */ = {isa = PBXFileReference; lastKnownFileType = sourcecode.swift; path = TodoLocalRepositoryImple.swift; sourceTree = "<group>"; };
		F6C58D012A19E640002BA9B7 /* DoneTodoEventTable.swift */ = {isa = PBXFileReference; lastKnownFileType = sourcecode.swift; path = DoneTodoEventTable.swift; sourceTree = "<group>"; };
		F6C58D032A19E88C002BA9B7 /* TodoLocalRepositoryImpleTests.swift */ = {isa = PBXFileReference; lastKnownFileType = sourcecode.swift; path = TodoLocalRepositoryImpleTests.swift; sourceTree = "<group>"; };
		F6C58D062A19E8A6002BA9B7 /* BaseLocalTests.swift */ = {isa = PBXFileReference; lastKnownFileType = sourcecode.swift; path = BaseLocalTests.swift; sourceTree = "<group>"; };
		F6CD672B2A35A2EF007E4306 /* HolidayRepositoryImple.swift */ = {isa = PBXFileReference; lastKnownFileType = sourcecode.swift; path = HolidayRepositoryImple.swift; sourceTree = "<group>"; };
		F6CD672D2A35A331007E4306 /* RemoteAPI.swift */ = {isa = PBXFileReference; lastKnownFileType = sourcecode.swift; path = RemoteAPI.swift; sourceTree = "<group>"; };
		F6CD67342A35B13A007E4306 /* HolidayRepositoryImpleTests.swift */ = {isa = PBXFileReference; lastKnownFileType = sourcecode.swift; path = HolidayRepositoryImpleTests.swift; sourceTree = "<group>"; };
		F6CD67362A35B175007E4306 /* StubRemoteAPI.swift */ = {isa = PBXFileReference; lastKnownFileType = sourcecode.swift; path = StubRemoteAPI.swift; sourceTree = "<group>"; };
		F6E35D5A2A2B8E5600BDA545 /* EnvironmentStorage.swift */ = {isa = PBXFileReference; lastKnownFileType = sourcecode.swift; path = EnvironmentStorage.swift; sourceTree = "<group>"; };
		F6E35D5E2A2B914900BDA545 /* TimeZoneRepositoryImple.swift */ = {isa = PBXFileReference; lastKnownFileType = sourcecode.swift; path = TimeZoneRepositoryImple.swift; sourceTree = "<group>"; };
		F6E35D622A2B927000BDA545 /* FakeEnvironmentStorage.swift */ = {isa = PBXFileReference; lastKnownFileType = sourcecode.swift; path = FakeEnvironmentStorage.swift; sourceTree = "<group>"; };
		F6E35D642A2B92F700BDA545 /* TimeZoneRepositoryImpleTests.swift */ = {isa = PBXFileReference; lastKnownFileType = sourcecode.swift; path = TimeZoneRepositoryImpleTests.swift; sourceTree = "<group>"; };
/* End PBXFileReference section */

/* Begin PBXFrameworksBuildPhase section */
		F6C58CBE2A111A89002BA9B7 /* Frameworks */ = {
			isa = PBXFrameworksBuildPhase;
			buildActionMask = 2147483647;
			files = (
				F6C58CE62A111C7E002BA9B7 /* Domain.framework in Frameworks */,
				F6C58CE42A111C7E002BA9B7 /* Common3rdParty.framework in Frameworks */,
				F6C58CE82A111C7E002BA9B7 /* Extensions.framework in Frameworks */,
			);
			runOnlyForDeploymentPostprocessing = 0;
		};
		F6C58CC62A111A89002BA9B7 /* Frameworks */ = {
			isa = PBXFrameworksBuildPhase;
			buildActionMask = 2147483647;
			files = (
				F6C58CEC2A111C9F002BA9B7 /* Common3rdParty.framework in Frameworks */,
				F6C58CEE2A111C9F002BA9B7 /* Extensions.framework in Frameworks */,
				F6C58CF02A111C9F002BA9B7 /* UnitTestHelpKit.framework in Frameworks */,
				F6C58CCA2A111A89002BA9B7 /* Repository.framework in Frameworks */,
			);
			runOnlyForDeploymentPostprocessing = 0;
		};
/* End PBXFrameworksBuildPhase section */

/* Begin PBXGroup section */
		F6078D722A21FBDB006B4879 /* Schedule */ = {
			isa = PBXGroup;
			children = (
				F6078D762A21FC70006B4879 /* Local */,
			);
			path = Schedule;
			sourceTree = "<group>";
		};
		F6078D762A21FC70006B4879 /* Local */ = {
			isa = PBXGroup;
			children = (
				F6078D772A21FC8B006B4879 /* ScheduleEventTable.swift */,
				F6078D792A21FC97006B4879 /* ScheduleEventLocalStorage.swift */,
				F6078D732A21FBFC006B4879 /* ScheduleEventLocalRepositoryImple.swift */,
			);
			path = Local;
			sourceTree = "<group>";
		};
		F6078D7B2A2213F2006B4879 /* Schedule */ = {
			isa = PBXGroup;
			children = (
				F6078D7C2A2213FF006B4879 /* ScheduleEventLocalRepositoryImpleTests.swift */,
			);
			path = Schedule;
			sourceTree = "<group>";
		};
		F6957FC22A2313DD0064E8BD /* EventTag */ = {
			isa = PBXGroup;
			children = (
				F6957FC32A2313EB0064E8BD /* Local */,
			);
			path = EventTag;
			sourceTree = "<group>";
		};
		F6957FC32A2313EB0064E8BD /* Local */ = {
			isa = PBXGroup;
			children = (
				F6957FC42A2313F40064E8BD /* EventTagTable.swift */,
				F6957FC62A2315090064E8BD /* EventTagLocalStorage.swift */,
				F6957FC82A2317440064E8BD /* EventTagLocalRepositoryImple.swift */,
			);
			path = Local;
			sourceTree = "<group>";
		};
		F6957FCA2A231A280064E8BD /* EventTag */ = {
			isa = PBXGroup;
			children = (
				F6957FCB2A231A390064E8BD /* EventTagLocalRepositoryImpleTests.swift */,
			);
			path = EventTag;
			sourceTree = "<group>";
		};
		F6C58CB72A111A89002BA9B7 = {
			isa = PBXGroup;
			children = (
				F6C58CC32A111A89002BA9B7 /* Repository */,
				F6C58CCD2A111A89002BA9B7 /* RepositoryTests */,
				F6C58CC22A111A89002BA9B7 /* Products */,
				F6C58CE02A111C7E002BA9B7 /* Frameworks */,
			);
			sourceTree = "<group>";
		};
		F6C58CC22A111A89002BA9B7 /* Products */ = {
			isa = PBXGroup;
			children = (
				F6C58CC12A111A89002BA9B7 /* Repository.framework */,
				F6C58CC92A111A89002BA9B7 /* RepositoryTests.xctest */,
			);
			name = Products;
			sourceTree = "<group>";
		};
		F6C58CC32A111A89002BA9B7 /* Repository */ = {
			isa = PBXGroup;
			children = (
				F6CD672F2A35A456007E4306 /* Remote */,
				F6E35D5C2A2B8E5B00BDA545 /* Local */,
				F6CD67302A35A48A007E4306 /* Repository+Imple */,
				F6C58CC42A111A89002BA9B7 /* Repository.h */,
			);
			path = Repository;
			sourceTree = "<group>";
		};
		F6C58CCD2A111A89002BA9B7 /* RepositoryTests */ = {
			isa = PBXGroup;
			children = (
				F6E35D612A2B925C00BDA545 /* Doubles */,
				F6E35D602A2B925400BDA545 /* Calendar */,
				F6C58D052A19E891002BA9B7 /* Common */,
				F6C58CFD2A189688002BA9B7 /* Event */,
				F6C58CCE2A111A89002BA9B7 /* RepositoryTests.swift */,
			);
			path = RepositoryTests;
			sourceTree = "<group>";
		};
		F6C58CE02A111C7E002BA9B7 /* Frameworks */ = {
			isa = PBXGroup;
			children = (
				F6C58CEB2A111C9F002BA9B7 /* Common3rdParty.framework */,
				F6C58CED2A111C9F002BA9B7 /* Extensions.framework */,
				F6C58CEF2A111C9F002BA9B7 /* UnitTestHelpKit.framework */,
				F6C58CE12A111C7E002BA9B7 /* Common3rdParty.framework */,
				F6C58CE22A111C7E002BA9B7 /* Domain.framework */,
				F6C58CE32A111C7E002BA9B7 /* Extensions.framework */,
			);
			name = Frameworks;
			sourceTree = "<group>";
		};
		F6C58CF12A111CC3002BA9B7 /* Local */ = {
			isa = PBXGroup;
			children = (
				F6C58CF22A111CCE002BA9B7 /* TodoEventTable.swift */,
				F6C58D012A19E640002BA9B7 /* DoneTodoEventTable.swift */,
				F6C58CDB2A111AF6002BA9B7 /* TodoLocalStorage.swift */,
				F6C58CFF2A189BFF002BA9B7 /* TodoLocalRepositoryImple.swift */,
			);
			path = Local;
			sourceTree = "<group>";
		};
		F6C58CF42A111D45002BA9B7 /* Event */ = {
			isa = PBXGroup;
			children = (
				F6C58CF62A111D57002BA9B7 /* Common */,
				F6C58CF52A111D4F002BA9B7 /* Todo */,
				F6078D722A21FBDB006B4879 /* Schedule */,
				F6957FC22A2313DD0064E8BD /* EventTag */,
			);
			path = Event;
			sourceTree = "<group>";
		};
		F6C58CF52A111D4F002BA9B7 /* Todo */ = {
			isa = PBXGroup;
			children = (
				F6C58CF12A111CC3002BA9B7 /* Local */,
			);
			path = Todo;
			sourceTree = "<group>";
		};
		F6C58CF62A111D57002BA9B7 /* Common */ = {
			isa = PBXGroup;
			children = (
				F6C58CF72A111D6E002BA9B7 /* EventTimeTable.swift */,
				F6C58CFB2A112432002BA9B7 /* EventRepeatingOption+CodableMapper.swift */,
			);
			path = Common;
			sourceTree = "<group>";
		};
		F6C58CFD2A189688002BA9B7 /* Event */ = {
			isa = PBXGroup;
			children = (
				F6C58CFE2A189690002BA9B7 /* Todo */,
				F6078D7B2A2213F2006B4879 /* Schedule */,
				F6957FCA2A231A280064E8BD /* EventTag */,
			);
			path = Event;
			sourceTree = "<group>";
		};
		F6C58CFE2A189690002BA9B7 /* Todo */ = {
			isa = PBXGroup;
			children = (
				F6C58D032A19E88C002BA9B7 /* TodoLocalRepositoryImpleTests.swift */,
			);
			path = Todo;
			sourceTree = "<group>";
		};
		F6C58D052A19E891002BA9B7 /* Common */ = {
			isa = PBXGroup;
			children = (
				F6C58D062A19E8A6002BA9B7 /* BaseLocalTests.swift */,
			);
			path = Common;
			sourceTree = "<group>";
		};
		F6CD672F2A35A456007E4306 /* Remote */ = {
			isa = PBXGroup;
			children = (
				F6CD672D2A35A331007E4306 /* RemoteAPI.swift */,
			);
			path = Remote;
			sourceTree = "<group>";
		};
		F6CD67302A35A48A007E4306 /* Repository+Imple */ = {
			isa = PBXGroup;
			children = (
				F6E35D5D2A2B913100BDA545 /* Calendar */,
				F6C58CF42A111D45002BA9B7 /* Event */,
			);
			path = "Repository+Imple";
			sourceTree = "<group>";
		};
		F6E35D5C2A2B8E5B00BDA545 /* Local */ = {
			isa = PBXGroup;
			children = (
				F6E35D5A2A2B8E5600BDA545 /* EnvironmentStorage.swift */,
			);
			path = Local;
			sourceTree = "<group>";
		};
		F6E35D5D2A2B913100BDA545 /* Calendar */ = {
			isa = PBXGroup;
			children = (
				F6E35D5E2A2B914900BDA545 /* TimeZoneRepositoryImple.swift */,
				F6CD672B2A35A2EF007E4306 /* HolidayRepositoryImple.swift */,
			);
			path = Calendar;
			sourceTree = "<group>";
		};
		F6E35D602A2B925400BDA545 /* Calendar */ = {
			isa = PBXGroup;
			children = (
				F6E35D642A2B92F700BDA545 /* TimeZoneRepositoryImpleTests.swift */,
				F6CD67342A35B13A007E4306 /* HolidayRepositoryImpleTests.swift */,
			);
			path = Calendar;
			sourceTree = "<group>";
		};
		F6E35D612A2B925C00BDA545 /* Doubles */ = {
			isa = PBXGroup;
			children = (
				F6E35D622A2B927000BDA545 /* FakeEnvironmentStorage.swift */,
				F6CD67362A35B175007E4306 /* StubRemoteAPI.swift */,
			);
			path = Doubles;
			sourceTree = "<group>";
		};
/* End PBXGroup section */

/* Begin PBXHeadersBuildPhase section */
		F6C58CBC2A111A89002BA9B7 /* Headers */ = {
			isa = PBXHeadersBuildPhase;
			buildActionMask = 2147483647;
			files = (
				F6C58CD02A111A89002BA9B7 /* Repository.h in Headers */,
			);
			runOnlyForDeploymentPostprocessing = 0;
		};
/* End PBXHeadersBuildPhase section */

/* Begin PBXNativeTarget section */
		F6C58CC02A111A89002BA9B7 /* Repository */ = {
			isa = PBXNativeTarget;
			buildConfigurationList = F6C58CD32A111A89002BA9B7 /* Build configuration list for PBXNativeTarget "Repository" */;
			buildPhases = (
				F6C58CBC2A111A89002BA9B7 /* Headers */,
				F6C58CBD2A111A89002BA9B7 /* Sources */,
				F6C58CBE2A111A89002BA9B7 /* Frameworks */,
				F6C58CBF2A111A89002BA9B7 /* Resources */,
			);
			buildRules = (
			);
			dependencies = (
			);
			name = Repository;
			productName = Repository;
			productReference = F6C58CC12A111A89002BA9B7 /* Repository.framework */;
			productType = "com.apple.product-type.framework";
		};
		F6C58CC82A111A89002BA9B7 /* RepositoryTests */ = {
			isa = PBXNativeTarget;
			buildConfigurationList = F6C58CD62A111A89002BA9B7 /* Build configuration list for PBXNativeTarget "RepositoryTests" */;
			buildPhases = (
				F6C58CC52A111A89002BA9B7 /* Sources */,
				F6C58CC62A111A89002BA9B7 /* Frameworks */,
				F6C58CC72A111A89002BA9B7 /* Resources */,
			);
			buildRules = (
			);
			dependencies = (
				F6C58CCC2A111A89002BA9B7 /* PBXTargetDependency */,
			);
			name = RepositoryTests;
			productName = RepositoryTests;
			productReference = F6C58CC92A111A89002BA9B7 /* RepositoryTests.xctest */;
			productType = "com.apple.product-type.bundle.unit-test";
		};
/* End PBXNativeTarget section */

/* Begin PBXProject section */
		F6C58CB82A111A89002BA9B7 /* Project object */ = {
			isa = PBXProject;
			attributes = {
				BuildIndependentTargetsInParallel = 1;
				LastSwiftUpdateCheck = 1430;
				LastUpgradeCheck = 1430;
				TargetAttributes = {
					F6C58CC02A111A89002BA9B7 = {
						CreatedOnToolsVersion = 14.3;
						LastSwiftMigration = 1430;
					};
					F6C58CC82A111A89002BA9B7 = {
						CreatedOnToolsVersion = 14.3;
					};
				};
			};
			buildConfigurationList = F6C58CBB2A111A89002BA9B7 /* Build configuration list for PBXProject "Repository" */;
			compatibilityVersion = "Xcode 14.0";
			developmentRegion = en;
			hasScannedForEncodings = 0;
			knownRegions = (
				en,
				Base,
			);
			mainGroup = F6C58CB72A111A89002BA9B7;
			productRefGroup = F6C58CC22A111A89002BA9B7 /* Products */;
			projectDirPath = "";
			projectRoot = "";
			targets = (
				F6C58CC02A111A89002BA9B7 /* Repository */,
				F6C58CC82A111A89002BA9B7 /* RepositoryTests */,
			);
		};
/* End PBXProject section */

/* Begin PBXResourcesBuildPhase section */
		F6C58CBF2A111A89002BA9B7 /* Resources */ = {
			isa = PBXResourcesBuildPhase;
			buildActionMask = 2147483647;
			files = (
			);
			runOnlyForDeploymentPostprocessing = 0;
		};
		F6C58CC72A111A89002BA9B7 /* Resources */ = {
			isa = PBXResourcesBuildPhase;
			buildActionMask = 2147483647;
			files = (
			);
			runOnlyForDeploymentPostprocessing = 0;
		};
/* End PBXResourcesBuildPhase section */

/* Begin PBXSourcesBuildPhase section */
		F6C58CBD2A111A89002BA9B7 /* Sources */ = {
			isa = PBXSourcesBuildPhase;
			buildActionMask = 2147483647;
			files = (
				F6C58CF82A111D6E002BA9B7 /* EventTimeTable.swift in Sources */,
				F6C58CF32A111CCE002BA9B7 /* TodoEventTable.swift in Sources */,
				F6078D7A2A21FC97006B4879 /* ScheduleEventLocalStorage.swift in Sources */,
				F6078D782A21FC8B006B4879 /* ScheduleEventTable.swift in Sources */,
				F6957FC52A2313F40064E8BD /* EventTagTable.swift in Sources */,
				F6957FC92A2317440064E8BD /* EventTagLocalRepositoryImple.swift in Sources */,
				F6C58D002A189BFF002BA9B7 /* TodoLocalRepositoryImple.swift in Sources */,
				F6C58D022A19E640002BA9B7 /* DoneTodoEventTable.swift in Sources */,
				F6E35D5F2A2B914900BDA545 /* TimeZoneRepositoryImple.swift in Sources */,
				F6078D742A21FBFC006B4879 /* ScheduleEventLocalRepositoryImple.swift in Sources */,
				F6957FC72A2315090064E8BD /* EventTagLocalStorage.swift in Sources */,
				F6E35D5B2A2B8E5600BDA545 /* EnvironmentStorage.swift in Sources */,
				F6C58CDC2A111AF6002BA9B7 /* TodoLocalStorage.swift in Sources */,
				F6C58CFC2A112432002BA9B7 /* EventRepeatingOption+CodableMapper.swift in Sources */,
				F6CD672C2A35A2EF007E4306 /* HolidayRepositoryImple.swift in Sources */,
				F6CD672E2A35A331007E4306 /* RemoteAPI.swift in Sources */,
			);
			runOnlyForDeploymentPostprocessing = 0;
		};
		F6C58CC52A111A89002BA9B7 /* Sources */ = {
			isa = PBXSourcesBuildPhase;
			buildActionMask = 2147483647;
			files = (
				F6CD67352A35B13A007E4306 /* HolidayRepositoryImpleTests.swift in Sources */,
				F6C58D072A19E8A6002BA9B7 /* BaseLocalTests.swift in Sources */,
				F6E35D652A2B92F700BDA545 /* TimeZoneRepositoryImpleTests.swift in Sources */,
				F6CD67372A35B175007E4306 /* StubRemoteAPI.swift in Sources */,
				F6C58CCF2A111A89002BA9B7 /* RepositoryTests.swift in Sources */,
				F6C58D042A19E88C002BA9B7 /* TodoLocalRepositoryImpleTests.swift in Sources */,
				F6957FCC2A231A390064E8BD /* EventTagLocalRepositoryImpleTests.swift in Sources */,
				F6E35D632A2B927000BDA545 /* FakeEnvironmentStorage.swift in Sources */,
				F6078D7D2A2213FF006B4879 /* ScheduleEventLocalRepositoryImpleTests.swift in Sources */,
			);
			runOnlyForDeploymentPostprocessing = 0;
		};
/* End PBXSourcesBuildPhase section */

/* Begin PBXTargetDependency section */
		F6C58CCC2A111A89002BA9B7 /* PBXTargetDependency */ = {
			isa = PBXTargetDependency;
			target = F6C58CC02A111A89002BA9B7 /* Repository */;
			targetProxy = F6C58CCB2A111A89002BA9B7 /* PBXContainerItemProxy */;
		};
/* End PBXTargetDependency section */

/* Begin XCBuildConfiguration section */
		F6C58CD12A111A89002BA9B7 /* Debug */ = {
			isa = XCBuildConfiguration;
			buildSettings = {
				ALWAYS_SEARCH_USER_PATHS = NO;
				CLANG_ANALYZER_NONNULL = YES;
				CLANG_ANALYZER_NUMBER_OBJECT_CONVERSION = YES_AGGRESSIVE;
				CLANG_CXX_LANGUAGE_STANDARD = "gnu++20";
				CLANG_ENABLE_MODULES = YES;
				CLANG_ENABLE_OBJC_ARC = YES;
				CLANG_ENABLE_OBJC_WEAK = YES;
				CLANG_WARN_BLOCK_CAPTURE_AUTORELEASING = YES;
				CLANG_WARN_BOOL_CONVERSION = YES;
				CLANG_WARN_COMMA = YES;
				CLANG_WARN_CONSTANT_CONVERSION = YES;
				CLANG_WARN_DEPRECATED_OBJC_IMPLEMENTATIONS = YES;
				CLANG_WARN_DIRECT_OBJC_ISA_USAGE = YES_ERROR;
				CLANG_WARN_DOCUMENTATION_COMMENTS = YES;
				CLANG_WARN_EMPTY_BODY = YES;
				CLANG_WARN_ENUM_CONVERSION = YES;
				CLANG_WARN_INFINITE_RECURSION = YES;
				CLANG_WARN_INT_CONVERSION = YES;
				CLANG_WARN_NON_LITERAL_NULL_CONVERSION = YES;
				CLANG_WARN_OBJC_IMPLICIT_RETAIN_SELF = YES;
				CLANG_WARN_OBJC_LITERAL_CONVERSION = YES;
				CLANG_WARN_OBJC_ROOT_CLASS = YES_ERROR;
				CLANG_WARN_QUOTED_INCLUDE_IN_FRAMEWORK_HEADER = YES;
				CLANG_WARN_RANGE_LOOP_ANALYSIS = YES;
				CLANG_WARN_STRICT_PROTOTYPES = YES;
				CLANG_WARN_SUSPICIOUS_MOVE = YES;
				CLANG_WARN_UNGUARDED_AVAILABILITY = YES_AGGRESSIVE;
				CLANG_WARN_UNREACHABLE_CODE = YES;
				CLANG_WARN__DUPLICATE_METHOD_MATCH = YES;
				COPY_PHASE_STRIP = NO;
				CURRENT_PROJECT_VERSION = 1;
				DEBUG_INFORMATION_FORMAT = dwarf;
				ENABLE_STRICT_OBJC_MSGSEND = YES;
				ENABLE_TESTABILITY = YES;
				GCC_C_LANGUAGE_STANDARD = gnu11;
				GCC_DYNAMIC_NO_PIC = NO;
				GCC_NO_COMMON_BLOCKS = YES;
				GCC_OPTIMIZATION_LEVEL = 0;
				GCC_PREPROCESSOR_DEFINITIONS = (
					"DEBUG=1",
					"$(inherited)",
				);
				GCC_WARN_64_TO_32_BIT_CONVERSION = YES;
				GCC_WARN_ABOUT_RETURN_TYPE = YES_ERROR;
				GCC_WARN_UNDECLARED_SELECTOR = YES;
				GCC_WARN_UNINITIALIZED_AUTOS = YES_AGGRESSIVE;
				GCC_WARN_UNUSED_FUNCTION = YES;
				GCC_WARN_UNUSED_VARIABLE = YES;
				IPHONEOS_DEPLOYMENT_TARGET = 16.4;
				MTL_ENABLE_DEBUG_INFO = INCLUDE_SOURCE;
				MTL_FAST_MATH = YES;
				ONLY_ACTIVE_ARCH = YES;
				SDKROOT = iphoneos;
				SWIFT_ACTIVE_COMPILATION_CONDITIONS = DEBUG;
				SWIFT_OPTIMIZATION_LEVEL = "-Onone";
				VERSIONING_SYSTEM = "apple-generic";
				VERSION_INFO_PREFIX = "";
			};
			name = Debug;
		};
		F6C58CD22A111A89002BA9B7 /* Release */ = {
			isa = XCBuildConfiguration;
			buildSettings = {
				ALWAYS_SEARCH_USER_PATHS = NO;
				CLANG_ANALYZER_NONNULL = YES;
				CLANG_ANALYZER_NUMBER_OBJECT_CONVERSION = YES_AGGRESSIVE;
				CLANG_CXX_LANGUAGE_STANDARD = "gnu++20";
				CLANG_ENABLE_MODULES = YES;
				CLANG_ENABLE_OBJC_ARC = YES;
				CLANG_ENABLE_OBJC_WEAK = YES;
				CLANG_WARN_BLOCK_CAPTURE_AUTORELEASING = YES;
				CLANG_WARN_BOOL_CONVERSION = YES;
				CLANG_WARN_COMMA = YES;
				CLANG_WARN_CONSTANT_CONVERSION = YES;
				CLANG_WARN_DEPRECATED_OBJC_IMPLEMENTATIONS = YES;
				CLANG_WARN_DIRECT_OBJC_ISA_USAGE = YES_ERROR;
				CLANG_WARN_DOCUMENTATION_COMMENTS = YES;
				CLANG_WARN_EMPTY_BODY = YES;
				CLANG_WARN_ENUM_CONVERSION = YES;
				CLANG_WARN_INFINITE_RECURSION = YES;
				CLANG_WARN_INT_CONVERSION = YES;
				CLANG_WARN_NON_LITERAL_NULL_CONVERSION = YES;
				CLANG_WARN_OBJC_IMPLICIT_RETAIN_SELF = YES;
				CLANG_WARN_OBJC_LITERAL_CONVERSION = YES;
				CLANG_WARN_OBJC_ROOT_CLASS = YES_ERROR;
				CLANG_WARN_QUOTED_INCLUDE_IN_FRAMEWORK_HEADER = YES;
				CLANG_WARN_RANGE_LOOP_ANALYSIS = YES;
				CLANG_WARN_STRICT_PROTOTYPES = YES;
				CLANG_WARN_SUSPICIOUS_MOVE = YES;
				CLANG_WARN_UNGUARDED_AVAILABILITY = YES_AGGRESSIVE;
				CLANG_WARN_UNREACHABLE_CODE = YES;
				CLANG_WARN__DUPLICATE_METHOD_MATCH = YES;
				COPY_PHASE_STRIP = NO;
				CURRENT_PROJECT_VERSION = 1;
				DEBUG_INFORMATION_FORMAT = "dwarf-with-dsym";
				ENABLE_NS_ASSERTIONS = NO;
				ENABLE_STRICT_OBJC_MSGSEND = YES;
				GCC_C_LANGUAGE_STANDARD = gnu11;
				GCC_NO_COMMON_BLOCKS = YES;
				GCC_WARN_64_TO_32_BIT_CONVERSION = YES;
				GCC_WARN_ABOUT_RETURN_TYPE = YES_ERROR;
				GCC_WARN_UNDECLARED_SELECTOR = YES;
				GCC_WARN_UNINITIALIZED_AUTOS = YES_AGGRESSIVE;
				GCC_WARN_UNUSED_FUNCTION = YES;
				GCC_WARN_UNUSED_VARIABLE = YES;
				IPHONEOS_DEPLOYMENT_TARGET = 16.4;
				MTL_ENABLE_DEBUG_INFO = NO;
				MTL_FAST_MATH = YES;
				SDKROOT = iphoneos;
				SWIFT_COMPILATION_MODE = wholemodule;
				SWIFT_OPTIMIZATION_LEVEL = "-O";
				VALIDATE_PRODUCT = YES;
				VERSIONING_SYSTEM = "apple-generic";
				VERSION_INFO_PREFIX = "";
			};
			name = Release;
		};
		F6C58CD42A111A89002BA9B7 /* Debug */ = {
			isa = XCBuildConfiguration;
			buildSettings = {
				CLANG_ENABLE_MODULES = YES;
				CODE_SIGN_STYLE = Automatic;
				CURRENT_PROJECT_VERSION = 1;
				DEFINES_MODULE = YES;
				DEVELOPMENT_TEAM = 2ABNASUGL6;
				DYLIB_COMPATIBILITY_VERSION = 1;
				DYLIB_CURRENT_VERSION = 1;
				DYLIB_INSTALL_NAME_BASE = "@rpath";
				ENABLE_MODULE_VERIFIER = YES;
				GENERATE_INFOPLIST_FILE = YES;
				INFOPLIST_KEY_NSHumanReadableCopyright = "";
				INSTALL_PATH = "$(LOCAL_LIBRARY_DIR)/Frameworks";
				LD_RUNPATH_SEARCH_PATHS = (
					"$(inherited)",
					"@executable_path/Frameworks",
					"@loader_path/Frameworks",
				);
				MARKETING_VERSION = 1.0;
				MODULE_VERIFIER_SUPPORTED_LANGUAGES = "objective-c objective-c++";
				MODULE_VERIFIER_SUPPORTED_LANGUAGE_STANDARDS = "gnu11 gnu++20";
				PRODUCT_BUNDLE_IDENTIFIER = com.sudo.park.Repository;
				PRODUCT_NAME = "$(TARGET_NAME:c99extidentifier)";
				SKIP_INSTALL = YES;
				SWIFT_EMIT_LOC_STRINGS = YES;
				SWIFT_OPTIMIZATION_LEVEL = "-Onone";
				SWIFT_VERSION = 5.0;
				TARGETED_DEVICE_FAMILY = "1,2";
			};
			name = Debug;
		};
		F6C58CD52A111A89002BA9B7 /* Release */ = {
			isa = XCBuildConfiguration;
			buildSettings = {
				CLANG_ENABLE_MODULES = YES;
				CODE_SIGN_STYLE = Automatic;
				CURRENT_PROJECT_VERSION = 1;
				DEFINES_MODULE = YES;
				DEVELOPMENT_TEAM = 2ABNASUGL6;
				DYLIB_COMPATIBILITY_VERSION = 1;
				DYLIB_CURRENT_VERSION = 1;
				DYLIB_INSTALL_NAME_BASE = "@rpath";
				ENABLE_MODULE_VERIFIER = YES;
				GENERATE_INFOPLIST_FILE = YES;
				INFOPLIST_KEY_NSHumanReadableCopyright = "";
				INSTALL_PATH = "$(LOCAL_LIBRARY_DIR)/Frameworks";
				LD_RUNPATH_SEARCH_PATHS = (
					"$(inherited)",
					"@executable_path/Frameworks",
					"@loader_path/Frameworks",
				);
				MARKETING_VERSION = 1.0;
				MODULE_VERIFIER_SUPPORTED_LANGUAGES = "objective-c objective-c++";
				MODULE_VERIFIER_SUPPORTED_LANGUAGE_STANDARDS = "gnu11 gnu++20";
				PRODUCT_BUNDLE_IDENTIFIER = com.sudo.park.Repository;
				PRODUCT_NAME = "$(TARGET_NAME:c99extidentifier)";
				SKIP_INSTALL = YES;
				SWIFT_EMIT_LOC_STRINGS = YES;
				SWIFT_VERSION = 5.0;
				TARGETED_DEVICE_FAMILY = "1,2";
			};
			name = Release;
		};
		F6C58CD72A111A89002BA9B7 /* Debug */ = {
			isa = XCBuildConfiguration;
			buildSettings = {
				ALWAYS_EMBED_SWIFT_STANDARD_LIBRARIES = YES;
				CODE_SIGN_STYLE = Automatic;
				CURRENT_PROJECT_VERSION = 1;
				DEVELOPMENT_TEAM = 2ABNASUGL6;
				GENERATE_INFOPLIST_FILE = YES;
				MARKETING_VERSION = 1.0;
				PRODUCT_BUNDLE_IDENTIFIER = com.sudo.park.RepositoryTests;
				PRODUCT_NAME = "$(TARGET_NAME)";
				SWIFT_EMIT_LOC_STRINGS = NO;
				SWIFT_VERSION = 5.0;
				TARGETED_DEVICE_FAMILY = "1,2";
			};
			name = Debug;
		};
		F6C58CD82A111A89002BA9B7 /* Release */ = {
			isa = XCBuildConfiguration;
			buildSettings = {
				ALWAYS_EMBED_SWIFT_STANDARD_LIBRARIES = YES;
				CODE_SIGN_STYLE = Automatic;
				CURRENT_PROJECT_VERSION = 1;
				DEVELOPMENT_TEAM = 2ABNASUGL6;
				GENERATE_INFOPLIST_FILE = YES;
				MARKETING_VERSION = 1.0;
				PRODUCT_BUNDLE_IDENTIFIER = com.sudo.park.RepositoryTests;
				PRODUCT_NAME = "$(TARGET_NAME)";
				SWIFT_EMIT_LOC_STRINGS = NO;
				SWIFT_VERSION = 5.0;
				TARGETED_DEVICE_FAMILY = "1,2";
			};
			name = Release;
		};
/* End XCBuildConfiguration section */

/* Begin XCConfigurationList section */
		F6C58CBB2A111A89002BA9B7 /* Build configuration list for PBXProject "Repository" */ = {
			isa = XCConfigurationList;
			buildConfigurations = (
				F6C58CD12A111A89002BA9B7 /* Debug */,
				F6C58CD22A111A89002BA9B7 /* Release */,
			);
			defaultConfigurationIsVisible = 0;
			defaultConfigurationName = Release;
		};
		F6C58CD32A111A89002BA9B7 /* Build configuration list for PBXNativeTarget "Repository" */ = {
			isa = XCConfigurationList;
			buildConfigurations = (
				F6C58CD42A111A89002BA9B7 /* Debug */,
				F6C58CD52A111A89002BA9B7 /* Release */,
			);
			defaultConfigurationIsVisible = 0;
			defaultConfigurationName = Release;
		};
		F6C58CD62A111A89002BA9B7 /* Build configuration list for PBXNativeTarget "RepositoryTests" */ = {
			isa = XCConfigurationList;
			buildConfigurations = (
				F6C58CD72A111A89002BA9B7 /* Debug */,
				F6C58CD82A111A89002BA9B7 /* Release */,
			);
			defaultConfigurationIsVisible = 0;
			defaultConfigurationName = Release;
		};
/* End XCConfigurationList section */
	};
	rootObject = F6C58CB82A111A89002BA9B7 /* Project object */;
}
