// !$*UTF8*$!
{
	archiveVersion = 1;
	classes = {
	};
	objectVersion = 55;
	objects = {

/* Begin PBXBuildFile section */
		062AA208D4D31A0FED743781 /* HolidayListBuilderImple.swift in Sources */ = {isa = PBXBuildFile; fileRef = 7EEC2BBCFC59C6733FD69699 /* HolidayListBuilderImple.swift */; };
		0630BC43F6BFE70480D18235 /* EventOnCalendarViewModel.swift in Sources */ = {isa = PBXBuildFile; fileRef = 434BA1489E9F6528BE9295C0 /* EventOnCalendarViewModel.swift */; };
		075DFA1F61D9E46A11772EBE /* UnitTestHelpKit.framework in Frameworks */ = {isa = PBXBuildFile; fileRef = 6270F4462F90BAF194652F90 /* UnitTestHelpKit.framework */; };
		0D71E589D18984F5337EC9D6 /* Scenes.framework in Frameworks */ = {isa = PBXBuildFile; fileRef = 0D58105FC5BCA501335F3DB4 /* Scenes.framework */; };
		10DBF82ABB6A607A3E31CCA8 /* CountrySelectViewController.swift in Sources */ = {isa = PBXBuildFile; fileRef = 4469F7C9A94449B222E69BAE /* CountrySelectViewController.swift */; };
		12211F33C1D994EF08B9F9EC /* SettingItemListViewModel.swift in Sources */ = {isa = PBXBuildFile; fileRef = 7E15E9587C23FDB98BF1C32A /* SettingItemListViewModel.swift */; };
		201C061E77162ECECC21F57D /* HolidayListViewController.swift in Sources */ = {isa = PBXBuildFile; fileRef = 47EED254C63F77213763061A /* HolidayListViewController.swift */; };
		20DD251F9FB85C8FB9E0CECE /* EventTagDetailViewModelImpleTests.swift in Sources */ = {isa = PBXBuildFile; fileRef = 449462582720EFD9E6E7E616 /* EventTagDetailViewModelImpleTests.swift */; };
		25C9E4CE55E34B22751B4A01 /* HolidayListRouter.swift in Sources */ = {isa = PBXBuildFile; fileRef = A0C9C20E5A251168924E5855 /* HolidayListRouter.swift */; };
		28A000D473DF380F31C93EF8 /* CountrySelectViewModel.swift in Sources */ = {isa = PBXBuildFile; fileRef = 74EDDAEDD5820E47C3E3F9FF /* CountrySelectViewModel.swift */; };
		2DABABD409376C0C554103DC /* SettingScene.h in Headers */ = {isa = PBXBuildFile; fileRef = 706534ECAB04A1BB41007578 /* SettingScene.h */; settings = {ATTRIBUTES = (Public, ); }; };
		3229E65EC0917A37067A9DA1 /* SettingItemListViewController.swift in Sources */ = {isa = PBXBuildFile; fileRef = CD996FA477AADE8B91725670 /* SettingItemListViewController.swift */; };
		33064A0141C58F72E524D15F /* HolidayListViewModel.swift in Sources */ = {isa = PBXBuildFile; fileRef = 918D9C6013AB482BFEAD798A /* HolidayListViewModel.swift */; };
		392EB028131209523EEF1D6A /* EventTagDetailView.swift in Sources */ = {isa = PBXBuildFile; fileRef = CC757C00248FE324C866A1DF /* EventTagDetailView.swift */; };
		3B1391CA77816D7322C32DC1 /* EventTagListRouter.swift in Sources */ = {isa = PBXBuildFile; fileRef = 86A2D8FFBB6F5816D1BCA72F /* EventTagListRouter.swift */; };
		45893F737D7F6C57D29CF948 /* AppearanceSettingViewModel.swift in Sources */ = {isa = PBXBuildFile; fileRef = AE907252F830D7CC8FF45E63 /* AppearanceSettingViewModel.swift */; };
		4B5C59E9C016F48DEE2D18F0 /* SettingItemListBuilderImple.swift in Sources */ = {isa = PBXBuildFile; fileRef = 39266DB0C9702AEBD0E37ADC /* SettingItemListBuilderImple.swift */; };
		4FA1644ED1D3119480B45D99 /* EventTagListViewController.swift in Sources */ = {isa = PBXBuildFile; fileRef = D8A904B3FD03FD502CB08336 /* EventTagListViewController.swift */; };
		548871A3C279420A019997F0 /* CountrySelectBuilderImple.swift in Sources */ = {isa = PBXBuildFile; fileRef = 962E8D265B6E89A19A1E8641 /* CountrySelectBuilderImple.swift */; };
		5697321F49406C0317C5CE28 /* AppearanceSettingView.swift in Sources */ = {isa = PBXBuildFile; fileRef = 7A6D57091EEA5FA964FE5D9F /* AppearanceSettingView.swift */; };
		5A58E1E44555CDACBF877060 /* CountrySelectView.swift in Sources */ = {isa = PBXBuildFile; fileRef = 8792C681CD8A7BD57EDD71CC /* CountrySelectView.swift */; };
		5E3AB9F449F733BC70C7A0BB /* EventOnCalendarViewModelImpleTests.swift in Sources */ = {isa = PBXBuildFile; fileRef = 82377771B0807A157795A28D /* EventOnCalendarViewModelImpleTests.swift */; };
		5F74F9AEF7F3B0103CF4ED28 /* CountrySelectViewModelImpleTests.swift in Sources */ = {isa = PBXBuildFile; fileRef = AB2523E827FC9D0BE2325FBB /* CountrySelectViewModelImpleTests.swift */; };
		642A49E26C684EA50B85435F /* EventTagListBuilderImple.swift in Sources */ = {isa = PBXBuildFile; fileRef = 0798C72618F6768A23570B21 /* EventTagListBuilderImple.swift */; };
		69A68EFE1F802CD17A955D29 /* CountrySelectRouter.swift in Sources */ = {isa = PBXBuildFile; fileRef = 71D362E08064683AD34DB2DA /* CountrySelectRouter.swift */; };
		6E9F9526D3375BCC8212CDA0 /* SettingItemListViewModelImpleTests.swift in Sources */ = {isa = PBXBuildFile; fileRef = F0C3DF235EC398AF2DCB1C1A /* SettingItemListViewModelImpleTests.swift */; };
		70E7D12AD717FE96D5339685 /* SettingItemListRouter.swift in Sources */ = {isa = PBXBuildFile; fileRef = F38361A10171D2FEC771471B /* SettingItemListRouter.swift */; };
		741427F70D34B18F6B4B7F3C /* SettingScene.framework in Frameworks */ = {isa = PBXBuildFile; fileRef = C0A805CC6983D981FE291E9D /* SettingScene.framework */; };
		7ADF76C227B0E4ED36DC21D8 /* CalendarSectionAppearnaceSettingViewModel.swift in Sources */ = {isa = PBXBuildFile; fileRef = 41279E33DA84A54361F0B0E1 /* CalendarSectionAppearnaceSettingViewModel.swift */; };
		7C1B543925E4FCAF880A4808 /* Extensions.framework in Frameworks */ = {isa = PBXBuildFile; fileRef = AE4C4B37A41C34896A0736D0 /* Extensions.framework */; };
		819C5C18B38859AE2DFBE2BA /* CountrySelectScene+Builder.swift in Sources */ = {isa = PBXBuildFile; fileRef = A37AF32F57E2072858191FD1 /* CountrySelectScene+Builder.swift */; };
		8B1651089B3365082153EA41 /* EventOnCalendarView.swift in Sources */ = {isa = PBXBuildFile; fileRef = 6747DA693FEC1D5C586A2679 /* EventOnCalendarView.swift */; };
		8B5C7CF6146102B5B3DA3596 /* Domain.framework in Frameworks */ = {isa = PBXBuildFile; fileRef = 30061D34A2952590B51D0A55 /* Domain.framework */; };
		97697E7879AF1793FF1FEADC /* SettingSceneBuilderImple.swift in Sources */ = {isa = PBXBuildFile; fileRef = 86368DF8C5FB7D8F53A88F6A /* SettingSceneBuilderImple.swift */; };
		999C01B9C1B319A0CC111AA0 /* EventTagListViewModelImpleTests.swift in Sources */ = {isa = PBXBuildFile; fileRef = 2476088C8560A5107A1B87C0 /* EventTagListViewModelImpleTests.swift */; };
		A602F1F7C95A0A556B5BBE9C /* SettingItemListView.swift in Sources */ = {isa = PBXBuildFile; fileRef = 93556439FF08721E8C5E746F /* SettingItemListView.swift */; };
		A8348BCD725DCAED6E2AF0BA /* CalendarAppearancePreviewView.swift in Sources */ = {isa = PBXBuildFile; fileRef = 369ED3FA711E507A9BC7AF5F /* CalendarAppearancePreviewView.swift */; };
		AAA3E02A914609CDC3370797 /* EventTagListViewModel.swift in Sources */ = {isa = PBXBuildFile; fileRef = 97FC6E2B456B1A3540ED3387 /* EventTagListViewModel.swift */; };
		AB9E2B6D817653F1402D71B1 /* HolidayListScene+Builder.swift in Sources */ = {isa = PBXBuildFile; fileRef = CF9D8A4FFCDBC036ED51C392 /* HolidayListScene+Builder.swift */; };
		C41BCC5FA5DA689EBA8BDA48 /* EventTagDetailViewController.swift in Sources */ = {isa = PBXBuildFile; fileRef = 4C4E619A3D0868A70F2FCDFB /* EventTagDetailViewController.swift */; };
		C42BAFE09496C4B8374E2474 /* Common3rdParty.framework in Frameworks */ = {isa = PBXBuildFile; fileRef = 0C65445CCEA305A710C769B6 /* Common3rdParty.framework */; };
		C85E96C0B5F85CBCB633ABE1 /* AppearanceSettingScene+Builder.swift in Sources */ = {isa = PBXBuildFile; fileRef = 7AD90EF1483FADCF06F4DCAB /* AppearanceSettingScene+Builder.swift */; };
		CBF9FD53D21C890BEDE83013 /* EventTagDetailBuilderImple.swift in Sources */ = {isa = PBXBuildFile; fileRef = F4ADA7F1B879C9719BE6F9E8 /* EventTagDetailBuilderImple.swift */; };
		CE350A02400A81FEE7FCA12F /* EventTagDetailViewModel.swift in Sources */ = {isa = PBXBuildFile; fileRef = 77C8241A3E3F812055FEBBDD /* EventTagDetailViewModel.swift */; };
		DA057C28CA02C90339FBE339 /* TestDoubles.framework in Frameworks */ = {isa = PBXBuildFile; fileRef = 0C7A7686B2B663DF8A33D83D /* TestDoubles.framework */; };
		DC1EFEAABEE4284D31B62769 /* AppearanceSettingBuilderImple.swift in Sources */ = {isa = PBXBuildFile; fileRef = F934F950BE07ADFB14217045 /* AppearanceSettingBuilderImple.swift */; };
		DEB6CA5ED210A96947B383A2 /* AppearanceSettingRouter.swift in Sources */ = {isa = PBXBuildFile; fileRef = F5FDDAAC39C0561873BB353C /* AppearanceSettingRouter.swift */; };
		E1E477D183D1326ED783E113 /* AppearanceSettingViewController.swift in Sources */ = {isa = PBXBuildFile; fileRef = E33D24D152B7B1C3F353CAE6 /* AppearanceSettingViewController.swift */; };
		E22B258C9BF4650FDF0E99ED /* EventTagListView.swift in Sources */ = {isa = PBXBuildFile; fileRef = 375614F2BEEBE6F0099E1FE6 /* EventTagListView.swift */; };
		E4ACDADD57D116069AAFFA48 /* CommonPresentation.framework in Frameworks */ = {isa = PBXBuildFile; fileRef = 8A83F1E7E29F535F200907A4 /* CommonPresentation.framework */; };
		E68E31EB7458648F1E7AB732 /* HolidayListView.swift in Sources */ = {isa = PBXBuildFile; fileRef = 5659A3F2E43D44F7B90DE5C7 /* HolidayListView.swift */; };
		EF484442344EBA697151001B /* HolidayListViewModelImpleTests.swift in Sources */ = {isa = PBXBuildFile; fileRef = 90EEC2BCDE2B876C3BCB5CC7 /* HolidayListViewModelImpleTests.swift */; };
		EFC406655ABF858925F92912 /* CalendarSectionViewModelTests.swift in Sources */ = {isa = PBXBuildFile; fileRef = F3FA9FC55EB92F7C05D70758 /* CalendarSectionViewModelTests.swift */; };
		FE7F5B5D1B9FA60B91AA4920 /* EventTagDetailRouter.swift in Sources */ = {isa = PBXBuildFile; fileRef = D74B2DC788C812FD8CB58404 /* EventTagDetailRouter.swift */; };
/* End PBXBuildFile section */

/* Begin PBXContainerItemProxy section */
		8D9612CE0FA1F6C9FB8D8796 /* PBXContainerItemProxy */ = {
			isa = PBXContainerItemProxy;
			containerPortal = 504FBD01F4A8AB93D412323D /* Project object */;
			proxyType = 1;
			remoteGlobalIDString = 3C18C0ACE0B79316B021AE4A;
			remoteInfo = SettingScene;
		};
/* End PBXContainerItemProxy section */

/* Begin PBXCopyFilesBuildPhase section */
		2F5D08D999E036495EC0392F /* Embed Frameworks */ = {
			isa = PBXCopyFilesBuildPhase;
			buildActionMask = 2147483647;
			dstPath = "";
			dstSubfolderSpec = 10;
			files = (
			);
			name = "Embed Frameworks";
			runOnlyForDeploymentPostprocessing = 0;
		};
		35810857011F6319F89F8228 /* Embed Frameworks */ = {
			isa = PBXCopyFilesBuildPhase;
			buildActionMask = 2147483647;
			dstPath = "";
			dstSubfolderSpec = 10;
			files = (
			);
			name = "Embed Frameworks";
			runOnlyForDeploymentPostprocessing = 0;
		};
/* End PBXCopyFilesBuildPhase section */

/* Begin PBXFileReference section */
		0798C72618F6768A23570B21 /* EventTagListBuilderImple.swift */ = {isa = PBXFileReference; lastKnownFileType = sourcecode.swift; path = EventTagListBuilderImple.swift; sourceTree = "<group>"; };
		0C65445CCEA305A710C769B6 /* Common3rdParty.framework */ = {isa = PBXFileReference; explicitFileType = wrapper.framework; includeInIndex = 0; path = Common3rdParty.framework; sourceTree = BUILT_PRODUCTS_DIR; };
		0C7A7686B2B663DF8A33D83D /* TestDoubles.framework */ = {isa = PBXFileReference; explicitFileType = wrapper.framework; includeInIndex = 0; path = TestDoubles.framework; sourceTree = BUILT_PRODUCTS_DIR; };
		0D58105FC5BCA501335F3DB4 /* Scenes.framework */ = {isa = PBXFileReference; explicitFileType = wrapper.framework; includeInIndex = 0; path = Scenes.framework; sourceTree = BUILT_PRODUCTS_DIR; };
		2476088C8560A5107A1B87C0 /* EventTagListViewModelImpleTests.swift */ = {isa = PBXFileReference; lastKnownFileType = sourcecode.swift; path = EventTagListViewModelImpleTests.swift; sourceTree = "<group>"; };
		30061D34A2952590B51D0A55 /* Domain.framework */ = {isa = PBXFileReference; explicitFileType = wrapper.framework; includeInIndex = 0; path = Domain.framework; sourceTree = BUILT_PRODUCTS_DIR; };
		369ED3FA711E507A9BC7AF5F /* CalendarAppearancePreviewView.swift */ = {isa = PBXFileReference; lastKnownFileType = sourcecode.swift; path = CalendarAppearancePreviewView.swift; sourceTree = "<group>"; };
		375614F2BEEBE6F0099E1FE6 /* EventTagListView.swift */ = {isa = PBXFileReference; lastKnownFileType = sourcecode.swift; path = EventTagListView.swift; sourceTree = "<group>"; };
		39266DB0C9702AEBD0E37ADC /* SettingItemListBuilderImple.swift */ = {isa = PBXFileReference; lastKnownFileType = sourcecode.swift; path = SettingItemListBuilderImple.swift; sourceTree = "<group>"; };
		41279E33DA84A54361F0B0E1 /* CalendarSectionAppearnaceSettingViewModel.swift */ = {isa = PBXFileReference; lastKnownFileType = sourcecode.swift; path = CalendarSectionAppearnaceSettingViewModel.swift; sourceTree = "<group>"; };
		434BA1489E9F6528BE9295C0 /* EventOnCalendarViewModel.swift */ = {isa = PBXFileReference; lastKnownFileType = sourcecode.swift; path = EventOnCalendarViewModel.swift; sourceTree = "<group>"; };
		4469F7C9A94449B222E69BAE /* CountrySelectViewController.swift */ = {isa = PBXFileReference; lastKnownFileType = sourcecode.swift; path = CountrySelectViewController.swift; sourceTree = "<group>"; };
		449462582720EFD9E6E7E616 /* EventTagDetailViewModelImpleTests.swift */ = {isa = PBXFileReference; lastKnownFileType = sourcecode.swift; path = EventTagDetailViewModelImpleTests.swift; sourceTree = "<group>"; };
		47EED254C63F77213763061A /* HolidayListViewController.swift */ = {isa = PBXFileReference; lastKnownFileType = sourcecode.swift; path = HolidayListViewController.swift; sourceTree = "<group>"; };
		4C4E619A3D0868A70F2FCDFB /* EventTagDetailViewController.swift */ = {isa = PBXFileReference; lastKnownFileType = sourcecode.swift; path = EventTagDetailViewController.swift; sourceTree = "<group>"; };
		5659A3F2E43D44F7B90DE5C7 /* HolidayListView.swift */ = {isa = PBXFileReference; lastKnownFileType = sourcecode.swift; path = HolidayListView.swift; sourceTree = "<group>"; };
		6270F4462F90BAF194652F90 /* UnitTestHelpKit.framework */ = {isa = PBXFileReference; explicitFileType = wrapper.framework; includeInIndex = 0; path = UnitTestHelpKit.framework; sourceTree = BUILT_PRODUCTS_DIR; };
		6747DA693FEC1D5C586A2679 /* EventOnCalendarView.swift */ = {isa = PBXFileReference; lastKnownFileType = sourcecode.swift; path = EventOnCalendarView.swift; sourceTree = "<group>"; };
		706534ECAB04A1BB41007578 /* SettingScene.h */ = {isa = PBXFileReference; lastKnownFileType = sourcecode.c.h; path = SettingScene.h; sourceTree = "<group>"; };
		71D362E08064683AD34DB2DA /* CountrySelectRouter.swift */ = {isa = PBXFileReference; lastKnownFileType = sourcecode.swift; path = CountrySelectRouter.swift; sourceTree = "<group>"; };
		74EDDAEDD5820E47C3E3F9FF /* CountrySelectViewModel.swift */ = {isa = PBXFileReference; lastKnownFileType = sourcecode.swift; path = CountrySelectViewModel.swift; sourceTree = "<group>"; };
		77C8241A3E3F812055FEBBDD /* EventTagDetailViewModel.swift */ = {isa = PBXFileReference; lastKnownFileType = sourcecode.swift; path = EventTagDetailViewModel.swift; sourceTree = "<group>"; };
		7A6D57091EEA5FA964FE5D9F /* AppearanceSettingView.swift */ = {isa = PBXFileReference; lastKnownFileType = sourcecode.swift; path = AppearanceSettingView.swift; sourceTree = "<group>"; };
		7AD90EF1483FADCF06F4DCAB /* AppearanceSettingScene+Builder.swift */ = {isa = PBXFileReference; lastKnownFileType = sourcecode.swift; path = "AppearanceSettingScene+Builder.swift"; sourceTree = "<group>"; };
		7E15E9587C23FDB98BF1C32A /* SettingItemListViewModel.swift */ = {isa = PBXFileReference; lastKnownFileType = sourcecode.swift; path = SettingItemListViewModel.swift; sourceTree = "<group>"; };
		7EEC2BBCFC59C6733FD69699 /* HolidayListBuilderImple.swift */ = {isa = PBXFileReference; lastKnownFileType = sourcecode.swift; path = HolidayListBuilderImple.swift; sourceTree = "<group>"; };
		82377771B0807A157795A28D /* EventOnCalendarViewModelImpleTests.swift */ = {isa = PBXFileReference; lastKnownFileType = sourcecode.swift; path = EventOnCalendarViewModelImpleTests.swift; sourceTree = "<group>"; };
		84A599C5870F0E0549467136 /* SettingSceneTests-Info.plist */ = {isa = PBXFileReference; lastKnownFileType = text.plist; path = "SettingSceneTests-Info.plist"; sourceTree = "<group>"; };
		86368DF8C5FB7D8F53A88F6A /* SettingSceneBuilderImple.swift */ = {isa = PBXFileReference; lastKnownFileType = sourcecode.swift; path = SettingSceneBuilderImple.swift; sourceTree = "<group>"; };
		86A2D8FFBB6F5816D1BCA72F /* EventTagListRouter.swift */ = {isa = PBXFileReference; lastKnownFileType = sourcecode.swift; path = EventTagListRouter.swift; sourceTree = "<group>"; };
		8792C681CD8A7BD57EDD71CC /* CountrySelectView.swift */ = {isa = PBXFileReference; lastKnownFileType = sourcecode.swift; path = CountrySelectView.swift; sourceTree = "<group>"; };
		8A83F1E7E29F535F200907A4 /* CommonPresentation.framework */ = {isa = PBXFileReference; explicitFileType = wrapper.framework; includeInIndex = 0; path = CommonPresentation.framework; sourceTree = BUILT_PRODUCTS_DIR; };
		90EEC2BCDE2B876C3BCB5CC7 /* HolidayListViewModelImpleTests.swift */ = {isa = PBXFileReference; lastKnownFileType = sourcecode.swift; path = HolidayListViewModelImpleTests.swift; sourceTree = "<group>"; };
		918D9C6013AB482BFEAD798A /* HolidayListViewModel.swift */ = {isa = PBXFileReference; lastKnownFileType = sourcecode.swift; path = HolidayListViewModel.swift; sourceTree = "<group>"; };
		93556439FF08721E8C5E746F /* SettingItemListView.swift */ = {isa = PBXFileReference; lastKnownFileType = sourcecode.swift; path = SettingItemListView.swift; sourceTree = "<group>"; };
		946E02C4CA566715859DB00B /* SettingScene-Info.plist */ = {isa = PBXFileReference; lastKnownFileType = text.plist; path = "SettingScene-Info.plist"; sourceTree = "<group>"; };
		962E8D265B6E89A19A1E8641 /* CountrySelectBuilderImple.swift */ = {isa = PBXFileReference; lastKnownFileType = sourcecode.swift; path = CountrySelectBuilderImple.swift; sourceTree = "<group>"; };
		97FC6E2B456B1A3540ED3387 /* EventTagListViewModel.swift */ = {isa = PBXFileReference; lastKnownFileType = sourcecode.swift; path = EventTagListViewModel.swift; sourceTree = "<group>"; };
		A0C9C20E5A251168924E5855 /* HolidayListRouter.swift */ = {isa = PBXFileReference; lastKnownFileType = sourcecode.swift; path = HolidayListRouter.swift; sourceTree = "<group>"; };
		A37AF32F57E2072858191FD1 /* CountrySelectScene+Builder.swift */ = {isa = PBXFileReference; lastKnownFileType = sourcecode.swift; path = "CountrySelectScene+Builder.swift"; sourceTree = "<group>"; };
		AB2523E827FC9D0BE2325FBB /* CountrySelectViewModelImpleTests.swift */ = {isa = PBXFileReference; lastKnownFileType = sourcecode.swift; path = CountrySelectViewModelImpleTests.swift; sourceTree = "<group>"; };
		AE4C4B37A41C34896A0736D0 /* Extensions.framework */ = {isa = PBXFileReference; explicitFileType = wrapper.framework; includeInIndex = 0; path = Extensions.framework; sourceTree = BUILT_PRODUCTS_DIR; };
		AE907252F830D7CC8FF45E63 /* AppearanceSettingViewModel.swift */ = {isa = PBXFileReference; lastKnownFileType = sourcecode.swift; path = AppearanceSettingViewModel.swift; sourceTree = "<group>"; };
		C0A805CC6983D981FE291E9D /* SettingScene.framework */ = {isa = PBXFileReference; explicitFileType = wrapper.framework; includeInIndex = 0; path = SettingScene.framework; sourceTree = BUILT_PRODUCTS_DIR; };
		C2A65A9A63B82A4D3633AA44 /* SettingSceneTests.xctest */ = {isa = PBXFileReference; explicitFileType = wrapper.cfbundle; includeInIndex = 0; path = SettingSceneTests.xctest; sourceTree = BUILT_PRODUCTS_DIR; };
		CC757C00248FE324C866A1DF /* EventTagDetailView.swift */ = {isa = PBXFileReference; lastKnownFileType = sourcecode.swift; path = EventTagDetailView.swift; sourceTree = "<group>"; };
		CD996FA477AADE8B91725670 /* SettingItemListViewController.swift */ = {isa = PBXFileReference; lastKnownFileType = sourcecode.swift; path = SettingItemListViewController.swift; sourceTree = "<group>"; };
		CF9D8A4FFCDBC036ED51C392 /* HolidayListScene+Builder.swift */ = {isa = PBXFileReference; lastKnownFileType = sourcecode.swift; path = "HolidayListScene+Builder.swift"; sourceTree = "<group>"; };
		D74B2DC788C812FD8CB58404 /* EventTagDetailRouter.swift */ = {isa = PBXFileReference; lastKnownFileType = sourcecode.swift; path = EventTagDetailRouter.swift; sourceTree = "<group>"; };
		D8A904B3FD03FD502CB08336 /* EventTagListViewController.swift */ = {isa = PBXFileReference; lastKnownFileType = sourcecode.swift; path = EventTagListViewController.swift; sourceTree = "<group>"; };
		E33D24D152B7B1C3F353CAE6 /* AppearanceSettingViewController.swift */ = {isa = PBXFileReference; lastKnownFileType = sourcecode.swift; path = AppearanceSettingViewController.swift; sourceTree = "<group>"; };
		F0C3DF235EC398AF2DCB1C1A /* SettingItemListViewModelImpleTests.swift */ = {isa = PBXFileReference; lastKnownFileType = sourcecode.swift; path = SettingItemListViewModelImpleTests.swift; sourceTree = "<group>"; };
		F38361A10171D2FEC771471B /* SettingItemListRouter.swift */ = {isa = PBXFileReference; lastKnownFileType = sourcecode.swift; path = SettingItemListRouter.swift; sourceTree = "<group>"; };
		F3FA9FC55EB92F7C05D70758 /* CalendarSectionViewModelTests.swift */ = {isa = PBXFileReference; lastKnownFileType = sourcecode.swift; path = CalendarSectionViewModelTests.swift; sourceTree = "<group>"; };
		F4ADA7F1B879C9719BE6F9E8 /* EventTagDetailBuilderImple.swift */ = {isa = PBXFileReference; lastKnownFileType = sourcecode.swift; path = EventTagDetailBuilderImple.swift; sourceTree = "<group>"; };
		F5FDDAAC39C0561873BB353C /* AppearanceSettingRouter.swift */ = {isa = PBXFileReference; lastKnownFileType = sourcecode.swift; path = AppearanceSettingRouter.swift; sourceTree = "<group>"; };
		F934F950BE07ADFB14217045 /* AppearanceSettingBuilderImple.swift */ = {isa = PBXFileReference; lastKnownFileType = sourcecode.swift; path = AppearanceSettingBuilderImple.swift; sourceTree = "<group>"; };
/* End PBXFileReference section */

/* Begin PBXFrameworksBuildPhase section */
		158F92502E1F76462509B042 /* Frameworks */ = {
			isa = PBXFrameworksBuildPhase;
			buildActionMask = 2147483647;
			files = (
				C42BAFE09496C4B8374E2474 /* Common3rdParty.framework in Frameworks */,
				E4ACDADD57D116069AAFFA48 /* CommonPresentation.framework in Frameworks */,
				8B5C7CF6146102B5B3DA3596 /* Domain.framework in Frameworks */,
				7C1B543925E4FCAF880A4808 /* Extensions.framework in Frameworks */,
				0D71E589D18984F5337EC9D6 /* Scenes.framework in Frameworks */,
			);
			runOnlyForDeploymentPostprocessing = 0;
		};
		99415F4D5C840B4B61F02383 /* Frameworks */ = {
			isa = PBXFrameworksBuildPhase;
			buildActionMask = 2147483647;
			files = (
				741427F70D34B18F6B4B7F3C /* SettingScene.framework in Frameworks */,
				DA057C28CA02C90339FBE339 /* TestDoubles.framework in Frameworks */,
				075DFA1F61D9E46A11772EBE /* UnitTestHelpKit.framework in Frameworks */,
			);
			runOnlyForDeploymentPostprocessing = 0;
		};
/* End PBXFrameworksBuildPhase section */

/* Begin PBXGroup section */
		02B3A2BD11310D0EB52843C7 = {
			isa = PBXGroup;
			children = (
				73C2E65C91478E11DF2959CC /* Project */,
				1D3855ED51A3C2B4124BA077 /* Frameworks */,
				AAD35419E2BCE3B1F58DB673 /* Products */,
			);
			sourceTree = "<group>";
		};
		0D23D4EF9AA6CC11023724CB /* EventOnCalendar */ = {
			isa = PBXGroup;
			children = (
				6747DA693FEC1D5C586A2679 /* EventOnCalendarView.swift */,
				434BA1489E9F6528BE9295C0 /* EventOnCalendarViewModel.swift */,
			);
			path = EventOnCalendar;
			sourceTree = "<group>";
		};
		13CE3C5DC6F20CCBF50B581F /* SettingSceneTests */ = {
			isa = PBXGroup;
			children = (
				AD5363554157BFF7B36AABE3 /* EventTag */,
				A1C2BC316F05C4B9B3D22B07 /* Setting */,
			);
			path = SettingSceneTests;
			sourceTree = "<group>";
		};
		1D3855ED51A3C2B4124BA077 /* Frameworks */ = {
			isa = PBXGroup;
			children = (
			);
			name = Frameworks;
			sourceTree = "<group>";
		};
		3594F617CE25D554863C1522 /* EventTag */ = {
			isa = PBXGroup;
			children = (
				725B7EF4520E66732637036C /* EventTagDetail */,
				FDF5C1665DD4650339D4EB18 /* EventTagList */,
			);
			path = EventTag;
			sourceTree = "<group>";
		};
		484BB35AC67FFF90E9056EED /* InfoPlists */ = {
			isa = PBXGroup;
			children = (
				946E02C4CA566715859DB00B /* SettingScene-Info.plist */,
				84A599C5870F0E0549467136 /* SettingSceneTests-Info.plist */,
			);
			path = InfoPlists;
			sourceTree = "<group>";
		};
		599C03F3CCFE2E580EF8E74E /* Appearance */ = {
			isa = PBXGroup;
			children = (
				F3FA9FC55EB92F7C05D70758 /* CalendarSectionViewModelTests.swift */,
				82377771B0807A157795A28D /* EventOnCalendarViewModelImpleTests.swift */,
			);
			path = Appearance;
			sourceTree = "<group>";
		};
		627C377A14393E49696FFDB9 /* Sources */ = {
			isa = PBXGroup;
			children = (
				3594F617CE25D554863C1522 /* EventTag */,
				9038CACD42622924D2239388 /* Setting */,
				86368DF8C5FB7D8F53A88F6A /* SettingSceneBuilderImple.swift */,
			);
			path = Sources;
			sourceTree = "<group>";
		};
		6E6C68DDCD563F4C385A7C43 /* Appearance */ = {
			isa = PBXGroup;
			children = (
				A9E19469EC43627834E13B22 /* CalendarSection */,
				0D23D4EF9AA6CC11023724CB /* EventOnCalendar */,
				F934F950BE07ADFB14217045 /* AppearanceSettingBuilderImple.swift */,
				F5FDDAAC39C0561873BB353C /* AppearanceSettingRouter.swift */,
				7AD90EF1483FADCF06F4DCAB /* AppearanceSettingScene+Builder.swift */,
				7A6D57091EEA5FA964FE5D9F /* AppearanceSettingView.swift */,
				E33D24D152B7B1C3F353CAE6 /* AppearanceSettingViewController.swift */,
				AE907252F830D7CC8FF45E63 /* AppearanceSettingViewModel.swift */,
			);
			path = Appearance;
			sourceTree = "<group>";
		};
		725B7EF4520E66732637036C /* EventTagDetail */ = {
			isa = PBXGroup;
			children = (
				F4ADA7F1B879C9719BE6F9E8 /* EventTagDetailBuilderImple.swift */,
				D74B2DC788C812FD8CB58404 /* EventTagDetailRouter.swift */,
				CC757C00248FE324C866A1DF /* EventTagDetailView.swift */,
				4C4E619A3D0868A70F2FCDFB /* EventTagDetailViewController.swift */,
				77C8241A3E3F812055FEBBDD /* EventTagDetailViewModel.swift */,
			);
			path = EventTagDetail;
			sourceTree = "<group>";
		};
		73C2E65C91478E11DF2959CC /* Project */ = {
			isa = PBXGroup;
			children = (
				F23714E898A81233C40C125E /* Derived */,
				13CE3C5DC6F20CCBF50B581F /* SettingSceneTests */,
				627C377A14393E49696FFDB9 /* Sources */,
				706534ECAB04A1BB41007578 /* SettingScene.h */,
			);
			name = Project;
			sourceTree = "<group>";
		};
		9038CACD42622924D2239388 /* Setting */ = {
			isa = PBXGroup;
			children = (
				6E6C68DDCD563F4C385A7C43 /* Appearance */,
				9D734B918A722080A9F7464D /* Holiday */,
				39266DB0C9702AEBD0E37ADC /* SettingItemListBuilderImple.swift */,
				F38361A10171D2FEC771471B /* SettingItemListRouter.swift */,
				93556439FF08721E8C5E746F /* SettingItemListView.swift */,
				CD996FA477AADE8B91725670 /* SettingItemListViewController.swift */,
				7E15E9587C23FDB98BF1C32A /* SettingItemListViewModel.swift */,
			);
			path = Setting;
			sourceTree = "<group>";
		};
		9D734B918A722080A9F7464D /* Holiday */ = {
			isa = PBXGroup;
			children = (
				962E8D265B6E89A19A1E8641 /* CountrySelectBuilderImple.swift */,
				71D362E08064683AD34DB2DA /* CountrySelectRouter.swift */,
				A37AF32F57E2072858191FD1 /* CountrySelectScene+Builder.swift */,
				8792C681CD8A7BD57EDD71CC /* CountrySelectView.swift */,
				4469F7C9A94449B222E69BAE /* CountrySelectViewController.swift */,
				74EDDAEDD5820E47C3E3F9FF /* CountrySelectViewModel.swift */,
				7EEC2BBCFC59C6733FD69699 /* HolidayListBuilderImple.swift */,
				A0C9C20E5A251168924E5855 /* HolidayListRouter.swift */,
				CF9D8A4FFCDBC036ED51C392 /* HolidayListScene+Builder.swift */,
				5659A3F2E43D44F7B90DE5C7 /* HolidayListView.swift */,
				47EED254C63F77213763061A /* HolidayListViewController.swift */,
				918D9C6013AB482BFEAD798A /* HolidayListViewModel.swift */,
			);
			path = Holiday;
			sourceTree = "<group>";
		};
		A1C2BC316F05C4B9B3D22B07 /* Setting */ = {
			isa = PBXGroup;
			children = (
				599C03F3CCFE2E580EF8E74E /* Appearance */,
				BB5DBFD813C56207A2FB5816 /* Holiday */,
				F0C3DF235EC398AF2DCB1C1A /* SettingItemListViewModelImpleTests.swift */,
			);
			path = Setting;
			sourceTree = "<group>";
		};
		A9E19469EC43627834E13B22 /* CalendarSection */ = {
			isa = PBXGroup;
			children = (
				369ED3FA711E507A9BC7AF5F /* CalendarAppearancePreviewView.swift */,
				41279E33DA84A54361F0B0E1 /* CalendarSectionAppearnaceSettingViewModel.swift */,
			);
			path = CalendarSection;
			sourceTree = "<group>";
		};
		AAD35419E2BCE3B1F58DB673 /* Products */ = {
			isa = PBXGroup;
			children = (
				0C65445CCEA305A710C769B6 /* Common3rdParty.framework */,
				8A83F1E7E29F535F200907A4 /* CommonPresentation.framework */,
				30061D34A2952590B51D0A55 /* Domain.framework */,
				AE4C4B37A41C34896A0736D0 /* Extensions.framework */,
				0D58105FC5BCA501335F3DB4 /* Scenes.framework */,
				C0A805CC6983D981FE291E9D /* SettingScene.framework */,
				C2A65A9A63B82A4D3633AA44 /* SettingSceneTests.xctest */,
				0C7A7686B2B663DF8A33D83D /* TestDoubles.framework */,
				6270F4462F90BAF194652F90 /* UnitTestHelpKit.framework */,
			);
			name = Products;
			sourceTree = "<group>";
		};
		AD5363554157BFF7B36AABE3 /* EventTag */ = {
			isa = PBXGroup;
			children = (
				449462582720EFD9E6E7E616 /* EventTagDetailViewModelImpleTests.swift */,
				2476088C8560A5107A1B87C0 /* EventTagListViewModelImpleTests.swift */,
			);
			path = EventTag;
			sourceTree = "<group>";
		};
		BB5DBFD813C56207A2FB5816 /* Holiday */ = {
			isa = PBXGroup;
			children = (
				AB2523E827FC9D0BE2325FBB /* CountrySelectViewModelImpleTests.swift */,
				90EEC2BCDE2B876C3BCB5CC7 /* HolidayListViewModelImpleTests.swift */,
			);
			path = Holiday;
			sourceTree = "<group>";
		};
		F23714E898A81233C40C125E /* Derived */ = {
			isa = PBXGroup;
			children = (
				484BB35AC67FFF90E9056EED /* InfoPlists */,
			);
			path = Derived;
			sourceTree = "<group>";
		};
		FDF5C1665DD4650339D4EB18 /* EventTagList */ = {
			isa = PBXGroup;
			children = (
				0798C72618F6768A23570B21 /* EventTagListBuilderImple.swift */,
				86A2D8FFBB6F5816D1BCA72F /* EventTagListRouter.swift */,
				375614F2BEEBE6F0099E1FE6 /* EventTagListView.swift */,
				D8A904B3FD03FD502CB08336 /* EventTagListViewController.swift */,
				97FC6E2B456B1A3540ED3387 /* EventTagListViewModel.swift */,
			);
			path = EventTagList;
			sourceTree = "<group>";
		};
/* End PBXGroup section */

/* Begin PBXHeadersBuildPhase section */
		C366E1D2422A3285A149C555 /* Headers */ = {
			isa = PBXHeadersBuildPhase;
			buildActionMask = 2147483647;
			files = (
				2DABABD409376C0C554103DC /* SettingScene.h in Headers */,
			);
			runOnlyForDeploymentPostprocessing = 0;
		};
/* End PBXHeadersBuildPhase section */

/* Begin PBXNativeTarget section */
		3C18C0ACE0B79316B021AE4A /* SettingScene */ = {
			isa = PBXNativeTarget;
			buildConfigurationList = 7730E11E59EE3D4D37DCA115 /* Build configuration list for PBXNativeTarget "SettingScene" */;
			buildPhases = (
				C366E1D2422A3285A149C555 /* Headers */,
				DD2A3A123D6CA8C3A422898C /* Sources */,
				B320C8654E92AA183BEB12B6 /* Resources */,
				35810857011F6319F89F8228 /* Embed Frameworks */,
				158F92502E1F76462509B042 /* Frameworks */,
			);
			buildRules = (
			);
			dependencies = (
			);
			name = SettingScene;
			productName = SettingScene;
			productReference = C0A805CC6983D981FE291E9D /* SettingScene.framework */;
			productType = "com.apple.product-type.framework";
		};
		8970AA2456FAA8C473F8D0FE /* SettingSceneTests */ = {
			isa = PBXNativeTarget;
			buildConfigurationList = 5307196BB99F3466CB1150AA /* Build configuration list for PBXNativeTarget "SettingSceneTests" */;
			buildPhases = (
				E3DBD463FA14DCD4C5D16B73 /* Sources */,
				8DDB67044FE5D47BE966D5D5 /* Resources */,
				2F5D08D999E036495EC0392F /* Embed Frameworks */,
				99415F4D5C840B4B61F02383 /* Frameworks */,
			);
			buildRules = (
			);
			dependencies = (
				D49A467210A3F5F56B98F2BB /* PBXTargetDependency */,
			);
			name = SettingSceneTests;
			productName = SettingSceneTests;
			productReference = C2A65A9A63B82A4D3633AA44 /* SettingSceneTests.xctest */;
			productType = "com.apple.product-type.bundle.unit-test";
		};
/* End PBXNativeTarget section */

/* Begin PBXProject section */
		504FBD01F4A8AB93D412323D /* Project object */ = {
			isa = PBXProject;
			attributes = {
				BuildIndependentTargetsInParallel = YES;
				ORGANIZATIONNAME = com.sudo.park;
				TargetAttributes = {
				};
			};
			buildConfigurationList = 9810A94A9F7DE06CBA345B35 /* Build configuration list for PBXProject "SettingScene" */;
			compatibilityVersion = "Xcode 14.0";
			developmentRegion = en;
			hasScannedForEncodings = 0;
			knownRegions = (
				Base,
				en,
			);
			mainGroup = 02B3A2BD11310D0EB52843C7;
			productRefGroup = AAD35419E2BCE3B1F58DB673 /* Products */;
			projectDirPath = "";
			projectRoot = "";
			targets = (
				3C18C0ACE0B79316B021AE4A /* SettingScene */,
				8970AA2456FAA8C473F8D0FE /* SettingSceneTests */,
			);
		};
/* End PBXProject section */

/* Begin PBXResourcesBuildPhase section */
		8DDB67044FE5D47BE966D5D5 /* Resources */ = {
			isa = PBXResourcesBuildPhase;
			buildActionMask = 2147483647;
			files = (
			);
			runOnlyForDeploymentPostprocessing = 0;
		};
		B320C8654E92AA183BEB12B6 /* Resources */ = {
			isa = PBXResourcesBuildPhase;
			buildActionMask = 2147483647;
			files = (
			);
			runOnlyForDeploymentPostprocessing = 0;
		};
/* End PBXResourcesBuildPhase section */

/* Begin PBXSourcesBuildPhase section */
		DD2A3A123D6CA8C3A422898C /* Sources */ = {
			isa = PBXSourcesBuildPhase;
			buildActionMask = 2147483647;
			files = (
				CBF9FD53D21C890BEDE83013 /* EventTagDetailBuilderImple.swift in Sources */,
				FE7F5B5D1B9FA60B91AA4920 /* EventTagDetailRouter.swift in Sources */,
				392EB028131209523EEF1D6A /* EventTagDetailView.swift in Sources */,
				C41BCC5FA5DA689EBA8BDA48 /* EventTagDetailViewController.swift in Sources */,
				CE350A02400A81FEE7FCA12F /* EventTagDetailViewModel.swift in Sources */,
				642A49E26C684EA50B85435F /* EventTagListBuilderImple.swift in Sources */,
				3B1391CA77816D7322C32DC1 /* EventTagListRouter.swift in Sources */,
				E22B258C9BF4650FDF0E99ED /* EventTagListView.swift in Sources */,
				4FA1644ED1D3119480B45D99 /* EventTagListViewController.swift in Sources */,
				AAA3E02A914609CDC3370797 /* EventTagListViewModel.swift in Sources */,
				DC1EFEAABEE4284D31B62769 /* AppearanceSettingBuilderImple.swift in Sources */,
				DEB6CA5ED210A96947B383A2 /* AppearanceSettingRouter.swift in Sources */,
				C85E96C0B5F85CBCB633ABE1 /* AppearanceSettingScene+Builder.swift in Sources */,
				5697321F49406C0317C5CE28 /* AppearanceSettingView.swift in Sources */,
				E1E477D183D1326ED783E113 /* AppearanceSettingViewController.swift in Sources */,
				45893F737D7F6C57D29CF948 /* AppearanceSettingViewModel.swift in Sources */,
				A8348BCD725DCAED6E2AF0BA /* CalendarAppearancePreviewView.swift in Sources */,
				7ADF76C227B0E4ED36DC21D8 /* CalendarSectionAppearnaceSettingViewModel.swift in Sources */,
				8B1651089B3365082153EA41 /* EventOnCalendarView.swift in Sources */,
				0630BC43F6BFE70480D18235 /* EventOnCalendarViewModel.swift in Sources */,
				548871A3C279420A019997F0 /* CountrySelectBuilderImple.swift in Sources */,
				69A68EFE1F802CD17A955D29 /* CountrySelectRouter.swift in Sources */,
				819C5C18B38859AE2DFBE2BA /* CountrySelectScene+Builder.swift in Sources */,
				5A58E1E44555CDACBF877060 /* CountrySelectView.swift in Sources */,
				10DBF82ABB6A607A3E31CCA8 /* CountrySelectViewController.swift in Sources */,
				28A000D473DF380F31C93EF8 /* CountrySelectViewModel.swift in Sources */,
				062AA208D4D31A0FED743781 /* HolidayListBuilderImple.swift in Sources */,
				25C9E4CE55E34B22751B4A01 /* HolidayListRouter.swift in Sources */,
				AB9E2B6D817653F1402D71B1 /* HolidayListScene+Builder.swift in Sources */,
				E68E31EB7458648F1E7AB732 /* HolidayListView.swift in Sources */,
				201C061E77162ECECC21F57D /* HolidayListViewController.swift in Sources */,
				33064A0141C58F72E524D15F /* HolidayListViewModel.swift in Sources */,
				4B5C59E9C016F48DEE2D18F0 /* SettingItemListBuilderImple.swift in Sources */,
				70E7D12AD717FE96D5339685 /* SettingItemListRouter.swift in Sources */,
				A602F1F7C95A0A556B5BBE9C /* SettingItemListView.swift in Sources */,
				3229E65EC0917A37067A9DA1 /* SettingItemListViewController.swift in Sources */,
				12211F33C1D994EF08B9F9EC /* SettingItemListViewModel.swift in Sources */,
				97697E7879AF1793FF1FEADC /* SettingSceneBuilderImple.swift in Sources */,
			);
			runOnlyForDeploymentPostprocessing = 0;
		};
		E3DBD463FA14DCD4C5D16B73 /* Sources */ = {
			isa = PBXSourcesBuildPhase;
			buildActionMask = 2147483647;
			files = (
				20DD251F9FB85C8FB9E0CECE /* EventTagDetailViewModelImpleTests.swift in Sources */,
				999C01B9C1B319A0CC111AA0 /* EventTagListViewModelImpleTests.swift in Sources */,
				EFC406655ABF858925F92912 /* CalendarSectionViewModelTests.swift in Sources */,
				5E3AB9F449F733BC70C7A0BB /* EventOnCalendarViewModelImpleTests.swift in Sources */,
				5F74F9AEF7F3B0103CF4ED28 /* CountrySelectViewModelImpleTests.swift in Sources */,
				EF484442344EBA697151001B /* HolidayListViewModelImpleTests.swift in Sources */,
				6E9F9526D3375BCC8212CDA0 /* SettingItemListViewModelImpleTests.swift in Sources */,
			);
			runOnlyForDeploymentPostprocessing = 0;
		};
/* End PBXSourcesBuildPhase section */

/* Begin PBXTargetDependency section */
		D49A467210A3F5F56B98F2BB /* PBXTargetDependency */ = {
			isa = PBXTargetDependency;
			name = SettingScene;
			target = 3C18C0ACE0B79316B021AE4A /* SettingScene */;
			targetProxy = 8D9612CE0FA1F6C9FB8D8796 /* PBXContainerItemProxy */;
		};
/* End PBXTargetDependency section */

/* Begin XCBuildConfiguration section */
		2B6B16372C74ED4DCE73460D /* Release */ = {
			isa = XCBuildConfiguration;
			buildSettings = {
				ALWAYS_SEARCH_USER_PATHS = NO;
				CLANG_ANALYZER_LOCALIZABILITY_NONLOCALIZED = YES;
				CLANG_ANALYZER_NONNULL = YES;
				CLANG_ANALYZER_NUMBER_OBJECT_CONVERSION = YES_AGGRESSIVE;
				CLANG_CXX_LANGUAGE_STANDARD = "gnu++14";
				CLANG_CXX_LIBRARY = "libc++";
				CLANG_ENABLE_MODULES = YES;
				CLANG_ENABLE_OBJC_ARC = YES;
				CLANG_ENABLE_OBJC_WEAK = YES;
				CLANG_WARN_BLOCK_CAPTURE_AUTORELEASING = YES;
				CLANG_WARN_BOOL_CONVERSION = YES;
				CLANG_WARN_COMMA = YES;
				CLANG_WARN_CONSTANT_CONVERSION = YES;
				CLANG_WARN_DEPRECATED_OBJC_IMPLEMENTATIONS = YES;
				CLANG_WARN_DIRECT_OBJC_ISA_USAGE = YES_ERROR;
				CLANG_WARN_DOCUMENTATION_COMMENTS = YES;
				CLANG_WARN_EMPTY_BODY = YES;
				CLANG_WARN_ENUM_CONVERSION = YES;
				CLANG_WARN_INFINITE_RECURSION = YES;
				CLANG_WARN_INT_CONVERSION = YES;
				CLANG_WARN_NON_LITERAL_NULL_CONVERSION = YES;
				CLANG_WARN_OBJC_IMPLICIT_RETAIN_SELF = YES;
				CLANG_WARN_OBJC_LITERAL_CONVERSION = YES;
				CLANG_WARN_OBJC_ROOT_CLASS = YES_ERROR;
				CLANG_WARN_QUOTED_INCLUDE_IN_FRAMEWORK_HEADER = YES;
				CLANG_WARN_RANGE_LOOP_ANALYSIS = YES;
				CLANG_WARN_STRICT_PROTOTYPES = YES;
				CLANG_WARN_SUSPICIOUS_MOVE = YES;
				CLANG_WARN_UNGUARDED_AVAILABILITY = YES_AGGRESSIVE;
				CLANG_WARN_UNREACHABLE_CODE = YES;
				CLANG_WARN__DUPLICATE_METHOD_MATCH = YES;
				COPY_PHASE_STRIP = NO;
				DEAD_CODE_STRIPPING = YES;
				DEBUG_INFORMATION_FORMAT = "dwarf-with-dsym";
				ENABLE_NS_ASSERTIONS = NO;
				ENABLE_STRICT_OBJC_MSGSEND = YES;
				GCC_C_LANGUAGE_STANDARD = gnu11;
				GCC_NO_COMMON_BLOCKS = YES;
				GCC_WARN_64_TO_32_BIT_CONVERSION = YES;
				GCC_WARN_ABOUT_RETURN_TYPE = YES_ERROR;
				GCC_WARN_UNDECLARED_SELECTOR = YES;
				GCC_WARN_UNINITIALIZED_AUTOS = YES_AGGRESSIVE;
				GCC_WARN_UNUSED_FUNCTION = YES;
				GCC_WARN_UNUSED_VARIABLE = YES;
				MTL_ENABLE_DEBUG_INFO = NO;
				PRODUCT_NAME = "$(TARGET_NAME)";
				VALIDATE_PRODUCT = YES;
			};
			name = Release;
		};
		3C039BF7AA437E481B3AB6DA /* Debug */ = {
			isa = XCBuildConfiguration;
			buildSettings = {
				ALWAYS_SEARCH_USER_PATHS = NO;
				CLANG_ANALYZER_LOCALIZABILITY_NONLOCALIZED = YES;
				CLANG_ANALYZER_NONNULL = YES;
				CLANG_ANALYZER_NUMBER_OBJECT_CONVERSION = YES_AGGRESSIVE;
				CLANG_CXX_LANGUAGE_STANDARD = "gnu++14";
				CLANG_CXX_LIBRARY = "libc++";
				CLANG_ENABLE_MODULES = YES;
				CLANG_ENABLE_OBJC_ARC = YES;
				CLANG_ENABLE_OBJC_WEAK = YES;
				CLANG_WARN_BLOCK_CAPTURE_AUTORELEASING = YES;
				CLANG_WARN_BOOL_CONVERSION = YES;
				CLANG_WARN_COMMA = YES;
				CLANG_WARN_CONSTANT_CONVERSION = YES;
				CLANG_WARN_DEPRECATED_OBJC_IMPLEMENTATIONS = YES;
				CLANG_WARN_DIRECT_OBJC_ISA_USAGE = YES_ERROR;
				CLANG_WARN_DOCUMENTATION_COMMENTS = YES;
				CLANG_WARN_EMPTY_BODY = YES;
				CLANG_WARN_ENUM_CONVERSION = YES;
				CLANG_WARN_INFINITE_RECURSION = YES;
				CLANG_WARN_INT_CONVERSION = YES;
				CLANG_WARN_NON_LITERAL_NULL_CONVERSION = YES;
				CLANG_WARN_OBJC_IMPLICIT_RETAIN_SELF = YES;
				CLANG_WARN_OBJC_LITERAL_CONVERSION = YES;
				CLANG_WARN_OBJC_ROOT_CLASS = YES_ERROR;
				CLANG_WARN_QUOTED_INCLUDE_IN_FRAMEWORK_HEADER = YES;
				CLANG_WARN_RANGE_LOOP_ANALYSIS = YES;
				CLANG_WARN_STRICT_PROTOTYPES = YES;
				CLANG_WARN_SUSPICIOUS_MOVE = YES;
				CLANG_WARN_UNGUARDED_AVAILABILITY = YES_AGGRESSIVE;
				CLANG_WARN_UNREACHABLE_CODE = YES;
				CLANG_WARN__DUPLICATE_METHOD_MATCH = YES;
				COPY_PHASE_STRIP = NO;
				DEAD_CODE_STRIPPING = YES;
				DEBUG_INFORMATION_FORMAT = dwarf;
				ENABLE_STRICT_OBJC_MSGSEND = YES;
				ENABLE_TESTABILITY = YES;
				GCC_C_LANGUAGE_STANDARD = gnu11;
				GCC_DYNAMIC_NO_PIC = NO;
				GCC_NO_COMMON_BLOCKS = YES;
				GCC_OPTIMIZATION_LEVEL = 0;
				GCC_PREPROCESSOR_DEFINITIONS = (
					"DEBUG=1",
					"$(inherited)",
				);
				GCC_WARN_64_TO_32_BIT_CONVERSION = YES;
				GCC_WARN_ABOUT_RETURN_TYPE = YES_ERROR;
				GCC_WARN_UNDECLARED_SELECTOR = YES;
				GCC_WARN_UNINITIALIZED_AUTOS = YES_AGGRESSIVE;
				GCC_WARN_UNUSED_FUNCTION = YES;
				GCC_WARN_UNUSED_VARIABLE = YES;
				MTL_ENABLE_DEBUG_INFO = YES;
				ONLY_ACTIVE_ARCH = YES;
				PRODUCT_NAME = "$(TARGET_NAME)";
			};
			name = Debug;
		};
		3F21461EBB764A072CE47F3B /* Release */ = {
			isa = XCBuildConfiguration;
			buildSettings = {
				CODE_SIGN_IDENTITY = "iPhone Developer";
				INFOPLIST_FILE = "Derived/InfoPlists/SettingSceneTests-Info.plist";
				IPHONEOS_DEPLOYMENT_TARGET = 16.0;
				LD_RUNPATH_SEARCH_PATHS = (
					"$(inherited)",
					"@executable_path/Frameworks",
					"@loader_path/Frameworks",
				);
				PRODUCT_BUNDLE_IDENTIFIER = com.sudo.park.SettingSceneTests;
				PRODUCT_NAME = SettingSceneTests;
				SDKROOT = iphoneos;
				SUPPORTS_MACCATALYST = NO;
				SUPPORTS_MAC_DESIGNED_FOR_IPHONE_IPAD = YES;
				SUPPORTS_XR_DESIGNED_FOR_IPHONE_IPAD = NO;
				SWIFT_COMPILATION_MODE = wholemodule;
				SWIFT_OPTIMIZATION_LEVEL = "-Owholemodule";
				SWIFT_VERSION = 5.0;
				TARGETED_DEVICE_FAMILY = 1;
			};
			name = Release;
		};
		4BB72E5FE1C23F68AD9640A4 /* Debug */ = {
			isa = XCBuildConfiguration;
			buildSettings = {
				CODE_SIGN_IDENTITY = "";
				CURRENT_PROJECT_VERSION = 1;
				DEFINES_MODULE = YES;
				DYLIB_COMPATIBILITY_VERSION = 1;
				DYLIB_CURRENT_VERSION = 1;
				DYLIB_INSTALL_NAME_BASE = "@rpath";
				INFOPLIST_FILE = "Derived/InfoPlists/SettingScene-Info.plist";
				INSTALL_PATH = "$(LOCAL_LIBRARY_DIR)/Frameworks";
				IPHONEOS_DEPLOYMENT_TARGET = 16.0;
				LD_RUNPATH_SEARCH_PATHS = (
					"$(inherited)",
					"@executable_path/Frameworks",
					"@loader_path/Frameworks",
				);
				PRODUCT_BUNDLE_IDENTIFIER = com.sudo.park.SettingScene;
				PRODUCT_NAME = SettingScene;
				SDKROOT = iphoneos;
				SKIP_INSTALL = YES;
				SUPPORTS_MACCATALYST = NO;
				SUPPORTS_MAC_DESIGNED_FOR_IPHONE_IPAD = YES;
				SUPPORTS_XR_DESIGNED_FOR_IPHONE_IPAD = NO;
				SWIFT_ACTIVE_COMPILATION_CONDITIONS = DEBUG;
				SWIFT_COMPILATION_MODE = singlefile;
				SWIFT_OPTIMIZATION_LEVEL = "-Onone";
				SWIFT_VERSION = 5.0;
				TARGETED_DEVICE_FAMILY = 1;
				VERSIONING_SYSTEM = "apple-generic";
				VERSION_INFO_PREFIX = "";
			};
			name = Debug;
		};
		5C4BAC263CF9192E4E7D8118 /* Debug */ = {
			isa = XCBuildConfiguration;
			buildSettings = {
				CODE_SIGN_IDENTITY = "iPhone Developer";
				INFOPLIST_FILE = "Derived/InfoPlists/SettingSceneTests-Info.plist";
				IPHONEOS_DEPLOYMENT_TARGET = 16.0;
				LD_RUNPATH_SEARCH_PATHS = (
					"$(inherited)",
					"@executable_path/Frameworks",
					"@loader_path/Frameworks",
				);
				PRODUCT_BUNDLE_IDENTIFIER = com.sudo.park.SettingSceneTests;
				PRODUCT_NAME = SettingSceneTests;
				SDKROOT = iphoneos;
				SUPPORTS_MACCATALYST = NO;
				SUPPORTS_MAC_DESIGNED_FOR_IPHONE_IPAD = YES;
				SUPPORTS_XR_DESIGNED_FOR_IPHONE_IPAD = NO;
				SWIFT_ACTIVE_COMPILATION_CONDITIONS = DEBUG;
				SWIFT_COMPILATION_MODE = singlefile;
				SWIFT_OPTIMIZATION_LEVEL = "-Onone";
				SWIFT_VERSION = 5.0;
				TARGETED_DEVICE_FAMILY = 1;
			};
			name = Debug;
		};
		C313D6ECD8457667DF4E3F38 /* Release */ = {
			isa = XCBuildConfiguration;
			buildSettings = {
				CODE_SIGN_IDENTITY = "";
				CURRENT_PROJECT_VERSION = 1;
				DEFINES_MODULE = YES;
				DYLIB_COMPATIBILITY_VERSION = 1;
				DYLIB_CURRENT_VERSION = 1;
				DYLIB_INSTALL_NAME_BASE = "@rpath";
				INFOPLIST_FILE = "Derived/InfoPlists/SettingScene-Info.plist";
				INSTALL_PATH = "$(LOCAL_LIBRARY_DIR)/Frameworks";
				IPHONEOS_DEPLOYMENT_TARGET = 16.0;
				LD_RUNPATH_SEARCH_PATHS = (
					"$(inherited)",
					"@executable_path/Frameworks",
					"@loader_path/Frameworks",
				);
				PRODUCT_BUNDLE_IDENTIFIER = com.sudo.park.SettingScene;
				PRODUCT_NAME = SettingScene;
				SDKROOT = iphoneos;
				SKIP_INSTALL = YES;
				SUPPORTS_MACCATALYST = NO;
				SUPPORTS_MAC_DESIGNED_FOR_IPHONE_IPAD = YES;
				SUPPORTS_XR_DESIGNED_FOR_IPHONE_IPAD = NO;
				SWIFT_COMPILATION_MODE = wholemodule;
				SWIFT_OPTIMIZATION_LEVEL = "-Owholemodule";
				SWIFT_VERSION = 5.0;
				TARGETED_DEVICE_FAMILY = 1;
				VERSIONING_SYSTEM = "apple-generic";
				VERSION_INFO_PREFIX = "";
			};
			name = Release;
		};
/* End XCBuildConfiguration section */

/* Begin XCConfigurationList section */
		5307196BB99F3466CB1150AA /* Build configuration list for PBXNativeTarget "SettingSceneTests" */ = {
			isa = XCConfigurationList;
			buildConfigurations = (
				5C4BAC263CF9192E4E7D8118 /* Debug */,
				3F21461EBB764A072CE47F3B /* Release */,
			);
			defaultConfigurationIsVisible = 0;
			defaultConfigurationName = Release;
		};
		7730E11E59EE3D4D37DCA115 /* Build configuration list for PBXNativeTarget "SettingScene" */ = {
			isa = XCConfigurationList;
			buildConfigurations = (
				4BB72E5FE1C23F68AD9640A4 /* Debug */,
				C313D6ECD8457667DF4E3F38 /* Release */,
			);
			defaultConfigurationIsVisible = 0;
			defaultConfigurationName = Release;
		};
		9810A94A9F7DE06CBA345B35 /* Build configuration list for PBXProject "SettingScene" */ = {
			isa = XCConfigurationList;
			buildConfigurations = (
				3C039BF7AA437E481B3AB6DA /* Debug */,
				2B6B16372C74ED4DCE73460D /* Release */,
			);
			defaultConfigurationIsVisible = 0;
			defaultConfigurationName = Release;
		};
/* End XCConfigurationList section */
	};
	rootObject = 504FBD01F4A8AB93D412323D /* Project object */;
}
