// !$*UTF8*$!
{
	archiveVersion = 1;
	classes = {
	};
	objectVersion = 55;
	objects = {

/* Begin PBXBuildFile section */
		0229148E87DFCC98D2EDE211 /* Scenes.framework in Frameworks */ = {isa = PBXBuildFile; fileRef = DA1B2BADD1D43BFB5155896B /* Scenes.framework */; };
		0351655477A33BA0EE8FF561 /* CalendarPaperViewController.swift in Sources */ = {isa = PBXBuildFile; fileRef = 1ADE0202D25E86A2DC91A719 /* CalendarPaperViewController.swift */; };
		0DAF1B841ED97C9BCFD44477 /* CalendarViewModelImpleTests.swift in Sources */ = {isa = PBXBuildFile; fileRef = 7B6B6B0A16D06598153C1119 /* CalendarViewModelImpleTests.swift */; };
		15F5F45761416B0E5570F89C /* UnitTestHelpKit.framework in Frameworks */ = {isa = PBXBuildFile; fileRef = 8E8B21430D3CA13AD938E982 /* UnitTestHelpKit.framework */; };
		16DAA67CDE0CCB8DC5E65C14 /* Common3rdParty.framework in Frameworks */ = {isa = PBXBuildFile; fileRef = F805EE6D159B391B6259A2AF /* Common3rdParty.framework */; };
		190368005D55CC5DD65467BA /* MonthViewModelImpleTests.swift in Sources */ = {isa = PBXBuildFile; fileRef = AD5A73E5FE7D662F455BD475 /* MonthViewModelImpleTests.swift */; };
		21F9A3D7DA27161D799A33F4 /* CalendarViewModel.swift in Sources */ = {isa = PBXBuildFile; fileRef = 51CC908C402B07001CDD1BB0 /* CalendarViewModel.swift */; };
		23EBB2053E1207CADE59AB2C /* MonthScene+Builder.swift in Sources */ = {isa = PBXBuildFile; fileRef = 426C20D84DC577F5E39F5A9E /* MonthScene+Builder.swift */; };
		25E97EFA9067FFCF8AA11472 /* WeekEventStackBuilderTests.swift in Sources */ = {isa = PBXBuildFile; fileRef = BEA4D6B75EDF75A5146759D5 /* WeekEventStackBuilderTests.swift */; };
		2B45BE423E823D981C8CC574 /* CalendarPaperBuilderImple.swift in Sources */ = {isa = PBXBuildFile; fileRef = E24CFBEC8B930D5FEEE019C5 /* CalendarPaperBuilderImple.swift */; };
		2F1EF9829AAAB0196399BF5F /* DayEventListBuilderImple.swift in Sources */ = {isa = PBXBuildFile; fileRef = 135963FAFCCFE87DBF795F63 /* DayEventListBuilderImple.swift */; };
		37F88FECAECA92F6490A4215 /* CalendarViewRouter.swift in Sources */ = {isa = PBXBuildFile; fileRef = C0304E5236529F509D3869E8 /* CalendarViewRouter.swift */; };
		4CCD7015C4532BC5776A8FBB /* MonthView.swift in Sources */ = {isa = PBXBuildFile; fileRef = 10F96A9462269438CE44D747 /* MonthView.swift */; };
		4FF8207B85055819BFD7C0BA /* CalendarScenesTests.swift in Sources */ = {isa = PBXBuildFile; fileRef = 490109B30FB3FE967BAC9969 /* CalendarScenesTests.swift */; };
		558F3B181F8B4CF435D13AC8 /* CalendarPaperRouter.swift in Sources */ = {isa = PBXBuildFile; fileRef = C05CBA46E7E4DE86CD8D30F6 /* CalendarPaperRouter.swift */; };
		616E4B91EA518F32A1364C41 /* Domain.framework in Frameworks */ = {isa = PBXBuildFile; fileRef = BA3979CDB8C2194712EA94DC /* Domain.framework */; };
		627709E90E0F6F0808DCFE68 /* CalendarViewController.swift in Sources */ = {isa = PBXBuildFile; fileRef = FB28593AF9AD4C9F544DF3BD /* CalendarViewController.swift */; };
		633C0B2C8C78614ECB17584A /* DayEventListViewModel.swift in Sources */ = {isa = PBXBuildFile; fileRef = 0E27A725EE5BC9B90F45C237 /* DayEventListViewModel.swift */; };
		66E8A0183802075C320BDE21 /* CalendarScenes.h in Headers */ = {isa = PBXBuildFile; fileRef = C7B1CAB6CF15E1DC13EDBEDE /* CalendarScenes.h */; settings = {ATTRIBUTES = (Public, ); }; };
		6768E1854FB59DC1DB2966D8 /* CalendarScenes.framework in Frameworks */ = {isa = PBXBuildFile; fileRef = DD402DE3C55146BF918BD6E2 /* CalendarScenes.framework */; };
		6A184AB381DDF88E0C54F070 /* EventCellViewModel.swift in Sources */ = {isa = PBXBuildFile; fileRef = 17315F26029487CB1ECE1D13 /* EventCellViewModel.swift */; };
		6FFB8B4D8B31422B2AC69134 /* MonthSceneBuilderImple.swift in Sources */ = {isa = PBXBuildFile; fileRef = 0186B60D11676C6D609A2B4F /* MonthSceneBuilderImple.swift */; };
		7C4418554DFCDDAA1CAA223F /* WeekEventStackBuilder.swift in Sources */ = {isa = PBXBuildFile; fileRef = 0B33F2EAA6E8C25FEB9EB053 /* WeekEventStackBuilder.swift */; };
		83CCF169551179FC29DEACBA /* DayEventListViewController.swift in Sources */ = {isa = PBXBuildFile; fileRef = 92C60B99F9AE650CD8E0C7AE /* DayEventListViewController.swift */; };
		83F69B4D779A923E470A3B68 /* CalendarPaperViewModel.swift in Sources */ = {isa = PBXBuildFile; fileRef = 6CFB7494E0BD8C21A09B51A3 /* CalendarPaperViewModel.swift */; };
		8A24995898585D9B351B0C3E /* DayEventListScene+Builder.swift in Sources */ = {isa = PBXBuildFile; fileRef = 31AEECC57EAB460B0039E4E5 /* DayEventListScene+Builder.swift */; };
		9AD526827888FCCE2A0B64B7 /* MonthViewModel.swift in Sources */ = {isa = PBXBuildFile; fileRef = 46996EB3EE96FAA88D3F2C53 /* MonthViewModel.swift */; };
		A0F7AB02B113FD8664C479D5 /* DayEventListViewModelImpleTests.swift in Sources */ = {isa = PBXBuildFile; fileRef = 602D97956C2F6326F7979A41 /* DayEventListViewModelImpleTests.swift */; };
		A104A492320C2ADC80D75B98 /* TestDoubles.framework in Frameworks */ = {isa = PBXBuildFile; fileRef = FA8FB9B907CE1D3205E5025D /* TestDoubles.framework */; };
		A7BE0249E4B61AF223008559 /* CalendarEvent.swift in Sources */ = {isa = PBXBuildFile; fileRef = 0690EF6E95BA5EA439FD0CFF /* CalendarEvent.swift */; };
		B24898CDB8BB62828FC6F1D6 /* CalendarPaperViewModelImpleTests.swift in Sources */ = {isa = PBXBuildFile; fileRef = BA7FEAEE6C3DEE6DE60099E8 /* CalendarPaperViewModelImpleTests.swift */; };
		B7D804CD643501C7CA18277B /* Extensions.framework in Frameworks */ = {isa = PBXBuildFile; fileRef = C7365EE9FF3D9D45F4FB5731 /* Extensions.framework */; };
		CB2859E50DB0B57CD9386C82 /* CalendarPaperScene+Builder.swift in Sources */ = {isa = PBXBuildFile; fileRef = 9EED4D8A1FCBF0A6AC274E69 /* CalendarPaperScene+Builder.swift */; };
		D2FF09904A8C98A60C8DB3B6 /* CalendarSceneBuilderImple.swift in Sources */ = {isa = PBXBuildFile; fileRef = F9B22BA2A5367C06EE22BB5B /* CalendarSceneBuilderImple.swift */; };
		D39D42CF2DAB0B3E5CDE7AB1 /* CommonPresentation.framework in Frameworks */ = {isa = PBXBuildFile; fileRef = 24030E80CDA0BF09A43199EF /* CommonPresentation.framework */; };
		DE571A566293B8F0FB97828D /* MonthViewController.swift in Sources */ = {isa = PBXBuildFile; fileRef = 24F6B70DBBDABBE8313140C1 /* MonthViewController.swift */; };
		E415D4E956BE415EFB61460A /* DayEventListView.swift in Sources */ = {isa = PBXBuildFile; fileRef = 4618548E704174C1590F7B4B /* DayEventListView.swift */; };
		EA462256ADB156B8945CBE48 /* DayEventListRouter.swift in Sources */ = {isa = PBXBuildFile; fileRef = B5A0C43F6FECF361C2E7EE9B /* DayEventListRouter.swift */; };
/* End PBXBuildFile section */

/* Begin PBXContainerItemProxy section */
		3296E91F061CB7A980882DFA /* PBXContainerItemProxy */ = {
			isa = PBXContainerItemProxy;
			containerPortal = 7F2FDEC51D1AE9B0F9547240 /* Project object */;
			proxyType = 1;
			remoteGlobalIDString = C411270D9867900A1E3F83CB;
			remoteInfo = CalendarScenes;
		};
/* End PBXContainerItemProxy section */

/* Begin PBXCopyFilesBuildPhase section */
		C498613BDC5751E5EA14CBF9 /* Embed Frameworks */ = {
			isa = PBXCopyFilesBuildPhase;
			buildActionMask = 2147483647;
			dstPath = "";
			dstSubfolderSpec = 10;
			files = (
			);
			name = "Embed Frameworks";
			runOnlyForDeploymentPostprocessing = 0;
		};
		F3E473131FDD328212802AB4 /* Embed Frameworks */ = {
			isa = PBXCopyFilesBuildPhase;
			buildActionMask = 2147483647;
			dstPath = "";
			dstSubfolderSpec = 10;
			files = (
			);
			name = "Embed Frameworks";
			runOnlyForDeploymentPostprocessing = 0;
		};
/* End PBXCopyFilesBuildPhase section */

/* Begin PBXFileReference section */
		0186B60D11676C6D609A2B4F /* MonthSceneBuilderImple.swift */ = {isa = PBXFileReference; lastKnownFileType = sourcecode.swift; path = MonthSceneBuilderImple.swift; sourceTree = "<group>"; };
		0690EF6E95BA5EA439FD0CFF /* CalendarEvent.swift */ = {isa = PBXFileReference; lastKnownFileType = sourcecode.swift; path = CalendarEvent.swift; sourceTree = "<group>"; };
		0B33F2EAA6E8C25FEB9EB053 /* WeekEventStackBuilder.swift */ = {isa = PBXFileReference; lastKnownFileType = sourcecode.swift; path = WeekEventStackBuilder.swift; sourceTree = "<group>"; };
		0E27A725EE5BC9B90F45C237 /* DayEventListViewModel.swift */ = {isa = PBXFileReference; lastKnownFileType = sourcecode.swift; path = DayEventListViewModel.swift; sourceTree = "<group>"; };
		10F96A9462269438CE44D747 /* MonthView.swift */ = {isa = PBXFileReference; lastKnownFileType = sourcecode.swift; path = MonthView.swift; sourceTree = "<group>"; };
		135963FAFCCFE87DBF795F63 /* DayEventListBuilderImple.swift */ = {isa = PBXFileReference; lastKnownFileType = sourcecode.swift; path = DayEventListBuilderImple.swift; sourceTree = "<group>"; };
		1495FB384559A03B0DC19426 /* CalendarScenesTests-Info.plist */ = {isa = PBXFileReference; lastKnownFileType = text.plist; path = "CalendarScenesTests-Info.plist"; sourceTree = "<group>"; };
		17315F26029487CB1ECE1D13 /* EventCellViewModel.swift */ = {isa = PBXFileReference; lastKnownFileType = sourcecode.swift; path = EventCellViewModel.swift; sourceTree = "<group>"; };
		1ADE0202D25E86A2DC91A719 /* CalendarPaperViewController.swift */ = {isa = PBXFileReference; lastKnownFileType = sourcecode.swift; path = CalendarPaperViewController.swift; sourceTree = "<group>"; };
		24030E80CDA0BF09A43199EF /* CommonPresentation.framework */ = {isa = PBXFileReference; explicitFileType = wrapper.framework; includeInIndex = 0; path = CommonPresentation.framework; sourceTree = BUILT_PRODUCTS_DIR; };
		24F6B70DBBDABBE8313140C1 /* MonthViewController.swift */ = {isa = PBXFileReference; lastKnownFileType = sourcecode.swift; path = MonthViewController.swift; sourceTree = "<group>"; };
		31AEECC57EAB460B0039E4E5 /* DayEventListScene+Builder.swift */ = {isa = PBXFileReference; lastKnownFileType = sourcecode.swift; path = "DayEventListScene+Builder.swift"; sourceTree = "<group>"; };
		426C20D84DC577F5E39F5A9E /* MonthScene+Builder.swift */ = {isa = PBXFileReference; lastKnownFileType = sourcecode.swift; path = "MonthScene+Builder.swift"; sourceTree = "<group>"; };
		4618548E704174C1590F7B4B /* DayEventListView.swift */ = {isa = PBXFileReference; lastKnownFileType = sourcecode.swift; path = DayEventListView.swift; sourceTree = "<group>"; };
		46996EB3EE96FAA88D3F2C53 /* MonthViewModel.swift */ = {isa = PBXFileReference; lastKnownFileType = sourcecode.swift; path = MonthViewModel.swift; sourceTree = "<group>"; };
		490109B30FB3FE967BAC9969 /* CalendarScenesTests.swift */ = {isa = PBXFileReference; lastKnownFileType = sourcecode.swift; path = CalendarScenesTests.swift; sourceTree = "<group>"; };
		4A9D357D8EEAA7BC9720C579 /* CalendarScenes-Info.plist */ = {isa = PBXFileReference; lastKnownFileType = text.plist; path = "CalendarScenes-Info.plist"; sourceTree = "<group>"; };
		51CC908C402B07001CDD1BB0 /* CalendarViewModel.swift */ = {isa = PBXFileReference; lastKnownFileType = sourcecode.swift; path = CalendarViewModel.swift; sourceTree = "<group>"; };
		602D97956C2F6326F7979A41 /* DayEventListViewModelImpleTests.swift */ = {isa = PBXFileReference; lastKnownFileType = sourcecode.swift; path = DayEventListViewModelImpleTests.swift; sourceTree = "<group>"; };
		6CFB7494E0BD8C21A09B51A3 /* CalendarPaperViewModel.swift */ = {isa = PBXFileReference; lastKnownFileType = sourcecode.swift; path = CalendarPaperViewModel.swift; sourceTree = "<group>"; };
		7B6B6B0A16D06598153C1119 /* CalendarViewModelImpleTests.swift */ = {isa = PBXFileReference; lastKnownFileType = sourcecode.swift; path = CalendarViewModelImpleTests.swift; sourceTree = "<group>"; };
		8E8B21430D3CA13AD938E982 /* UnitTestHelpKit.framework */ = {isa = PBXFileReference; explicitFileType = wrapper.framework; includeInIndex = 0; path = UnitTestHelpKit.framework; sourceTree = BUILT_PRODUCTS_DIR; };
		92C60B99F9AE650CD8E0C7AE /* DayEventListViewController.swift */ = {isa = PBXFileReference; lastKnownFileType = sourcecode.swift; path = DayEventListViewController.swift; sourceTree = "<group>"; };
		9EED4D8A1FCBF0A6AC274E69 /* CalendarPaperScene+Builder.swift */ = {isa = PBXFileReference; lastKnownFileType = sourcecode.swift; path = "CalendarPaperScene+Builder.swift"; sourceTree = "<group>"; };
		AD5A73E5FE7D662F455BD475 /* MonthViewModelImpleTests.swift */ = {isa = PBXFileReference; lastKnownFileType = sourcecode.swift; path = MonthViewModelImpleTests.swift; sourceTree = "<group>"; };
		B5A0C43F6FECF361C2E7EE9B /* DayEventListRouter.swift */ = {isa = PBXFileReference; lastKnownFileType = sourcecode.swift; path = DayEventListRouter.swift; sourceTree = "<group>"; };
		BA3979CDB8C2194712EA94DC /* Domain.framework */ = {isa = PBXFileReference; explicitFileType = wrapper.framework; includeInIndex = 0; path = Domain.framework; sourceTree = BUILT_PRODUCTS_DIR; };
		BA7FEAEE6C3DEE6DE60099E8 /* CalendarPaperViewModelImpleTests.swift */ = {isa = PBXFileReference; lastKnownFileType = sourcecode.swift; path = CalendarPaperViewModelImpleTests.swift; sourceTree = "<group>"; };
		BEA4D6B75EDF75A5146759D5 /* WeekEventStackBuilderTests.swift */ = {isa = PBXFileReference; lastKnownFileType = sourcecode.swift; path = WeekEventStackBuilderTests.swift; sourceTree = "<group>"; };
		C0304E5236529F509D3869E8 /* CalendarViewRouter.swift */ = {isa = PBXFileReference; lastKnownFileType = sourcecode.swift; path = CalendarViewRouter.swift; sourceTree = "<group>"; };
		C05CBA46E7E4DE86CD8D30F6 /* CalendarPaperRouter.swift */ = {isa = PBXFileReference; lastKnownFileType = sourcecode.swift; path = CalendarPaperRouter.swift; sourceTree = "<group>"; };
		C7365EE9FF3D9D45F4FB5731 /* Extensions.framework */ = {isa = PBXFileReference; explicitFileType = wrapper.framework; includeInIndex = 0; path = Extensions.framework; sourceTree = BUILT_PRODUCTS_DIR; };
		C7B1CAB6CF15E1DC13EDBEDE /* CalendarScenes.h */ = {isa = PBXFileReference; lastKnownFileType = sourcecode.c.h; path = CalendarScenes.h; sourceTree = "<group>"; };
		DA1B2BADD1D43BFB5155896B /* Scenes.framework */ = {isa = PBXFileReference; explicitFileType = wrapper.framework; includeInIndex = 0; path = Scenes.framework; sourceTree = BUILT_PRODUCTS_DIR; };
		DD0E527A71F67179AFBF79CE /* CalendarScenesTests.xctest */ = {isa = PBXFileReference; explicitFileType = wrapper.cfbundle; includeInIndex = 0; path = CalendarScenesTests.xctest; sourceTree = BUILT_PRODUCTS_DIR; };
		DD402DE3C55146BF918BD6E2 /* CalendarScenes.framework */ = {isa = PBXFileReference; explicitFileType = wrapper.framework; includeInIndex = 0; path = CalendarScenes.framework; sourceTree = BUILT_PRODUCTS_DIR; };
		E24CFBEC8B930D5FEEE019C5 /* CalendarPaperBuilderImple.swift */ = {isa = PBXFileReference; lastKnownFileType = sourcecode.swift; path = CalendarPaperBuilderImple.swift; sourceTree = "<group>"; };
		F805EE6D159B391B6259A2AF /* Common3rdParty.framework */ = {isa = PBXFileReference; explicitFileType = wrapper.framework; includeInIndex = 0; path = Common3rdParty.framework; sourceTree = BUILT_PRODUCTS_DIR; };
		F9B22BA2A5367C06EE22BB5B /* CalendarSceneBuilderImple.swift */ = {isa = PBXFileReference; lastKnownFileType = sourcecode.swift; path = CalendarSceneBuilderImple.swift; sourceTree = "<group>"; };
		FA8FB9B907CE1D3205E5025D /* TestDoubles.framework */ = {isa = PBXFileReference; explicitFileType = wrapper.framework; includeInIndex = 0; path = TestDoubles.framework; sourceTree = BUILT_PRODUCTS_DIR; };
		FB28593AF9AD4C9F544DF3BD /* CalendarViewController.swift */ = {isa = PBXFileReference; lastKnownFileType = sourcecode.swift; path = CalendarViewController.swift; sourceTree = "<group>"; };
/* End PBXFileReference section */

/* Begin PBXFrameworksBuildPhase section */
		26B1DC97E9EF23884FBDD6FF /* Frameworks */ = {
			isa = PBXFrameworksBuildPhase;
			buildActionMask = 2147483647;
			files = (
				6768E1854FB59DC1DB2966D8 /* CalendarScenes.framework in Frameworks */,
				A104A492320C2ADC80D75B98 /* TestDoubles.framework in Frameworks */,
				15F5F45761416B0E5570F89C /* UnitTestHelpKit.framework in Frameworks */,
			);
			runOnlyForDeploymentPostprocessing = 0;
		};
		435B2B1133C03CB7D0244487 /* Frameworks */ = {
			isa = PBXFrameworksBuildPhase;
			buildActionMask = 2147483647;
			files = (
				16DAA67CDE0CCB8DC5E65C14 /* Common3rdParty.framework in Frameworks */,
				D39D42CF2DAB0B3E5CDE7AB1 /* CommonPresentation.framework in Frameworks */,
				616E4B91EA518F32A1364C41 /* Domain.framework in Frameworks */,
				B7D804CD643501C7CA18277B /* Extensions.framework in Frameworks */,
				0229148E87DFCC98D2EDE211 /* Scenes.framework in Frameworks */,
			);
			runOnlyForDeploymentPostprocessing = 0;
		};
/* End PBXFrameworksBuildPhase section */

/* Begin PBXGroup section */
		22E88DB05B212FDE7972E59A /* Calendar */ = {
			isa = PBXGroup;
			children = (
				7B6B6B0A16D06598153C1119 /* CalendarViewModelImpleTests.swift */,
			);
			path = Calendar;
			sourceTree = "<group>";
		};
		2CD94292D42AAC8FA5E83A03 = {
			isa = PBXGroup;
			children = (
				C1A68FC991E2ED7D065F8606 /* Project */,
				3E47F7E61773590D17AFCF43 /* Frameworks */,
				CF8CE07D0EBBBAAA302625B0 /* Products */,
			);
			sourceTree = "<group>";
		};
		3287DBF30E33AC71C0667150 /* Month */ = {
			isa = PBXGroup;
			children = (
				AD5A73E5FE7D662F455BD475 /* MonthViewModelImpleTests.swift */,
				BEA4D6B75EDF75A5146759D5 /* WeekEventStackBuilderTests.swift */,
			);
			path = Month;
			sourceTree = "<group>";
		};
		3988B0A496A7CFF8C9D88F91 /* Sources */ = {
			isa = PBXGroup;
			children = (
				7301D79078ADB5F6B1EB7F4D /* CalendarPaper */,
				BC9C64D36C218ADCBC5F4099 /* DayEventList */,
				AA68108D458637681D441413 /* Month */,
				8F5C19E9AB65720BEEE70872 /* ViewUsecase */,
				F9B22BA2A5367C06EE22BB5B /* CalendarSceneBuilderImple.swift */,
				FB28593AF9AD4C9F544DF3BD /* CalendarViewController.swift */,
				51CC908C402B07001CDD1BB0 /* CalendarViewModel.swift */,
				C0304E5236529F509D3869E8 /* CalendarViewRouter.swift */,
			);
			path = Sources;
			sourceTree = "<group>";
		};
		3E47F7E61773590D17AFCF43 /* Frameworks */ = {
			isa = PBXGroup;
			children = (
			);
			name = Frameworks;
			sourceTree = "<group>";
		};
		513B6286590922DF754579DD /* Derived */ = {
			isa = PBXGroup;
			children = (
				AF3D4FAA30633AD13E960633 /* InfoPlists */,
			);
			path = Derived;
			sourceTree = "<group>";
		};
		7301D79078ADB5F6B1EB7F4D /* CalendarPaper */ = {
			isa = PBXGroup;
			children = (
				E24CFBEC8B930D5FEEE019C5 /* CalendarPaperBuilderImple.swift */,
				C05CBA46E7E4DE86CD8D30F6 /* CalendarPaperRouter.swift */,
				9EED4D8A1FCBF0A6AC274E69 /* CalendarPaperScene+Builder.swift */,
				1ADE0202D25E86A2DC91A719 /* CalendarPaperViewController.swift */,
				6CFB7494E0BD8C21A09B51A3 /* CalendarPaperViewModel.swift */,
			);
			path = CalendarPaper;
			sourceTree = "<group>";
		};
		7CB435B1C40705D3C5DEC8D2 /* CalendarPaper */ = {
			isa = PBXGroup;
			children = (
				BA7FEAEE6C3DEE6DE60099E8 /* CalendarPaperViewModelImpleTests.swift */,
			);
			path = CalendarPaper;
			sourceTree = "<group>";
		};
		8F5C19E9AB65720BEEE70872 /* ViewUsecase */ = {
			isa = PBXGroup;
			children = (
				0690EF6E95BA5EA439FD0CFF /* CalendarEvent.swift */,
			);
			path = ViewUsecase;
			sourceTree = "<group>";
		};
		AA68108D458637681D441413 /* Month */ = {
			isa = PBXGroup;
			children = (
				426C20D84DC577F5E39F5A9E /* MonthScene+Builder.swift */,
				0186B60D11676C6D609A2B4F /* MonthSceneBuilderImple.swift */,
				10F96A9462269438CE44D747 /* MonthView.swift */,
				24F6B70DBBDABBE8313140C1 /* MonthViewController.swift */,
				46996EB3EE96FAA88D3F2C53 /* MonthViewModel.swift */,
				0B33F2EAA6E8C25FEB9EB053 /* WeekEventStackBuilder.swift */,
			);
			path = Month;
			sourceTree = "<group>";
		};
		AAA75C6A770B4B723D2D7A52 /* CalendarScenesTests */ = {
			isa = PBXGroup;
			children = (
				22E88DB05B212FDE7972E59A /* Calendar */,
				7CB435B1C40705D3C5DEC8D2 /* CalendarPaper */,
				D6DFEE45656C35731425BD04 /* DayEventList */,
				3287DBF30E33AC71C0667150 /* Month */,
				490109B30FB3FE967BAC9969 /* CalendarScenesTests.swift */,
			);
			path = CalendarScenesTests;
			sourceTree = "<group>";
		};
		AF3D4FAA30633AD13E960633 /* InfoPlists */ = {
			isa = PBXGroup;
			children = (
				4A9D357D8EEAA7BC9720C579 /* CalendarScenes-Info.plist */,
				1495FB384559A03B0DC19426 /* CalendarScenesTests-Info.plist */,
			);
			path = InfoPlists;
			sourceTree = "<group>";
		};
		BC9C64D36C218ADCBC5F4099 /* DayEventList */ = {
			isa = PBXGroup;
			children = (
				135963FAFCCFE87DBF795F63 /* DayEventListBuilderImple.swift */,
				B5A0C43F6FECF361C2E7EE9B /* DayEventListRouter.swift */,
				31AEECC57EAB460B0039E4E5 /* DayEventListScene+Builder.swift */,
				4618548E704174C1590F7B4B /* DayEventListView.swift */,
				92C60B99F9AE650CD8E0C7AE /* DayEventListViewController.swift */,
				0E27A725EE5BC9B90F45C237 /* DayEventListViewModel.swift */,
				17315F26029487CB1ECE1D13 /* EventCellViewModel.swift */,
			);
			path = DayEventList;
			sourceTree = "<group>";
		};
		C1A68FC991E2ED7D065F8606 /* Project */ = {
			isa = PBXGroup;
			children = (
				AAA75C6A770B4B723D2D7A52 /* CalendarScenesTests */,
				513B6286590922DF754579DD /* Derived */,
				3988B0A496A7CFF8C9D88F91 /* Sources */,
				C7B1CAB6CF15E1DC13EDBEDE /* CalendarScenes.h */,
			);
			name = Project;
			sourceTree = "<group>";
		};
		CF8CE07D0EBBBAAA302625B0 /* Products */ = {
			isa = PBXGroup;
			children = (
				DD402DE3C55146BF918BD6E2 /* CalendarScenes.framework */,
				DD0E527A71F67179AFBF79CE /* CalendarScenesTests.xctest */,
				F805EE6D159B391B6259A2AF /* Common3rdParty.framework */,
				24030E80CDA0BF09A43199EF /* CommonPresentation.framework */,
				BA3979CDB8C2194712EA94DC /* Domain.framework */,
				C7365EE9FF3D9D45F4FB5731 /* Extensions.framework */,
				DA1B2BADD1D43BFB5155896B /* Scenes.framework */,
				FA8FB9B907CE1D3205E5025D /* TestDoubles.framework */,
				8E8B21430D3CA13AD938E982 /* UnitTestHelpKit.framework */,
			);
			name = Products;
			sourceTree = "<group>";
		};
		D6DFEE45656C35731425BD04 /* DayEventList */ = {
			isa = PBXGroup;
			children = (
				602D97956C2F6326F7979A41 /* DayEventListViewModelImpleTests.swift */,
			);
			path = DayEventList;
			sourceTree = "<group>";
		};
/* End PBXGroup section */

/* Begin PBXHeadersBuildPhase section */
		4D0C7521BC1ECAF8FC66C05A /* Headers */ = {
			isa = PBXHeadersBuildPhase;
			buildActionMask = 2147483647;
			files = (
				66E8A0183802075C320BDE21 /* CalendarScenes.h in Headers */,
			);
			runOnlyForDeploymentPostprocessing = 0;
		};
/* End PBXHeadersBuildPhase section */

/* Begin PBXNativeTarget section */
		047FA6E5931A2A4371EEB620 /* CalendarScenesTests */ = {
			isa = PBXNativeTarget;
			buildConfigurationList = A0C2E534EB8118064F1DDFC0 /* Build configuration list for PBXNativeTarget "CalendarScenesTests" */;
			buildPhases = (
				537B8879B61B98A8419BC422 /* Sources */,
				1C13A629C40B92FD949F5903 /* Resources */,
				C498613BDC5751E5EA14CBF9 /* Embed Frameworks */,
				26B1DC97E9EF23884FBDD6FF /* Frameworks */,
			);
			buildRules = (
			);
			dependencies = (
				10F57ACABC255F4DE36AD524 /* PBXTargetDependency */,
			);
			name = CalendarScenesTests;
			productName = CalendarScenesTests;
			productReference = DD0E527A71F67179AFBF79CE /* CalendarScenesTests.xctest */;
			productType = "com.apple.product-type.bundle.unit-test";
		};
		C411270D9867900A1E3F83CB /* CalendarScenes */ = {
			isa = PBXNativeTarget;
			buildConfigurationList = E06901482694DBEEF15C9C31 /* Build configuration list for PBXNativeTarget "CalendarScenes" */;
			buildPhases = (
				4D0C7521BC1ECAF8FC66C05A /* Headers */,
				67D61D36621CB09E45F632F4 /* Sources */,
				0E2E3FB969CB5F9AD7F10317 /* Resources */,
				F3E473131FDD328212802AB4 /* Embed Frameworks */,
				435B2B1133C03CB7D0244487 /* Frameworks */,
			);
			buildRules = (
			);
			dependencies = (
			);
			name = CalendarScenes;
			productName = CalendarScenes;
			productReference = DD402DE3C55146BF918BD6E2 /* CalendarScenes.framework */;
			productType = "com.apple.product-type.framework";
		};
/* End PBXNativeTarget section */

/* Begin PBXProject section */
		7F2FDEC51D1AE9B0F9547240 /* Project object */ = {
			isa = PBXProject;
			attributes = {
				BuildIndependentTargetsInParallel = YES;
				ORGANIZATIONNAME = com.sudo.park;
				TargetAttributes = {
				};
			};
			buildConfigurationList = 60701E8837C461876C16BAB8 /* Build configuration list for PBXProject "CalendarScenes" */;
			compatibilityVersion = "Xcode 14.0";
			developmentRegion = en;
			hasScannedForEncodings = 0;
			knownRegions = (
				Base,
				en,
			);
			mainGroup = 2CD94292D42AAC8FA5E83A03;
			productRefGroup = CF8CE07D0EBBBAAA302625B0 /* Products */;
			projectDirPath = "";
			projectRoot = "";
			targets = (
				C411270D9867900A1E3F83CB /* CalendarScenes */,
				047FA6E5931A2A4371EEB620 /* CalendarScenesTests */,
			);
		};
/* End PBXProject section */

/* Begin PBXResourcesBuildPhase section */
		0E2E3FB969CB5F9AD7F10317 /* Resources */ = {
			isa = PBXResourcesBuildPhase;
			buildActionMask = 2147483647;
			files = (
			);
			runOnlyForDeploymentPostprocessing = 0;
		};
		1C13A629C40B92FD949F5903 /* Resources */ = {
			isa = PBXResourcesBuildPhase;
			buildActionMask = 2147483647;
			files = (
			);
			runOnlyForDeploymentPostprocessing = 0;
		};
/* End PBXResourcesBuildPhase section */

/* Begin PBXSourcesBuildPhase section */
		537B8879B61B98A8419BC422 /* Sources */ = {
			isa = PBXSourcesBuildPhase;
			buildActionMask = 2147483647;
			files = (
				0DAF1B841ED97C9BCFD44477 /* CalendarViewModelImpleTests.swift in Sources */,
				B24898CDB8BB62828FC6F1D6 /* CalendarPaperViewModelImpleTests.swift in Sources */,
				4FF8207B85055819BFD7C0BA /* CalendarScenesTests.swift in Sources */,
				A0F7AB02B113FD8664C479D5 /* DayEventListViewModelImpleTests.swift in Sources */,
				190368005D55CC5DD65467BA /* MonthViewModelImpleTests.swift in Sources */,
				25E97EFA9067FFCF8AA11472 /* WeekEventStackBuilderTests.swift in Sources */,
			);
			runOnlyForDeploymentPostprocessing = 0;
		};
		67D61D36621CB09E45F632F4 /* Sources */ = {
			isa = PBXSourcesBuildPhase;
			buildActionMask = 2147483647;
			files = (
				2B45BE423E823D981C8CC574 /* CalendarPaperBuilderImple.swift in Sources */,
				558F3B181F8B4CF435D13AC8 /* CalendarPaperRouter.swift in Sources */,
				CB2859E50DB0B57CD9386C82 /* CalendarPaperScene+Builder.swift in Sources */,
				0351655477A33BA0EE8FF561 /* CalendarPaperViewController.swift in Sources */,
				83F69B4D779A923E470A3B68 /* CalendarPaperViewModel.swift in Sources */,
				D2FF09904A8C98A60C8DB3B6 /* CalendarSceneBuilderImple.swift in Sources */,
				627709E90E0F6F0808DCFE68 /* CalendarViewController.swift in Sources */,
				21F9A3D7DA27161D799A33F4 /* CalendarViewModel.swift in Sources */,
				37F88FECAECA92F6490A4215 /* CalendarViewRouter.swift in Sources */,
				2F1EF9829AAAB0196399BF5F /* DayEventListBuilderImple.swift in Sources */,
				EA462256ADB156B8945CBE48 /* DayEventListRouter.swift in Sources */,
				8A24995898585D9B351B0C3E /* DayEventListScene+Builder.swift in Sources */,
				E415D4E956BE415EFB61460A /* DayEventListView.swift in Sources */,
				83CCF169551179FC29DEACBA /* DayEventListViewController.swift in Sources */,
				633C0B2C8C78614ECB17584A /* DayEventListViewModel.swift in Sources */,
				6A184AB381DDF88E0C54F070 /* EventCellViewModel.swift in Sources */,
				23EBB2053E1207CADE59AB2C /* MonthScene+Builder.swift in Sources */,
				6FFB8B4D8B31422B2AC69134 /* MonthSceneBuilderImple.swift in Sources */,
				4CCD7015C4532BC5776A8FBB /* MonthView.swift in Sources */,
				DE571A566293B8F0FB97828D /* MonthViewController.swift in Sources */,
				9AD526827888FCCE2A0B64B7 /* MonthViewModel.swift in Sources */,
				7C4418554DFCDDAA1CAA223F /* WeekEventStackBuilder.swift in Sources */,
				A7BE0249E4B61AF223008559 /* CalendarEvent.swift in Sources */,
			);
			runOnlyForDeploymentPostprocessing = 0;
		};
/* End PBXSourcesBuildPhase section */

/* Begin PBXTargetDependency section */
		10F57ACABC255F4DE36AD524 /* PBXTargetDependency */ = {
			isa = PBXTargetDependency;
			name = CalendarScenes;
			target = C411270D9867900A1E3F83CB /* CalendarScenes */;
			targetProxy = 3296E91F061CB7A980882DFA /* PBXContainerItemProxy */;
		};
/* End PBXTargetDependency section */

/* Begin XCBuildConfiguration section */
		285705BC49CB1E486608D4DF /* Debug */ = {
			isa = XCBuildConfiguration;
			buildSettings = {
				CODE_SIGN_IDENTITY = "";
				CURRENT_PROJECT_VERSION = 1;
				DEFINES_MODULE = YES;
				DYLIB_COMPATIBILITY_VERSION = 1;
				DYLIB_CURRENT_VERSION = 1;
				DYLIB_INSTALL_NAME_BASE = "@rpath";
				INFOPLIST_FILE = "Derived/InfoPlists/CalendarScenes-Info.plist";
				INSTALL_PATH = "$(LOCAL_LIBRARY_DIR)/Frameworks";
				IPHONEOS_DEPLOYMENT_TARGET = 16.0;
				LD_RUNPATH_SEARCH_PATHS = (
					"$(inherited)",
					"@executable_path/Frameworks",
					"@loader_path/Frameworks",
				);
				PRODUCT_BUNDLE_IDENTIFIER = com.sudo.park.CalendarScenes;
				PRODUCT_NAME = CalendarScenes;
				SDKROOT = iphoneos;
				SKIP_INSTALL = YES;
				SUPPORTS_MACCATALYST = NO;
				SUPPORTS_MAC_DESIGNED_FOR_IPHONE_IPAD = YES;
				SUPPORTS_XR_DESIGNED_FOR_IPHONE_IPAD = NO;
				SWIFT_ACTIVE_COMPILATION_CONDITIONS = DEBUG;
				SWIFT_COMPILATION_MODE = singlefile;
				SWIFT_OPTIMIZATION_LEVEL = "-Onone";
				SWIFT_VERSION = 5.0;
				TARGETED_DEVICE_FAMILY = 1;
				VERSIONING_SYSTEM = "apple-generic";
				VERSION_INFO_PREFIX = "";
			};
			name = Debug;
		};
		40901B4C30C8A8E9E60E0AE3 /* Release */ = {
			isa = XCBuildConfiguration;
			buildSettings = {
				ALWAYS_SEARCH_USER_PATHS = NO;
				CLANG_ANALYZER_LOCALIZABILITY_NONLOCALIZED = YES;
				CLANG_ANALYZER_NONNULL = YES;
				CLANG_ANALYZER_NUMBER_OBJECT_CONVERSION = YES_AGGRESSIVE;
				CLANG_CXX_LANGUAGE_STANDARD = "gnu++14";
				CLANG_CXX_LIBRARY = "libc++";
				CLANG_ENABLE_MODULES = YES;
				CLANG_ENABLE_OBJC_ARC = YES;
				CLANG_ENABLE_OBJC_WEAK = YES;
				CLANG_WARN_BLOCK_CAPTURE_AUTORELEASING = YES;
				CLANG_WARN_BOOL_CONVERSION = YES;
				CLANG_WARN_COMMA = YES;
				CLANG_WARN_CONSTANT_CONVERSION = YES;
				CLANG_WARN_DEPRECATED_OBJC_IMPLEMENTATIONS = YES;
				CLANG_WARN_DIRECT_OBJC_ISA_USAGE = YES_ERROR;
				CLANG_WARN_DOCUMENTATION_COMMENTS = YES;
				CLANG_WARN_EMPTY_BODY = YES;
				CLANG_WARN_ENUM_CONVERSION = YES;
				CLANG_WARN_INFINITE_RECURSION = YES;
				CLANG_WARN_INT_CONVERSION = YES;
				CLANG_WARN_NON_LITERAL_NULL_CONVERSION = YES;
				CLANG_WARN_OBJC_IMPLICIT_RETAIN_SELF = YES;
				CLANG_WARN_OBJC_LITERAL_CONVERSION = YES;
				CLANG_WARN_OBJC_ROOT_CLASS = YES_ERROR;
				CLANG_WARN_QUOTED_INCLUDE_IN_FRAMEWORK_HEADER = YES;
				CLANG_WARN_RANGE_LOOP_ANALYSIS = YES;
				CLANG_WARN_STRICT_PROTOTYPES = YES;
				CLANG_WARN_SUSPICIOUS_MOVE = YES;
				CLANG_WARN_UNGUARDED_AVAILABILITY = YES_AGGRESSIVE;
				CLANG_WARN_UNREACHABLE_CODE = YES;
				CLANG_WARN__DUPLICATE_METHOD_MATCH = YES;
				COPY_PHASE_STRIP = NO;
				DEAD_CODE_STRIPPING = YES;
				DEBUG_INFORMATION_FORMAT = "dwarf-with-dsym";
				ENABLE_NS_ASSERTIONS = NO;
				ENABLE_STRICT_OBJC_MSGSEND = YES;
				GCC_C_LANGUAGE_STANDARD = gnu11;
				GCC_NO_COMMON_BLOCKS = YES;
				GCC_WARN_64_TO_32_BIT_CONVERSION = YES;
				GCC_WARN_ABOUT_RETURN_TYPE = YES_ERROR;
				GCC_WARN_UNDECLARED_SELECTOR = YES;
				GCC_WARN_UNINITIALIZED_AUTOS = YES_AGGRESSIVE;
				GCC_WARN_UNUSED_FUNCTION = YES;
				GCC_WARN_UNUSED_VARIABLE = YES;
				MTL_ENABLE_DEBUG_INFO = NO;
				PRODUCT_NAME = "$(TARGET_NAME)";
				VALIDATE_PRODUCT = YES;
			};
			name = Release;
		};
		44D8B06F37D6D8E1718E89E5 /* Release */ = {
			isa = XCBuildConfiguration;
			buildSettings = {
				CODE_SIGN_IDENTITY = "iPhone Developer";
				INFOPLIST_FILE = "Derived/InfoPlists/CalendarScenesTests-Info.plist";
				IPHONEOS_DEPLOYMENT_TARGET = 16.0;
				LD_RUNPATH_SEARCH_PATHS = (
					"$(inherited)",
					"@executable_path/Frameworks",
					"@loader_path/Frameworks",
				);
				PRODUCT_BUNDLE_IDENTIFIER = com.sudo.park.CalendarScenesTests;
				PRODUCT_NAME = CalendarScenesTests;
				SDKROOT = iphoneos;
				SUPPORTS_MACCATALYST = NO;
				SUPPORTS_MAC_DESIGNED_FOR_IPHONE_IPAD = YES;
				SUPPORTS_XR_DESIGNED_FOR_IPHONE_IPAD = NO;
				SWIFT_COMPILATION_MODE = wholemodule;
				SWIFT_OPTIMIZATION_LEVEL = "-Owholemodule";
				SWIFT_VERSION = 5.0;
				TARGETED_DEVICE_FAMILY = 1;
			};
			name = Release;
		};
		9E2776EDE5D4F0FFE5C30A91 /* Release */ = {
			isa = XCBuildConfiguration;
			buildSettings = {
				CODE_SIGN_IDENTITY = "";
				CURRENT_PROJECT_VERSION = 1;
				DEFINES_MODULE = YES;
				DYLIB_COMPATIBILITY_VERSION = 1;
				DYLIB_CURRENT_VERSION = 1;
				DYLIB_INSTALL_NAME_BASE = "@rpath";
				INFOPLIST_FILE = "Derived/InfoPlists/CalendarScenes-Info.plist";
				INSTALL_PATH = "$(LOCAL_LIBRARY_DIR)/Frameworks";
				IPHONEOS_DEPLOYMENT_TARGET = 16.0;
				LD_RUNPATH_SEARCH_PATHS = (
					"$(inherited)",
					"@executable_path/Frameworks",
					"@loader_path/Frameworks",
				);
				PRODUCT_BUNDLE_IDENTIFIER = com.sudo.park.CalendarScenes;
				PRODUCT_NAME = CalendarScenes;
				SDKROOT = iphoneos;
				SKIP_INSTALL = YES;
				SUPPORTS_MACCATALYST = NO;
				SUPPORTS_MAC_DESIGNED_FOR_IPHONE_IPAD = YES;
				SUPPORTS_XR_DESIGNED_FOR_IPHONE_IPAD = NO;
				SWIFT_COMPILATION_MODE = wholemodule;
				SWIFT_OPTIMIZATION_LEVEL = "-Owholemodule";
				SWIFT_VERSION = 5.0;
				TARGETED_DEVICE_FAMILY = 1;
				VERSIONING_SYSTEM = "apple-generic";
				VERSION_INFO_PREFIX = "";
			};
			name = Release;
		};
		C589787EB649DEE956EE5E44 /* Debug */ = {
			isa = XCBuildConfiguration;
			buildSettings = {
				ALWAYS_SEARCH_USER_PATHS = NO;
				CLANG_ANALYZER_LOCALIZABILITY_NONLOCALIZED = YES;
				CLANG_ANALYZER_NONNULL = YES;
				CLANG_ANALYZER_NUMBER_OBJECT_CONVERSION = YES_AGGRESSIVE;
				CLANG_CXX_LANGUAGE_STANDARD = "gnu++14";
				CLANG_CXX_LIBRARY = "libc++";
				CLANG_ENABLE_MODULES = YES;
				CLANG_ENABLE_OBJC_ARC = YES;
				CLANG_ENABLE_OBJC_WEAK = YES;
				CLANG_WARN_BLOCK_CAPTURE_AUTORELEASING = YES;
				CLANG_WARN_BOOL_CONVERSION = YES;
				CLANG_WARN_COMMA = YES;
				CLANG_WARN_CONSTANT_CONVERSION = YES;
				CLANG_WARN_DEPRECATED_OBJC_IMPLEMENTATIONS = YES;
				CLANG_WARN_DIRECT_OBJC_ISA_USAGE = YES_ERROR;
				CLANG_WARN_DOCUMENTATION_COMMENTS = YES;
				CLANG_WARN_EMPTY_BODY = YES;
				CLANG_WARN_ENUM_CONVERSION = YES;
				CLANG_WARN_INFINITE_RECURSION = YES;
				CLANG_WARN_INT_CONVERSION = YES;
				CLANG_WARN_NON_LITERAL_NULL_CONVERSION = YES;
				CLANG_WARN_OBJC_IMPLICIT_RETAIN_SELF = YES;
				CLANG_WARN_OBJC_LITERAL_CONVERSION = YES;
				CLANG_WARN_OBJC_ROOT_CLASS = YES_ERROR;
				CLANG_WARN_QUOTED_INCLUDE_IN_FRAMEWORK_HEADER = YES;
				CLANG_WARN_RANGE_LOOP_ANALYSIS = YES;
				CLANG_WARN_STRICT_PROTOTYPES = YES;
				CLANG_WARN_SUSPICIOUS_MOVE = YES;
				CLANG_WARN_UNGUARDED_AVAILABILITY = YES_AGGRESSIVE;
				CLANG_WARN_UNREACHABLE_CODE = YES;
				CLANG_WARN__DUPLICATE_METHOD_MATCH = YES;
				COPY_PHASE_STRIP = NO;
				DEAD_CODE_STRIPPING = YES;
				DEBUG_INFORMATION_FORMAT = dwarf;
				ENABLE_STRICT_OBJC_MSGSEND = YES;
				ENABLE_TESTABILITY = YES;
				GCC_C_LANGUAGE_STANDARD = gnu11;
				GCC_DYNAMIC_NO_PIC = NO;
				GCC_NO_COMMON_BLOCKS = YES;
				GCC_OPTIMIZATION_LEVEL = 0;
				GCC_PREPROCESSOR_DEFINITIONS = (
					"DEBUG=1",
					"$(inherited)",
				);
				GCC_WARN_64_TO_32_BIT_CONVERSION = YES;
				GCC_WARN_ABOUT_RETURN_TYPE = YES_ERROR;
				GCC_WARN_UNDECLARED_SELECTOR = YES;
				GCC_WARN_UNINITIALIZED_AUTOS = YES_AGGRESSIVE;
				GCC_WARN_UNUSED_FUNCTION = YES;
				GCC_WARN_UNUSED_VARIABLE = YES;
				MTL_ENABLE_DEBUG_INFO = YES;
				ONLY_ACTIVE_ARCH = YES;
				PRODUCT_NAME = "$(TARGET_NAME)";
			};
			name = Debug;
		};
		E410E22340043CE426ADB04F /* Debug */ = {
			isa = XCBuildConfiguration;
			buildSettings = {
				CODE_SIGN_IDENTITY = "iPhone Developer";
				INFOPLIST_FILE = "Derived/InfoPlists/CalendarScenesTests-Info.plist";
				IPHONEOS_DEPLOYMENT_TARGET = 16.0;
				LD_RUNPATH_SEARCH_PATHS = (
					"$(inherited)",
					"@executable_path/Frameworks",
					"@loader_path/Frameworks",
				);
				PRODUCT_BUNDLE_IDENTIFIER = com.sudo.park.CalendarScenesTests;
				PRODUCT_NAME = CalendarScenesTests;
				SDKROOT = iphoneos;
				SUPPORTS_MACCATALYST = NO;
				SUPPORTS_MAC_DESIGNED_FOR_IPHONE_IPAD = YES;
				SUPPORTS_XR_DESIGNED_FOR_IPHONE_IPAD = NO;
				SWIFT_ACTIVE_COMPILATION_CONDITIONS = DEBUG;
				SWIFT_COMPILATION_MODE = singlefile;
				SWIFT_OPTIMIZATION_LEVEL = "-Onone";
				SWIFT_VERSION = 5.0;
				TARGETED_DEVICE_FAMILY = 1;
			};
			name = Debug;
		};
/* End XCBuildConfiguration section */

/* Begin XCConfigurationList section */
		60701E8837C461876C16BAB8 /* Build configuration list for PBXProject "CalendarScenes" */ = {
			isa = XCConfigurationList;
			buildConfigurations = (
				C589787EB649DEE956EE5E44 /* Debug */,
				40901B4C30C8A8E9E60E0AE3 /* Release */,
			);
			defaultConfigurationIsVisible = 0;
			defaultConfigurationName = Release;
		};
		A0C2E534EB8118064F1DDFC0 /* Build configuration list for PBXNativeTarget "CalendarScenesTests" */ = {
			isa = XCConfigurationList;
			buildConfigurations = (
				E410E22340043CE426ADB04F /* Debug */,
				44D8B06F37D6D8E1718E89E5 /* Release */,
			);
			defaultConfigurationIsVisible = 0;
			defaultConfigurationName = Release;
		};
		E06901482694DBEEF15C9C31 /* Build configuration list for PBXNativeTarget "CalendarScenes" */ = {
			isa = XCConfigurationList;
			buildConfigurations = (
				285705BC49CB1E486608D4DF /* Debug */,
				9E2776EDE5D4F0FFE5C30A91 /* Release */,
			);
			defaultConfigurationIsVisible = 0;
			defaultConfigurationName = Release;
		};
/* End XCConfigurationList section */
	};
	rootObject = 7F2FDEC51D1AE9B0F9547240 /* Project object */;
}
