// !$*UTF8*$!
{
	archiveVersion = 1;
	classes = {
	};
	objectVersion = 56;
	objects = {

/* Begin PBXBuildFile section */
		F626206E29F6D377004D0090 /* EventRepeatTimeEnumeratorTests.swift in Sources */ = {isa = PBXBuildFile; fileRef = F626206D29F6D377004D0090 /* EventRepeatTimeEnumeratorTests.swift */; };
		F62C7D6429EC31F500AF1BD8 /* EventRepeatTimeEnumerator.swift in Sources */ = {isa = PBXBuildFile; fileRef = F62C7D6329EC31F500AF1BD8 /* EventRepeatTimeEnumerator.swift */; };
		F632E21C29FF84A50052C61B /* ScheduleEventUsecase.swift in Sources */ = {isa = PBXBuildFile; fileRef = F632E21B29FF84A50052C61B /* ScheduleEventUsecase.swift */; };
		F632E21E29FF89C20052C61B /* ScheduleEventRepository.swift in Sources */ = {isa = PBXBuildFile; fileRef = F632E21D29FF89C20052C61B /* ScheduleEventRepository.swift */; };
		F632E22029FF8B6D0052C61B /* ScheduleEventUsecaseImpleTests.swift in Sources */ = {isa = PBXBuildFile; fileRef = F632E21F29FF8B6D0052C61B /* ScheduleEventUsecaseImpleTests.swift */; };
		F632E22229FF8BAF0052C61B /* StubScheduleEventRepository.swift in Sources */ = {isa = PBXBuildFile; fileRef = F632E22129FF8BAF0052C61B /* StubScheduleEventRepository.swift */; };
		F632E22429FF8F670052C61B /* MemorizedScheduleEventsContainer.swift in Sources */ = {isa = PBXBuildFile; fileRef = F632E22329FF8F670052C61B /* MemorizedScheduleEventsContainer.swift */; };
		F63C9BD729C6B00500CC663A /* Domain.framework in Frameworks */ = {isa = PBXBuildFile; fileRef = F63C9BCE29C6B00500CC663A /* Domain.framework */; };
		F63C9BDD29C6B00500CC663A /* Domain.h in Headers */ = {isa = PBXBuildFile; fileRef = F63C9BD129C6B00500CC663A /* Domain.h */; settings = {ATTRIBUTES = (Public, ); }; };
		F63C9CAB29C6DE7B00CC663A /* Common3rdParty.framework in Frameworks */ = {isa = PBXBuildFile; fileRef = F63C9CAA29C6DE7B00CC663A /* Common3rdParty.framework */; };
		F63C9CAF29C6DE8300CC663A /* Extensions.framework in Frameworks */ = {isa = PBXBuildFile; fileRef = F63C9CAE29C6DE8300CC663A /* Extensions.framework */; };
		F63C9CEC29C6E3A400CC663A /* TodoEvent.swift in Sources */ = {isa = PBXBuildFile; fileRef = F63C9CEB29C6E3A400CC663A /* TodoEvent.swift */; };
		F63C9CEE29C6E5BF00CC663A /* ScheduleEvent.swift in Sources */ = {isa = PBXBuildFile; fileRef = F63C9CED29C6E5BF00CC663A /* ScheduleEvent.swift */; };
		F63C9CF129C6E66700CC663A /* EventTag.swift in Sources */ = {isa = PBXBuildFile; fileRef = F63C9CF029C6E66700CC663A /* EventTag.swift */; };
		F63C9CF929C6F51F00CC663A /* Times.swift in Sources */ = {isa = PBXBuildFile; fileRef = F63C9CF829C6F51F00CC663A /* Times.swift */; };
		F63C9D0029C8A60F00CC663A /* TodoEventUsecase.swift in Sources */ = {isa = PBXBuildFile; fileRef = F63C9CFF29C8A60F00CC663A /* TodoEventUsecase.swift */; };
		F63C9D0529C8A8C900CC663A /* TodoEventRepository.swift in Sources */ = {isa = PBXBuildFile; fileRef = F63C9D0429C8A8C900CC663A /* TodoEventRepository.swift */; };
		F63C9D0B29CC993900CC663A /* SharedDataStore.swift in Sources */ = {isa = PBXBuildFile; fileRef = F63C9D0A29CC993900CC663A /* SharedDataStore.swift */; };
		F63C9D1129CCB2EB00CC663A /* SharedDataStoreTests.swift in Sources */ = {isa = PBXBuildFile; fileRef = F63C9D1029CCB2EB00CC663A /* SharedDataStoreTests.swift */; };
		F63C9D1329CCB44400CC663A /* UnitTestHelpKit.framework in Frameworks */ = {isa = PBXBuildFile; fileRef = F63C9D1229CCB44400CC663A /* UnitTestHelpKit.framework */; };
		F63C9D1529CCB45400CC663A /* Common3rdParty.framework in Frameworks */ = {isa = PBXBuildFile; fileRef = F63C9D1429CCB45400CC663A /* Common3rdParty.framework */; };
		F65B08E029CFF9FF000EE650 /* EventRepeating.swift in Sources */ = {isa = PBXBuildFile; fileRef = F65B08DF29CFF9FF000EE650 /* EventRepeating.swift */; };
		F65B08E229CFFAEB000EE650 /* EventTime.swift in Sources */ = {isa = PBXBuildFile; fileRef = F65B08E129CFFAEB000EE650 /* EventTime.swift */; };
		F65B08E629D005E4000EE650 /* DoneTodoEvent.swift in Sources */ = {isa = PBXBuildFile; fileRef = F65B08E529D005E4000EE650 /* DoneTodoEvent.swift */; };
		F65B08ED29D0140C000EE650 /* TodoEventUsecaseImpleTests.swift in Sources */ = {isa = PBXBuildFile; fileRef = F65B08EC29D0140C000EE650 /* TodoEventUsecaseImpleTests.swift */; };
		F65B08F029D01448000EE650 /* StubTodoEventRepository.swift in Sources */ = {isa = PBXBuildFile; fileRef = F65B08EF29D01448000EE650 /* StubTodoEventRepository.swift */; };
		F65B08F229D014E9000EE650 /* Dummies.swift in Sources */ = {isa = PBXBuildFile; fileRef = F65B08F129D014E9000EE650 /* Dummies.swift */; };
		F65B08F429D015F0000EE650 /* Extensions.framework in Frameworks */ = {isa = PBXBuildFile; fileRef = F65B08F329D015F0000EE650 /* Extensions.framework */; };
		F6EFD8DC29FFE8660088FCB4 /* MemorizedScheduleEventsContainerTests.swift in Sources */ = {isa = PBXBuildFile; fileRef = F6EFD8DB29FFE8660088FCB4 /* MemorizedScheduleEventsContainerTests.swift */; };
/* End PBXBuildFile section */

/* Begin PBXContainerItemProxy section */
		F63C9BD829C6B00500CC663A /* PBXContainerItemProxy */ = {
			isa = PBXContainerItemProxy;
			containerPortal = F63C9BC529C6B00500CC663A /* Project object */;
			proxyType = 1;
			remoteGlobalIDString = F63C9BCD29C6B00500CC663A;
			remoteInfo = Domain;
		};
/* End PBXContainerItemProxy section */

/* Begin PBXFileReference section */
		F626206D29F6D377004D0090 /* EventRepeatTimeEnumeratorTests.swift */ = {isa = PBXFileReference; lastKnownFileType = sourcecode.swift; path = EventRepeatTimeEnumeratorTests.swift; sourceTree = "<group>"; };
		F62C7D6329EC31F500AF1BD8 /* EventRepeatTimeEnumerator.swift */ = {isa = PBXFileReference; lastKnownFileType = sourcecode.swift; path = EventRepeatTimeEnumerator.swift; sourceTree = "<group>"; };
		F632E21B29FF84A50052C61B /* ScheduleEventUsecase.swift */ = {isa = PBXFileReference; lastKnownFileType = sourcecode.swift; path = ScheduleEventUsecase.swift; sourceTree = "<group>"; };
		F632E21D29FF89C20052C61B /* ScheduleEventRepository.swift */ = {isa = PBXFileReference; lastKnownFileType = sourcecode.swift; path = ScheduleEventRepository.swift; sourceTree = "<group>"; };
		F632E21F29FF8B6D0052C61B /* ScheduleEventUsecaseImpleTests.swift */ = {isa = PBXFileReference; lastKnownFileType = sourcecode.swift; path = ScheduleEventUsecaseImpleTests.swift; sourceTree = "<group>"; };
		F632E22129FF8BAF0052C61B /* StubScheduleEventRepository.swift */ = {isa = PBXFileReference; lastKnownFileType = sourcecode.swift; path = StubScheduleEventRepository.swift; sourceTree = "<group>"; };
		F632E22329FF8F670052C61B /* MemorizedScheduleEventsContainer.swift */ = {isa = PBXFileReference; lastKnownFileType = sourcecode.swift; path = MemorizedScheduleEventsContainer.swift; sourceTree = "<group>"; };
		F63C9BCE29C6B00500CC663A /* Domain.framework */ = {isa = PBXFileReference; explicitFileType = wrapper.framework; includeInIndex = 0; path = Domain.framework; sourceTree = BUILT_PRODUCTS_DIR; };
		F63C9BD129C6B00500CC663A /* Domain.h */ = {isa = PBXFileReference; lastKnownFileType = sourcecode.c.h; path = Domain.h; sourceTree = "<group>"; };
		F63C9BD629C6B00500CC663A /* DomainTests.xctest */ = {isa = PBXFileReference; explicitFileType = wrapper.cfbundle; includeInIndex = 0; path = DomainTests.xctest; sourceTree = BUILT_PRODUCTS_DIR; };
		F63C9CAA29C6DE7B00CC663A /* Common3rdParty.framework */ = {isa = PBXFileReference; explicitFileType = wrapper.framework; path = Common3rdParty.framework; sourceTree = BUILT_PRODUCTS_DIR; };
		F63C9CAE29C6DE8300CC663A /* Extensions.framework */ = {isa = PBXFileReference; explicitFileType = wrapper.framework; path = Extensions.framework; sourceTree = BUILT_PRODUCTS_DIR; };
		F63C9CEB29C6E3A400CC663A /* TodoEvent.swift */ = {isa = PBXFileReference; lastKnownFileType = sourcecode.swift; path = TodoEvent.swift; sourceTree = "<group>"; };
		F63C9CED29C6E5BF00CC663A /* ScheduleEvent.swift */ = {isa = PBXFileReference; lastKnownFileType = sourcecode.swift; path = ScheduleEvent.swift; sourceTree = "<group>"; };
		F63C9CF029C6E66700CC663A /* EventTag.swift */ = {isa = PBXFileReference; lastKnownFileType = sourcecode.swift; path = EventTag.swift; sourceTree = "<group>"; };
		F63C9CF829C6F51F00CC663A /* Times.swift */ = {isa = PBXFileReference; lastKnownFileType = sourcecode.swift; path = Times.swift; sourceTree = "<group>"; };
		F63C9CFF29C8A60F00CC663A /* TodoEventUsecase.swift */ = {isa = PBXFileReference; lastKnownFileType = sourcecode.swift; path = TodoEventUsecase.swift; sourceTree = "<group>"; };
		F63C9D0429C8A8C900CC663A /* TodoEventRepository.swift */ = {isa = PBXFileReference; lastKnownFileType = sourcecode.swift; path = TodoEventRepository.swift; sourceTree = "<group>"; };
		F63C9D0A29CC993900CC663A /* SharedDataStore.swift */ = {isa = PBXFileReference; lastKnownFileType = sourcecode.swift; path = SharedDataStore.swift; sourceTree = "<group>"; };
		F63C9D1029CCB2EB00CC663A /* SharedDataStoreTests.swift */ = {isa = PBXFileReference; lastKnownFileType = sourcecode.swift; path = SharedDataStoreTests.swift; sourceTree = "<group>"; };
		F63C9D1229CCB44400CC663A /* UnitTestHelpKit.framework */ = {isa = PBXFileReference; explicitFileType = wrapper.framework; path = UnitTestHelpKit.framework; sourceTree = BUILT_PRODUCTS_DIR; };
		F63C9D1429CCB45400CC663A /* Common3rdParty.framework */ = {isa = PBXFileReference; explicitFileType = wrapper.framework; path = Common3rdParty.framework; sourceTree = BUILT_PRODUCTS_DIR; };
		F65B08DF29CFF9FF000EE650 /* EventRepeating.swift */ = {isa = PBXFileReference; lastKnownFileType = sourcecode.swift; path = EventRepeating.swift; sourceTree = "<group>"; };
		F65B08E129CFFAEB000EE650 /* EventTime.swift */ = {isa = PBXFileReference; lastKnownFileType = sourcecode.swift; path = EventTime.swift; sourceTree = "<group>"; };
		F65B08E529D005E4000EE650 /* DoneTodoEvent.swift */ = {isa = PBXFileReference; lastKnownFileType = sourcecode.swift; path = DoneTodoEvent.swift; sourceTree = "<group>"; };
		F65B08EC29D0140C000EE650 /* TodoEventUsecaseImpleTests.swift */ = {isa = PBXFileReference; lastKnownFileType = sourcecode.swift; path = TodoEventUsecaseImpleTests.swift; sourceTree = "<group>"; };
		F65B08EF29D01448000EE650 /* StubTodoEventRepository.swift */ = {isa = PBXFileReference; lastKnownFileType = sourcecode.swift; path = StubTodoEventRepository.swift; sourceTree = "<group>"; };
		F65B08F129D014E9000EE650 /* Dummies.swift */ = {isa = PBXFileReference; lastKnownFileType = sourcecode.swift; path = Dummies.swift; sourceTree = "<group>"; };
		F65B08F329D015F0000EE650 /* Extensions.framework */ = {isa = PBXFileReference; explicitFileType = wrapper.framework; path = Extensions.framework; sourceTree = BUILT_PRODUCTS_DIR; };
		F6EFD8DB29FFE8660088FCB4 /* MemorizedScheduleEventsContainerTests.swift */ = {isa = PBXFileReference; lastKnownFileType = sourcecode.swift; path = MemorizedScheduleEventsContainerTests.swift; sourceTree = "<group>"; };
/* End PBXFileReference section */

/* Begin PBXFrameworksBuildPhase section */
		F63C9BCB29C6B00500CC663A /* Frameworks */ = {
			isa = PBXFrameworksBuildPhase;
			buildActionMask = 2147483647;
			files = (
				F63C9CAF29C6DE8300CC663A /* Extensions.framework in Frameworks */,
				F63C9CAB29C6DE7B00CC663A /* Common3rdParty.framework in Frameworks */,
			);
			runOnlyForDeploymentPostprocessing = 0;
		};
		F63C9BD329C6B00500CC663A /* Frameworks */ = {
			isa = PBXFrameworksBuildPhase;
			buildActionMask = 2147483647;
			files = (
				F65B08F429D015F0000EE650 /* Extensions.framework in Frameworks */,
				F63C9D1529CCB45400CC663A /* Common3rdParty.framework in Frameworks */,
				F63C9D1329CCB44400CC663A /* UnitTestHelpKit.framework in Frameworks */,
				F63C9BD729C6B00500CC663A /* Domain.framework in Frameworks */,
			);
			runOnlyForDeploymentPostprocessing = 0;
		};
/* End PBXFrameworksBuildPhase section */

/* Begin PBXGroup section */
		F602B30729E2EE7E00F790B5 /* Models */ = {
			isa = PBXGroup;
			children = (
			);
			path = Models;
			sourceTree = "<group>";
		};
		F63C9BC429C6B00500CC663A = {
			isa = PBXGroup;
			children = (
				F63C9BD029C6B00500CC663A /* Domain */,
				F63C9BDA29C6B00500CC663A /* DomainTests */,
				F63C9BCF29C6B00500CC663A /* Products */,
				F63C9CA929C6DE7B00CC663A /* Frameworks */,
			);
			sourceTree = "<group>";
		};
		F63C9BCF29C6B00500CC663A /* Products */ = {
			isa = PBXGroup;
			children = (
				F63C9BCE29C6B00500CC663A /* Domain.framework */,
				F63C9BD629C6B00500CC663A /* DomainTests.xctest */,
			);
			name = Products;
			sourceTree = "<group>";
		};
		F63C9BD029C6B00500CC663A /* Domain */ = {
			isa = PBXGroup;
			children = (
				F63C9CEA29C6E14400CC663A /* Models */,
				F63C9CFE29C8A5C800CC663A /* Usecases */,
				F63C9D0329C8A88200CC663A /* Repositories */,
				F63C9D0929CA087A00CC663A /* Utils */,
				F63C9BD129C6B00500CC663A /* Domain.h */,
			);
			path = Domain;
			sourceTree = "<group>";
		};
		F63C9BDA29C6B00500CC663A /* DomainTests */ = {
			isa = PBXGroup;
			children = (
				F65B08EE29D0143D000EE650 /* Doubles */,
				F602B30729E2EE7E00F790B5 /* Models */,
				F65B08EB29D013E1000EE650 /* Usecases */,
				F63C9D0C29CCA44D00CC663A /* Utils */,
			);
			path = DomainTests;
			sourceTree = "<group>";
		};
		F63C9CA929C6DE7B00CC663A /* Frameworks */ = {
			isa = PBXGroup;
			children = (
				F65B08F329D015F0000EE650 /* Extensions.framework */,
				F63C9D1429CCB45400CC663A /* Common3rdParty.framework */,
				F63C9D1229CCB44400CC663A /* UnitTestHelpKit.framework */,
				F63C9CAE29C6DE8300CC663A /* Extensions.framework */,
				F63C9CAA29C6DE7B00CC663A /* Common3rdParty.framework */,
			);
			name = Frameworks;
			sourceTree = "<group>";
		};
		F63C9CEA29C6E14400CC663A /* Models */ = {
			isa = PBXGroup;
			children = (
				F63C9CF729C6F51300CC663A /* Times */,
				F63C9D0629C9F63C00CC663A /* Events */,
			);
			path = Models;
			sourceTree = "<group>";
		};
		F63C9CEF29C6E60800CC663A /* Todo */ = {
			isa = PBXGroup;
			children = (
				F63C9CEB29C6E3A400CC663A /* TodoEvent.swift */,
				F65B08E529D005E4000EE650 /* DoneTodoEvent.swift */,
			);
			path = Todo;
			sourceTree = "<group>";
		};
		F63C9CF629C6F35000CC663A /* Schedule */ = {
			isa = PBXGroup;
			children = (
				F63C9CED29C6E5BF00CC663A /* ScheduleEvent.swift */,
			);
			path = Schedule;
			sourceTree = "<group>";
		};
		F63C9CF729C6F51300CC663A /* Times */ = {
			isa = PBXGroup;
			children = (
				F63C9CF829C6F51F00CC663A /* Times.swift */,
			);
			path = Times;
			sourceTree = "<group>";
		};
		F63C9CFE29C8A5C800CC663A /* Usecases */ = {
			isa = PBXGroup;
			children = (
				F6EFD8DA29FFE84C0088FCB4 /* Events */,
			);
			path = Usecases;
			sourceTree = "<group>";
		};
		F63C9D0329C8A88200CC663A /* Repositories */ = {
			isa = PBXGroup;
			children = (
				F63C9D0429C8A8C900CC663A /* TodoEventRepository.swift */,
				F632E21D29FF89C20052C61B /* ScheduleEventRepository.swift */,
			);
			path = Repositories;
			sourceTree = "<group>";
		};
		F63C9D0629C9F63C00CC663A /* Events */ = {
			isa = PBXGroup;
			children = (
				F63C9CF029C6E66700CC663A /* EventTag.swift */,
				F65B08E129CFFAEB000EE650 /* EventTime.swift */,
				F65B08DF29CFF9FF000EE650 /* EventRepeating.swift */,
				F63C9CEF29C6E60800CC663A /* Todo */,
				F63C9CF629C6F35000CC663A /* Schedule */,
			);
			path = Events;
			sourceTree = "<group>";
		};
		F63C9D0929CA087A00CC663A /* Utils */ = {
			isa = PBXGroup;
			children = (
				F63C9D0A29CC993900CC663A /* SharedDataStore.swift */,
			);
			path = Utils;
			sourceTree = "<group>";
		};
		F63C9D0C29CCA44D00CC663A /* Utils */ = {
			isa = PBXGroup;
			children = (
				F63C9D1029CCB2EB00CC663A /* SharedDataStoreTests.swift */,
			);
			path = Utils;
			sourceTree = "<group>";
		};
		F65B08EB29D013E1000EE650 /* Usecases */ = {
			isa = PBXGroup;
			children = (
				F626206D29F6D377004D0090 /* EventRepeatTimeEnumeratorTests.swift */,
				F65B08EC29D0140C000EE650 /* TodoEventUsecaseImpleTests.swift */,
				F632E21F29FF8B6D0052C61B /* ScheduleEventUsecaseImpleTests.swift */,
				F6EFD8DB29FFE8660088FCB4 /* MemorizedScheduleEventsContainerTests.swift */,
			);
			path = Usecases;
			sourceTree = "<group>";
		};
		F65B08EE29D0143D000EE650 /* Doubles */ = {
			isa = PBXGroup;
			children = (
				F65B08F129D014E9000EE650 /* Dummies.swift */,
				F65B08EF29D01448000EE650 /* StubTodoEventRepository.swift */,
				F632E22129FF8BAF0052C61B /* StubScheduleEventRepository.swift */,
			);
			path = Doubles;
			sourceTree = "<group>";
		};
		F6EFD8DA29FFE84C0088FCB4 /* Events */ = {
			isa = PBXGroup;
			children = (
				F632E22329FF8F670052C61B /* MemorizedScheduleEventsContainer.swift */,
				F62C7D6329EC31F500AF1BD8 /* EventRepeatTimeEnumerator.swift */,
				F63C9CFF29C8A60F00CC663A /* TodoEventUsecase.swift */,
				F632E21B29FF84A50052C61B /* ScheduleEventUsecase.swift */,
			);
			path = Events;
			sourceTree = "<group>";
		};
/* End PBXGroup section */

/* Begin PBXHeadersBuildPhase section */
		F63C9BC929C6B00500CC663A /* Headers */ = {
			isa = PBXHeadersBuildPhase;
			buildActionMask = 2147483647;
			files = (
				F63C9BDD29C6B00500CC663A /* Domain.h in Headers */,
			);
			runOnlyForDeploymentPostprocessing = 0;
		};
/* End PBXHeadersBuildPhase section */

/* Begin PBXNativeTarget section */
		F63C9BCD29C6B00500CC663A /* Domain */ = {
			isa = PBXNativeTarget;
			buildConfigurationList = F63C9BE029C6B00500CC663A /* Build configuration list for PBXNativeTarget "Domain" */;
			buildPhases = (
				F63C9BC929C6B00500CC663A /* Headers */,
				F63C9BCA29C6B00500CC663A /* Sources */,
				F63C9BCB29C6B00500CC663A /* Frameworks */,
				F63C9BCC29C6B00500CC663A /* Resources */,
			);
			buildRules = (
			);
			dependencies = (
			);
			name = Domain;
			productName = Domain;
			productReference = F63C9BCE29C6B00500CC663A /* Domain.framework */;
			productType = "com.apple.product-type.framework";
		};
		F63C9BD529C6B00500CC663A /* DomainTests */ = {
			isa = PBXNativeTarget;
			buildConfigurationList = F63C9BE329C6B00500CC663A /* Build configuration list for PBXNativeTarget "DomainTests" */;
			buildPhases = (
				F63C9BD229C6B00500CC663A /* Sources */,
				F63C9BD329C6B00500CC663A /* Frameworks */,
				F63C9BD429C6B00500CC663A /* Resources */,
			);
			buildRules = (
			);
			dependencies = (
				F63C9BD929C6B00500CC663A /* PBXTargetDependency */,
			);
			name = DomainTests;
			productName = DomainTests;
			productReference = F63C9BD629C6B00500CC663A /* DomainTests.xctest */;
			productType = "com.apple.product-type.bundle.unit-test";
		};
/* End PBXNativeTarget section */

/* Begin PBXProject section */
		F63C9BC529C6B00500CC663A /* Project object */ = {
			isa = PBXProject;
			attributes = {
				BuildIndependentTargetsInParallel = 1;
				LastSwiftUpdateCheck = 1420;
				LastUpgradeCheck = 1420;
				TargetAttributes = {
					F63C9BCD29C6B00500CC663A = {
						CreatedOnToolsVersion = 14.2;
						LastSwiftMigration = 1420;
					};
					F63C9BD529C6B00500CC663A = {
						CreatedOnToolsVersion = 14.2;
					};
				};
			};
			buildConfigurationList = F63C9BC829C6B00500CC663A /* Build configuration list for PBXProject "Domain" */;
			compatibilityVersion = "Xcode 14.0";
			developmentRegion = en;
			hasScannedForEncodings = 0;
			knownRegions = (
				en,
				Base,
			);
			mainGroup = F63C9BC429C6B00500CC663A;
			productRefGroup = F63C9BCF29C6B00500CC663A /* Products */;
			projectDirPath = "";
			projectRoot = "";
			targets = (
				F63C9BCD29C6B00500CC663A /* Domain */,
				F63C9BD529C6B00500CC663A /* DomainTests */,
			);
		};
/* End PBXProject section */

/* Begin PBXResourcesBuildPhase section */
		F63C9BCC29C6B00500CC663A /* Resources */ = {
			isa = PBXResourcesBuildPhase;
			buildActionMask = 2147483647;
			files = (
			);
			runOnlyForDeploymentPostprocessing = 0;
		};
		F63C9BD429C6B00500CC663A /* Resources */ = {
			isa = PBXResourcesBuildPhase;
			buildActionMask = 2147483647;
			files = (
			);
			runOnlyForDeploymentPostprocessing = 0;
		};
/* End PBXResourcesBuildPhase section */

/* Begin PBXSourcesBuildPhase section */
		F63C9BCA29C6B00500CC663A /* Sources */ = {
			isa = PBXSourcesBuildPhase;
			buildActionMask = 2147483647;
			files = (
				F65B08E029CFF9FF000EE650 /* EventRepeating.swift in Sources */,
				F632E21E29FF89C20052C61B /* ScheduleEventRepository.swift in Sources */,
				F65B08E229CFFAEB000EE650 /* EventTime.swift in Sources */,
				F65B08E629D005E4000EE650 /* DoneTodoEvent.swift in Sources */,
				F63C9CEC29C6E3A400CC663A /* TodoEvent.swift in Sources */,
				F63C9CEE29C6E5BF00CC663A /* ScheduleEvent.swift in Sources */,
				F632E22429FF8F670052C61B /* MemorizedScheduleEventsContainer.swift in Sources */,
				F63C9CF129C6E66700CC663A /* EventTag.swift in Sources */,
				F63C9D0029C8A60F00CC663A /* TodoEventUsecase.swift in Sources */,
				F62C7D6429EC31F500AF1BD8 /* EventRepeatTimeEnumerator.swift in Sources */,
				F63C9D0529C8A8C900CC663A /* TodoEventRepository.swift in Sources */,
				F632E21C29FF84A50052C61B /* ScheduleEventUsecase.swift in Sources */,
				F63C9D0B29CC993900CC663A /* SharedDataStore.swift in Sources */,
				F63C9CF929C6F51F00CC663A /* Times.swift in Sources */,
			);
			runOnlyForDeploymentPostprocessing = 0;
		};
		F63C9BD229C6B00500CC663A /* Sources */ = {
			isa = PBXSourcesBuildPhase;
			buildActionMask = 2147483647;
			files = (
				F626206E29F6D377004D0090 /* EventRepeatTimeEnumeratorTests.swift in Sources */,
				F63C9D1129CCB2EB00CC663A /* SharedDataStoreTests.swift in Sources */,
				F6EFD8DC29FFE8660088FCB4 /* MemorizedScheduleEventsContainerTests.swift in Sources */,
				F65B08ED29D0140C000EE650 /* TodoEventUsecaseImpleTests.swift in Sources */,
				F632E22229FF8BAF0052C61B /* StubScheduleEventRepository.swift in Sources */,
				F632E22029FF8B6D0052C61B /* ScheduleEventUsecaseImpleTests.swift in Sources */,
				F65B08F029D01448000EE650 /* StubTodoEventRepository.swift in Sources */,
				F65B08F229D014E9000EE650 /* Dummies.swift in Sources */,
			);
			runOnlyForDeploymentPostprocessing = 0;
		};
/* End PBXSourcesBuildPhase section */

/* Begin PBXTargetDependency section */
		F63C9BD929C6B00500CC663A /* PBXTargetDependency */ = {
			isa = PBXTargetDependency;
			target = F63C9BCD29C6B00500CC663A /* Domain */;
			targetProxy = F63C9BD829C6B00500CC663A /* PBXContainerItemProxy */;
		};
/* End PBXTargetDependency section */

/* Begin XCBuildConfiguration section */
		F63C9BDE29C6B00500CC663A /* Debug */ = {
			isa = XCBuildConfiguration;
			buildSettings = {
				ALWAYS_SEARCH_USER_PATHS = NO;
				CLANG_ANALYZER_NONNULL = YES;
				CLANG_ANALYZER_NUMBER_OBJECT_CONVERSION = YES_AGGRESSIVE;
				CLANG_CXX_LANGUAGE_STANDARD = "gnu++20";
				CLANG_ENABLE_MODULES = YES;
				CLANG_ENABLE_OBJC_ARC = YES;
				CLANG_ENABLE_OBJC_WEAK = YES;
				CLANG_WARN_BLOCK_CAPTURE_AUTORELEASING = YES;
				CLANG_WARN_BOOL_CONVERSION = YES;
				CLANG_WARN_COMMA = YES;
				CLANG_WARN_CONSTANT_CONVERSION = YES;
				CLANG_WARN_DEPRECATED_OBJC_IMPLEMENTATIONS = YES;
				CLANG_WARN_DIRECT_OBJC_ISA_USAGE = YES_ERROR;
				CLANG_WARN_DOCUMENTATION_COMMENTS = YES;
				CLANG_WARN_EMPTY_BODY = YES;
				CLANG_WARN_ENUM_CONVERSION = YES;
				CLANG_WARN_INFINITE_RECURSION = YES;
				CLANG_WARN_INT_CONVERSION = YES;
				CLANG_WARN_NON_LITERAL_NULL_CONVERSION = YES;
				CLANG_WARN_OBJC_IMPLICIT_RETAIN_SELF = YES;
				CLANG_WARN_OBJC_LITERAL_CONVERSION = YES;
				CLANG_WARN_OBJC_ROOT_CLASS = YES_ERROR;
				CLANG_WARN_QUOTED_INCLUDE_IN_FRAMEWORK_HEADER = YES;
				CLANG_WARN_RANGE_LOOP_ANALYSIS = YES;
				CLANG_WARN_STRICT_PROTOTYPES = YES;
				CLANG_WARN_SUSPICIOUS_MOVE = YES;
				CLANG_WARN_UNGUARDED_AVAILABILITY = YES_AGGRESSIVE;
				CLANG_WARN_UNREACHABLE_CODE = YES;
				CLANG_WARN__DUPLICATE_METHOD_MATCH = YES;
				COPY_PHASE_STRIP = NO;
				CURRENT_PROJECT_VERSION = 1;
				DEBUG_INFORMATION_FORMAT = dwarf;
				ENABLE_STRICT_OBJC_MSGSEND = YES;
				ENABLE_TESTABILITY = YES;
				GCC_C_LANGUAGE_STANDARD = gnu11;
				GCC_DYNAMIC_NO_PIC = NO;
				GCC_NO_COMMON_BLOCKS = YES;
				GCC_OPTIMIZATION_LEVEL = 0;
				GCC_PREPROCESSOR_DEFINITIONS = (
					"DEBUG=1",
					"$(inherited)",
				);
				GCC_WARN_64_TO_32_BIT_CONVERSION = YES;
				GCC_WARN_ABOUT_RETURN_TYPE = YES_ERROR;
				GCC_WARN_UNDECLARED_SELECTOR = YES;
				GCC_WARN_UNINITIALIZED_AUTOS = YES_AGGRESSIVE;
				GCC_WARN_UNUSED_FUNCTION = YES;
				GCC_WARN_UNUSED_VARIABLE = YES;
				IPHONEOS_DEPLOYMENT_TARGET = 16.2;
				MTL_ENABLE_DEBUG_INFO = INCLUDE_SOURCE;
				MTL_FAST_MATH = YES;
				ONLY_ACTIVE_ARCH = YES;
				SDKROOT = iphoneos;
				SWIFT_ACTIVE_COMPILATION_CONDITIONS = DEBUG;
				SWIFT_OPTIMIZATION_LEVEL = "-Onone";
				VERSIONING_SYSTEM = "apple-generic";
				VERSION_INFO_PREFIX = "";
			};
			name = Debug;
		};
		F63C9BDF29C6B00500CC663A /* Release */ = {
			isa = XCBuildConfiguration;
			buildSettings = {
				ALWAYS_SEARCH_USER_PATHS = NO;
				CLANG_ANALYZER_NONNULL = YES;
				CLANG_ANALYZER_NUMBER_OBJECT_CONVERSION = YES_AGGRESSIVE;
				CLANG_CXX_LANGUAGE_STANDARD = "gnu++20";
				CLANG_ENABLE_MODULES = YES;
				CLANG_ENABLE_OBJC_ARC = YES;
				CLANG_ENABLE_OBJC_WEAK = YES;
				CLANG_WARN_BLOCK_CAPTURE_AUTORELEASING = YES;
				CLANG_WARN_BOOL_CONVERSION = YES;
				CLANG_WARN_COMMA = YES;
				CLANG_WARN_CONSTANT_CONVERSION = YES;
				CLANG_WARN_DEPRECATED_OBJC_IMPLEMENTATIONS = YES;
				CLANG_WARN_DIRECT_OBJC_ISA_USAGE = YES_ERROR;
				CLANG_WARN_DOCUMENTATION_COMMENTS = YES;
				CLANG_WARN_EMPTY_BODY = YES;
				CLANG_WARN_ENUM_CONVERSION = YES;
				CLANG_WARN_INFINITE_RECURSION = YES;
				CLANG_WARN_INT_CONVERSION = YES;
				CLANG_WARN_NON_LITERAL_NULL_CONVERSION = YES;
				CLANG_WARN_OBJC_IMPLICIT_RETAIN_SELF = YES;
				CLANG_WARN_OBJC_LITERAL_CONVERSION = YES;
				CLANG_WARN_OBJC_ROOT_CLASS = YES_ERROR;
				CLANG_WARN_QUOTED_INCLUDE_IN_FRAMEWORK_HEADER = YES;
				CLANG_WARN_RANGE_LOOP_ANALYSIS = YES;
				CLANG_WARN_STRICT_PROTOTYPES = YES;
				CLANG_WARN_SUSPICIOUS_MOVE = YES;
				CLANG_WARN_UNGUARDED_AVAILABILITY = YES_AGGRESSIVE;
				CLANG_WARN_UNREACHABLE_CODE = YES;
				CLANG_WARN__DUPLICATE_METHOD_MATCH = YES;
				COPY_PHASE_STRIP = NO;
				CURRENT_PROJECT_VERSION = 1;
				DEBUG_INFORMATION_FORMAT = "dwarf-with-dsym";
				ENABLE_NS_ASSERTIONS = NO;
				ENABLE_STRICT_OBJC_MSGSEND = YES;
				GCC_C_LANGUAGE_STANDARD = gnu11;
				GCC_NO_COMMON_BLOCKS = YES;
				GCC_WARN_64_TO_32_BIT_CONVERSION = YES;
				GCC_WARN_ABOUT_RETURN_TYPE = YES_ERROR;
				GCC_WARN_UNDECLARED_SELECTOR = YES;
				GCC_WARN_UNINITIALIZED_AUTOS = YES_AGGRESSIVE;
				GCC_WARN_UNUSED_FUNCTION = YES;
				GCC_WARN_UNUSED_VARIABLE = YES;
				IPHONEOS_DEPLOYMENT_TARGET = 16.2;
				MTL_ENABLE_DEBUG_INFO = NO;
				MTL_FAST_MATH = YES;
				SDKROOT = iphoneos;
				SWIFT_COMPILATION_MODE = wholemodule;
				SWIFT_OPTIMIZATION_LEVEL = "-O";
				VALIDATE_PRODUCT = YES;
				VERSIONING_SYSTEM = "apple-generic";
				VERSION_INFO_PREFIX = "";
			};
			name = Release;
		};
		F63C9BE129C6B00500CC663A /* Debug */ = {
			isa = XCBuildConfiguration;
			buildSettings = {
				CLANG_ENABLE_MODULES = YES;
				CODE_SIGN_STYLE = Automatic;
				CURRENT_PROJECT_VERSION = 1;
				DEFINES_MODULE = YES;
				DEVELOPMENT_TEAM = 2ABNASUGL6;
				DYLIB_COMPATIBILITY_VERSION = 1;
				DYLIB_CURRENT_VERSION = 1;
				DYLIB_INSTALL_NAME_BASE = "@rpath";
				GENERATE_INFOPLIST_FILE = YES;
				INFOPLIST_KEY_NSHumanReadableCopyright = "";
				INSTALL_PATH = "$(LOCAL_LIBRARY_DIR)/Frameworks";
				LD_RUNPATH_SEARCH_PATHS = (
					"$(inherited)",
					"@executable_path/Frameworks",
					"@loader_path/Frameworks",
				);
				MARKETING_VERSION = 1.0;
				PRODUCT_BUNDLE_IDENTIFIER = com.sudo.park.Domain;
				PRODUCT_NAME = "$(TARGET_NAME:c99extidentifier)";
				SKIP_INSTALL = YES;
				SWIFT_EMIT_LOC_STRINGS = YES;
				SWIFT_OPTIMIZATION_LEVEL = "-Onone";
				SWIFT_VERSION = 5.0;
				TARGETED_DEVICE_FAMILY = "1,2";
			};
			name = Debug;
		};
		F63C9BE229C6B00500CC663A /* Release */ = {
			isa = XCBuildConfiguration;
			buildSettings = {
				CLANG_ENABLE_MODULES = YES;
				CODE_SIGN_STYLE = Automatic;
				CURRENT_PROJECT_VERSION = 1;
				DEFINES_MODULE = YES;
				DEVELOPMENT_TEAM = 2ABNASUGL6;
				DYLIB_COMPATIBILITY_VERSION = 1;
				DYLIB_CURRENT_VERSION = 1;
				DYLIB_INSTALL_NAME_BASE = "@rpath";
				GENERATE_INFOPLIST_FILE = YES;
				INFOPLIST_KEY_NSHumanReadableCopyright = "";
				INSTALL_PATH = "$(LOCAL_LIBRARY_DIR)/Frameworks";
				LD_RUNPATH_SEARCH_PATHS = (
					"$(inherited)",
					"@executable_path/Frameworks",
					"@loader_path/Frameworks",
				);
				MARKETING_VERSION = 1.0;
				PRODUCT_BUNDLE_IDENTIFIER = com.sudo.park.Domain;
				PRODUCT_NAME = "$(TARGET_NAME:c99extidentifier)";
				SKIP_INSTALL = YES;
				SWIFT_EMIT_LOC_STRINGS = YES;
				SWIFT_VERSION = 5.0;
				TARGETED_DEVICE_FAMILY = "1,2";
			};
			name = Release;
		};
		F63C9BE429C6B00500CC663A /* Debug */ = {
			isa = XCBuildConfiguration;
			buildSettings = {
				ALWAYS_EMBED_SWIFT_STANDARD_LIBRARIES = YES;
				CODE_SIGN_STYLE = Automatic;
				CURRENT_PROJECT_VERSION = 1;
				DEVELOPMENT_TEAM = 2ABNASUGL6;
				GENERATE_INFOPLIST_FILE = YES;
				MARKETING_VERSION = 1.0;
				PRODUCT_BUNDLE_IDENTIFIER = com.sudo.park.DomainTests;
				PRODUCT_NAME = "$(TARGET_NAME)";
				SWIFT_EMIT_LOC_STRINGS = NO;
				SWIFT_VERSION = 5.0;
				TARGETED_DEVICE_FAMILY = "1,2";
			};
			name = Debug;
		};
		F63C9BE529C6B00500CC663A /* Release */ = {
			isa = XCBuildConfiguration;
			buildSettings = {
				ALWAYS_EMBED_SWIFT_STANDARD_LIBRARIES = YES;
				CODE_SIGN_STYLE = Automatic;
				CURRENT_PROJECT_VERSION = 1;
				DEVELOPMENT_TEAM = 2ABNASUGL6;
				GENERATE_INFOPLIST_FILE = YES;
				MARKETING_VERSION = 1.0;
				PRODUCT_BUNDLE_IDENTIFIER = com.sudo.park.DomainTests;
				PRODUCT_NAME = "$(TARGET_NAME)";
				SWIFT_EMIT_LOC_STRINGS = NO;
				SWIFT_VERSION = 5.0;
				TARGETED_DEVICE_FAMILY = "1,2";
			};
			name = Release;
		};
/* End XCBuildConfiguration section */

/* Begin XCConfigurationList section */
		F63C9BC829C6B00500CC663A /* Build configuration list for PBXProject "Domain" */ = {
			isa = XCConfigurationList;
			buildConfigurations = (
				F63C9BDE29C6B00500CC663A /* Debug */,
				F63C9BDF29C6B00500CC663A /* Release */,
			);
			defaultConfigurationIsVisible = 0;
			defaultConfigurationName = Release;
		};
		F63C9BE029C6B00500CC663A /* Build configuration list for PBXNativeTarget "Domain" */ = {
			isa = XCConfigurationList;
			buildConfigurations = (
				F63C9BE129C6B00500CC663A /* Debug */,
				F63C9BE229C6B00500CC663A /* Release */,
			);
			defaultConfigurationIsVisible = 0;
			defaultConfigurationName = Release;
		};
		F63C9BE329C6B00500CC663A /* Build configuration list for PBXNativeTarget "DomainTests" */ = {
			isa = XCConfigurationList;
			buildConfigurations = (
				F63C9BE429C6B00500CC663A /* Debug */,
				F63C9BE529C6B00500CC663A /* Release */,
			);
			defaultConfigurationIsVisible = 0;
			defaultConfigurationName = Release;
		};
/* End XCConfigurationList section */
	};
	rootObject = F63C9BC529C6B00500CC663A /* Project object */;
}
