<?xml version="1.0" encoding="UTF-8"?>
<Scheme
   LastUpgradeVersion = "1010"
   version = "1.3">
   <BuildAction
      parallelizeBuildables = "YES"
      buildImplicitDependencies = "YES">
      <BuildActionEntries>
         <BuildActionEntry
            buildForTesting = "YES"
            buildForRunning = "YES"
            buildForProfiling = "YES"
            buildForArchiving = "YES"
            buildForAnalyzing = "YES">
            <BuildableReference
               BuildableIdentifier = "primary"
               BlueprintIdentifier = "C411270D9867900A1E3F83CB"
               BuildableName = "CalendarScenes.framework"
               BlueprintName = "CalendarScenes"
               ReferencedContainer = "container:Presentations/CalendarScenes/CalendarScenes.xcodeproj">
            </BuildableReference>
         </BuildActionEntry>
         <BuildActionEntry
            buildForTesting = "YES"
            buildForRunning = "YES"
            buildForProfiling = "YES"
            buildForArchiving = "YES"
            buildForAnalyzing = "YES">
            <BuildableReference
               BuildableIdentifier = "primary"
               BlueprintIdentifier = "047FA6E5931A2A4371EEB620"
               BuildableName = "CalendarScenesTests.xctest"
               BlueprintName = "CalendarScenesTests"
               ReferencedContainer = "container:Presentations/CalendarScenes/CalendarScenes.xcodeproj">
            </BuildableReference>
         </BuildActionEntry>
         <BuildActionEntry
            buildForTesting = "YES"
            buildForRunning = "YES"
            buildForProfiling = "YES"
            buildForArchiving = "YES"
            buildForAnalyzing = "YES">
            <BuildableReference
               BuildableIdentifier = "primary"
               BlueprintIdentifier = "AE3303C809479D8DBFCA257A"
               BuildableName = "Common3rdParty.framework"
               BlueprintName = "Common3rdParty"
               ReferencedContainer = "container:Supports/Common3rdParty/Common3rdParty.xcodeproj">
            </BuildableReference>
         </BuildActionEntry>
         <BuildActionEntry
            buildForTesting = "YES"
            buildForRunning = "YES"
            buildForProfiling = "YES"
            buildForArchiving = "YES"
            buildForAnalyzing = "YES">
            <BuildableReference
               BuildableIdentifier = "primary"
               BlueprintIdentifier = "1137643073D82F7CC8155F8E"
               BuildableName = "CommonPresentation.framework"
               BlueprintName = "CommonPresentation"
               ReferencedContainer = "container:Presentations/CommonPresentation/CommonPresentation.xcodeproj">
            </BuildableReference>
         </BuildActionEntry>
         <BuildActionEntry
            buildForTesting = "YES"
            buildForRunning = "YES"
            buildForProfiling = "YES"
            buildForArchiving = "YES"
            buildForAnalyzing = "YES">
            <BuildableReference
               BuildableIdentifier = "primary"
               BlueprintIdentifier = "C538ACB2975E6B55AFA02B19"
               BuildableName = "Domain.framework"
               BlueprintName = "Domain"
               ReferencedContainer = "container:Domain/Domain.xcodeproj">
            </BuildableReference>
         </BuildActionEntry>
         <BuildActionEntry
            buildForTesting = "YES"
            buildForRunning = "YES"
            buildForProfiling = "YES"
            buildForArchiving = "YES"
            buildForAnalyzing = "YES">
            <BuildableReference
               BuildableIdentifier = "primary"
               BlueprintIdentifier = "7FBD2F22544C231784C1A4D5"
               BuildableName = "DomainTests.xctest"
               BlueprintName = "DomainTests"
               ReferencedContainer = "container:Domain/Domain.xcodeproj">
            </BuildableReference>
         </BuildActionEntry>
         <BuildActionEntry
            buildForTesting = "YES"
            buildForRunning = "YES"
            buildForProfiling = "YES"
            buildForArchiving = "YES"
            buildForAnalyzing = "YES">
            <BuildableReference
               BuildableIdentifier = "primary"
               BlueprintIdentifier = "105CD31AC2158620A2F4AE31"
               BuildableName = "EventDetailScene.framework"
               BlueprintName = "EventDetailScene"
               ReferencedContainer = "container:Presentations/EventDetailScene/EventDetailScene.xcodeproj">
            </BuildableReference>
         </BuildActionEntry>
         <BuildActionEntry
            buildForTesting = "YES"
            buildForRunning = "YES"
            buildForProfiling = "YES"
            buildForArchiving = "YES"
            buildForAnalyzing = "YES">
            <BuildableReference
               BuildableIdentifier = "primary"
               BlueprintIdentifier = "9A20AAE1CC1F7291567F811E"
               BuildableName = "EventDetailSceneTests.xctest"
               BlueprintName = "EventDetailSceneTests"
               ReferencedContainer = "container:Presentations/EventDetailScene/EventDetailScene.xcodeproj">
            </BuildableReference>
         </BuildActionEntry>
         <BuildActionEntry
            buildForTesting = "YES"
            buildForRunning = "YES"
            buildForProfiling = "YES"
            buildForArchiving = "YES"
            buildForAnalyzing = "YES">
            <BuildableReference
               BuildableIdentifier = "primary"
               BlueprintIdentifier = "29E11AD25B6ED45614120EEC"
               BuildableName = "Extensions.framework"
               BlueprintName = "Extensions"
               ReferencedContainer = "container:Supports/Extensions/Extensions.xcodeproj">
            </BuildableReference>
         </BuildActionEntry>
         <BuildActionEntry
            buildForTesting = "YES"
            buildForRunning = "YES"
            buildForProfiling = "YES"
            buildForArchiving = "YES"
            buildForAnalyzing = "YES">
            <BuildableReference
               BuildableIdentifier = "primary"
               BlueprintIdentifier = "3954E044B47416C4414C36CD"
               BuildableName = "ExtensionsTests.xctest"
               BlueprintName = "ExtensionsTests"
               ReferencedContainer = "container:Supports/Extensions/Extensions.xcodeproj">
            </BuildableReference>
         </BuildActionEntry>
         <BuildActionEntry
            buildForTesting = "YES"
            buildForRunning = "YES"
            buildForProfiling = "YES"
            buildForArchiving = "YES"
            buildForAnalyzing = "YES">
            <BuildableReference
               BuildableIdentifier = "primary"
               BlueprintIdentifier = "1D2AB1734E89DD04E08514BF"
               BuildableName = "Repository.framework"
               BlueprintName = "Repository"
               ReferencedContainer = "container:Repository/Repository.xcodeproj">
            </BuildableReference>
         </BuildActionEntry>
         <BuildActionEntry
            buildForTesting = "YES"
            buildForRunning = "YES"
            buildForProfiling = "YES"
            buildForArchiving = "YES"
            buildForAnalyzing = "YES">
            <BuildableReference
               BuildableIdentifier = "primary"
               BlueprintIdentifier = "E227DA11F88E56EFAEBAD447"
               BuildableName = "RepositoryTests.xctest"
               BlueprintName = "RepositoryTests"
               ReferencedContainer = "container:Repository/Repository.xcodeproj">
            </BuildableReference>
         </BuildActionEntry>
         <BuildActionEntry
            buildForTesting = "YES"
            buildForRunning = "YES"
            buildForProfiling = "YES"
            buildForArchiving = "YES"
            buildForAnalyzing = "YES">
            <BuildableReference
               BuildableIdentifier = "primary"
               BlueprintIdentifier = "EF2A980275EA5A3F4C57B51A"
               BuildableName = "Scenes.framework"
               BlueprintName = "Scenes"
               ReferencedContainer = "container:Presentations/Scenes/Scenes.xcodeproj">
            </BuildableReference>
         </BuildActionEntry>
         <BuildActionEntry
            buildForTesting = "YES"
            buildForRunning = "YES"
            buildForProfiling = "YES"
            buildForArchiving = "YES"
            buildForAnalyzing = "YES">
            <BuildableReference
               BuildableIdentifier = "primary"
               BlueprintIdentifier = "3C18C0ACE0B79316B021AE4A"
               BuildableName = "SettingScene.framework"
               BlueprintName = "SettingScene"
               ReferencedContainer = "container:Presentations/SettingScene/SettingScene.xcodeproj">
            </BuildableReference>
         </BuildActionEntry>
         <BuildActionEntry
            buildForTesting = "YES"
            buildForRunning = "YES"
            buildForProfiling = "YES"
            buildForArchiving = "YES"
            buildForAnalyzing = "YES">
            <BuildableReference
               BuildableIdentifier = "primary"
               BlueprintIdentifier = "8970AA2456FAA8C473F8D0FE"
               BuildableName = "SettingSceneTests.xctest"
               BlueprintName = "SettingSceneTests"
               ReferencedContainer = "container:Presentations/SettingScene/SettingScene.xcodeproj">
            </BuildableReference>
         </BuildActionEntry>
         <BuildActionEntry
            buildForTesting = "YES"
            buildForRunning = "YES"
            buildForProfiling = "YES"
            buildForArchiving = "YES"
            buildForAnalyzing = "YES">
            <BuildableReference
               BuildableIdentifier = "primary"
               BlueprintIdentifier = "6DE57CFDB207375552CAFA3F"
               BuildableName = "TestDoubles.framework"
               BlueprintName = "TestDoubles"
               ReferencedContainer = "container:Supports/TestDoubles/TestDoubles.xcodeproj">
            </BuildableReference>
         </BuildActionEntry>
         <BuildActionEntry
            buildForTesting = "YES"
            buildForRunning = "YES"
            buildForProfiling = "YES"
            buildForArchiving = "YES"
            buildForAnalyzing = "YES">
            <BuildableReference
               BuildableIdentifier = "primary"
               BlueprintIdentifier = "92D144B274F6E0BF2DC7A3A8"
               BuildableName = "TodoCalendarApp.app"
               BlueprintName = "TodoCalendarApp"
               ReferencedContainer = "container:TodoCalendarApp/TodoCalendarApp.xcodeproj">
            </BuildableReference>
         </BuildActionEntry>
         <BuildActionEntry
            buildForTesting = "YES"
            buildForRunning = "YES"
            buildForProfiling = "YES"
            buildForArchiving = "YES"
            buildForAnalyzing = "YES">
            <BuildableReference
               BuildableIdentifier = "primary"
               BlueprintIdentifier = "04659D6CA87E786C24B7A1A5"
               BuildableName = "TodoCalendarAppTests.xctest"
               BlueprintName = "TodoCalendarAppTests"
               ReferencedContainer = "container:TodoCalendarApp/TodoCalendarApp.xcodeproj">
            </BuildableReference>
         </BuildActionEntry>
         <BuildActionEntry
            buildForTesting = "YES"
            buildForRunning = "YES"
            buildForProfiling = "YES"
            buildForArchiving = "YES"
            buildForAnalyzing = "YES">
            <BuildableReference
               BuildableIdentifier = "primary"
               BlueprintIdentifier = "06D38148D597BEDB1E7606C6"
               BuildableName = "UnitTestHelpKit.framework"
               BlueprintName = "UnitTestHelpKit"
               ReferencedContainer = "container:Supports/UnitTestHelpKit/UnitTestHelpKit.xcodeproj">
            </BuildableReference>
         </BuildActionEntry>
         <BuildActionEntry
            buildForTesting = "YES"
            buildForRunning = "YES"
            buildForProfiling = "YES"
            buildForArchiving = "YES"
            buildForAnalyzing = "YES">
            <BuildableReference
               BuildableIdentifier = "primary"
               BlueprintIdentifier = "04A33EC78FB05E2BF7543A20"
               BuildableName = "UnitTestHelpKitTests.xctest"
               BlueprintName = "UnitTestHelpKitTests"
               ReferencedContainer = "container:Supports/UnitTestHelpKit/UnitTestHelpKit.xcodeproj">
            </BuildableReference>
         </BuildActionEntry>
      </BuildActionEntries>
   </BuildAction>
   <TestAction
      buildConfiguration = "Debug"
      selectedDebuggerIdentifier = "Xcode.DebuggerFoundation.Debugger.LLDB"
      selectedLauncherIdentifier = "Xcode.DebuggerFoundation.Launcher.LLDB"
      shouldUseLaunchSchemeArgsEnv = "YES">
      <Testables>
         <TestableReference
            skipped = "NO">
            <BuildableReference
               BuildableIdentifier = "primary"
               BlueprintIdentifier = "047FA6E5931A2A4371EEB620"
               BuildableName = "CalendarScenesTests.xctest"
               BlueprintName = "CalendarScenesTests"
               ReferencedContainer = "container:Presentations/CalendarScenes/CalendarScenes.xcodeproj">
            </BuildableReference>
         </TestableReference>
         <TestableReference
            skipped = "NO">
            <BuildableReference
               BuildableIdentifier = "primary"
               BlueprintIdentifier = "7FBD2F22544C231784C1A4D5"
               BuildableName = "DomainTests.xctest"
               BlueprintName = "DomainTests"
               ReferencedContainer = "container:Domain/Domain.xcodeproj">
            </BuildableReference>
         </TestableReference>
         <TestableReference
            skipped = "NO">
            <BuildableReference
               BuildableIdentifier = "primary"
               BlueprintIdentifier = "9A20AAE1CC1F7291567F811E"
               BuildableName = "EventDetailSceneTests.xctest"
               BlueprintName = "EventDetailSceneTests"
               ReferencedContainer = "container:Presentations/EventDetailScene/EventDetailScene.xcodeproj">
            </BuildableReference>
         </TestableReference>
         <TestableReference
            skipped = "NO">
            <BuildableReference
               BuildableIdentifier = "primary"
               BlueprintIdentifier = "3954E044B47416C4414C36CD"
               BuildableName = "ExtensionsTests.xctest"
               BlueprintName = "ExtensionsTests"
               ReferencedContainer = "container:Supports/Extensions/Extensions.xcodeproj">
            </BuildableReference>
         </TestableReference>
         <TestableReference
            skipped = "NO">
            <BuildableReference
               BuildableIdentifier = "primary"
               BlueprintIdentifier = "E227DA11F88E56EFAEBAD447"
               BuildableName = "RepositoryTests.xctest"
               BlueprintName = "RepositoryTests"
               ReferencedContainer = "container:Repository/Repository.xcodeproj">
            </BuildableReference>
         </TestableReference>
         <TestableReference
            skipped = "NO">
            <BuildableReference
               BuildableIdentifier = "primary"
               BlueprintIdentifier = "8970AA2456FAA8C473F8D0FE"
               BuildableName = "SettingSceneTests.xctest"
               BlueprintName = "SettingSceneTests"
               ReferencedContainer = "container:Presentations/SettingScene/SettingScene.xcodeproj">
            </BuildableReference>
         </TestableReference>
         <TestableReference
            skipped = "NO">
            <BuildableReference
               BuildableIdentifier = "primary"
               BlueprintIdentifier = "04659D6CA87E786C24B7A1A5"
               BuildableName = "TodoCalendarAppTests.xctest"
               BlueprintName = "TodoCalendarAppTests"
               ReferencedContainer = "container:TodoCalendarApp/TodoCalendarApp.xcodeproj">
            </BuildableReference>
         </TestableReference>
         <TestableReference
            skipped = "NO">
            <BuildableReference
               BuildableIdentifier = "primary"
               BlueprintIdentifier = "04A33EC78FB05E2BF7543A20"
               BuildableName = "UnitTestHelpKitTests.xctest"
               BlueprintName = "UnitTestHelpKitTests"
               ReferencedContainer = "container:Supports/UnitTestHelpKit/UnitTestHelpKit.xcodeproj">
            </BuildableReference>
         </TestableReference>
      </Testables>
   </TestAction>
</Scheme>
